{
  "version": 4,
  "terraform_version": "1.2.2",
  "serial": 324,
  "lineage": "2b275427-fd7b-3d88-8388-cb8c691d236b",
  "outputs": {
    "cluster": {
      "value": {
        "arn": "arn:aws:eks:ap-northeast-2:594311320189:cluster/kkhdevs-cluster",
        "ca_cert": "LS0tLS1CRUdJTiBDRVJUSUZJQ0FURS0tLS0tCk1JSUM1ekNDQWMrZ0F3SUJBZ0lCQURBTkJna3Foa2lHOXcwQkFRc0ZBREFWTVJNd0VRWURWUVFERXdwcmRXSmwKY201bGRHVnpNQjRYRFRJeU1EWXlOREEyTVRZeU1Gb1hEVE15TURZeU1UQTJNVFl5TUZvd0ZURVRNQkVHQTFVRQpBeE1LYTNWaVpYSnVaWFJsY3pDQ0FTSXdEUVlKS29aSWh2Y05BUUVCQlFBRGdnRVBBRENDQVFvQ2dnRUJBTXlwCkdUa0s0M0piYmwxZktVRW03WXlOc3dvamFqR0pSdjkyMktjYllkQXpQWGgzb1dqamlMU0V1eHlZM0cwNXEzR0UKc0t0cUw4UGZ1d2U0R25MV1diUURkTEJSeW1qa1IxbXRLNVR4ejlVblE5bzI1YWExVzN5WStPSVRkUlczY2xheQpZQ0drQTIzQkswN05QWkQ3MFJlSU05dTgvUmgvR0tJNG5xQm5yYlZNRWZXR0Z6RDkwZTlPVC9hSGNwcGowOXJ1ClMwM0tDbG1LcHJRcVNhQ3hKbkQ5ZW1FOGQ3VWoyS0MrbjB2WkRsRTJ6emlhcUFkUElWaFFDVmk0WFgxT0ZGNVYKK3BEeDR5akFjb1ZYNlV6L0wxNWdDbFRDd0FNRFFNMGR6WlZXQlBIZkNMU2xZOTJQVWdEbGQ1MmxjWWVJbHNEUgo2bzhDV0ZnbGpGeUlCdUtiV1E4Q0F3RUFBYU5DTUVBd0RnWURWUjBQQVFIL0JBUURBZ0trTUE4R0ExVWRFd0VCCi93UUZNQU1CQWY4d0hRWURWUjBPQkJZRUZPb29ZRzVER0hYS3pNVHd1N3ppVmN0R0tHOGlNQTBHQ1NxR1NJYjMKRFFFQkN3VUFBNElCQVFEQ3BJOGlWdU53aytlNE1pTjViL0FBWDBDUVRoZytGTm5GR2xlbTl4MkVDVWNiK1lrbwphTEZsMjBRMFQ2aDNmUVR3REMwSWZiRm9hd3hpZU1YZnBQbGYzK3NCZzB6Q3VUcVRETEczaWNaeHVsRHMwbkVDCjA4My9qYzh0NHAzanpOWnlvRDRGdHY1elFWWHFtVzU2VVNvM09oQnpLZkxpUlVWTCtIWklqSXNOdHExUFE3enIKdk8ySWJjSlFrOG1jcFh0Y1MvQzRNWjhYK0IwTkg4TkgxRUV6OUdHWjJha2trYTlQZ2o2dHpFbVloTm1tZ0ZUNgoxaEhJSkdXUFpDL2F5cHNTVk0yNmVTSzRFZE5rZkMrLzBFK3ZPOTVUTVVrTDBGMjZMeitDTzNVOWp6REtXaWt0CmVDVnlWUFplMUFqTXphamw3YnRFYktOcHlGVlZsVStEeEZPQQotLS0tLUVORCBDRVJUSUZJQ0FURS0tLS0tCg==",
        "endpoint": "https://E72AA0163210BC0695D806127F5F1C62.gr7.ap-northeast-2.eks.amazonaws.com",
        "iam_roles": {
          "control_plane": {
            "arn": "arn:aws:iam::594311320189:role/eks-kkhdevs-cluster-control-plane",
            "description": "Role for the EKS cluster(kkhdevs-cluster) control plane",
            "effective_date": null,
            "expiration_date": null,
            "inline_policies": [],
            "instance_profile_arn": null,
            "instance_profile_name": null,
            "instance_profile_unique_id": null,
            "mfa_required": false,
            "mfa_ttl": 86400,
            "name": "eks-kkhdevs-cluster-control-plane",
            "policies": [
              "arn:aws:iam::aws:policy/AmazonEKSClusterPolicy",
              "arn:aws:iam::aws:policy/AmazonEKSVPCResourceController"
            ],
            "source_ip_blacklist": [],
            "source_ip_whitelist": [],
            "unique_id": "AROAYUX5XCJ64UFJRKEPD"
          },
          "fargate_profile": {
            "arn": "arn:aws:iam::594311320189:role/eks-kkhdevs-cluster-fargate-profile",
            "description": "Role for the EKS cluster(kkhdevs-cluster) Fargate profiles",
            "effective_date": null,
            "expiration_date": null,
            "inline_policies": [],
            "instance_profile_arn": null,
            "instance_profile_name": null,
            "instance_profile_unique_id": null,
            "mfa_required": false,
            "mfa_ttl": 86400,
            "name": "eks-kkhdevs-cluster-fargate-profile",
            "policies": [
              "arn:aws:iam::aws:policy/AmazonEKSFargatePodExecutionRolePolicy"
            ],
            "source_ip_blacklist": [],
            "source_ip_whitelist": [],
            "unique_id": "AROAYUX5XCJ65RLRIB5UO"
          },
          "node": {
            "arn": "arn:aws:iam::594311320189:role/eks-kkhdevs-cluster-node",
            "description": "Role for the EKS cluster(kkhdevs-cluster) nodes",
            "effective_date": null,
            "expiration_date": null,
            "inline_policies": [],
            "instance_profile_arn": "arn:aws:iam::594311320189:instance-profile/eks-kkhdevs-cluster-node",
            "instance_profile_name": "eks-kkhdevs-cluster-node",
            "instance_profile_unique_id": "AIPAYUX5XCJ636WTDEVNK",
            "mfa_required": false,
            "mfa_ttl": 86400,
            "name": "eks-kkhdevs-cluster-node",
            "policies": [
              "arn:aws:iam::aws:policy/AmazonEKSWorkerNodePolicy",
              "arn:aws:iam::aws:policy/AmazonEKS_CNI_Policy",
              "arn:aws:iam::aws:policy/AmazonEC2ContainerRegistryReadOnly"
            ],
            "source_ip_blacklist": [],
            "source_ip_whitelist": [],
            "unique_id": "AROAYUX5XCJ66WODNLXQO"
          }
        },
        "log_group_arn": "arn:aws:logs:ap-northeast-2:594311320189:log-group:/aws/eks/kkhdevs-cluster/cluster",
        "log_group_name": "/aws/eks/kkhdevs-cluster/cluster",
        "log_types": null,
        "name": "kkhdevs-cluster",
        "oidc_provider_arn": "arn:aws:iam::594311320189:oidc-provider/oidc.eks.ap-northeast-2.amazonaws.com/id/E72AA0163210BC0695D806127F5F1C62",
        "oidc_provider_url": "https://oidc.eks.ap-northeast-2.amazonaws.com/id/E72AA0163210BC0695D806127F5F1C62",
        "oidc_provider_urn": "oidc.eks.ap-northeast-2.amazonaws.com/id/E72AA0163210BC0695D806127F5F1C62",
        "platform_version": "eks.7",
        "security_group_ids": {
          "cluster": "sg-087e2be720c572c57",
          "control_plane": "sg-0ab0b3f7a075d2117",
          "node": "sg-08082abf20a87baa6",
          "pod": "sg-0d17f4f30f351416e"
        },
        "service_cidr": "172.20.0.0/16",
        "status": "ACTIVE",
        "subnet_ids": [
          "subnet-02613634833e85e8c",
          "subnet-05a73763c7b6cc1a6"
        ],
        "version": "1.21",
        "vpc_id": "vpc-08d97d7138f25344d"
      },
      "type": [
        "object",
        {
          "arn": "string",
          "ca_cert": "string",
          "endpoint": "string",
          "iam_roles": [
            "object",
            {
              "control_plane": [
                "object",
                {
                  "arn": "string",
                  "description": "string",
                  "effective_date": "string",
                  "expiration_date": "string",
                  "inline_policies": [
                    "list",
                    "string"
                  ],
                  "instance_profile_arn": "dynamic",
                  "instance_profile_name": "dynamic",
                  "instance_profile_unique_id": "dynamic",
                  "mfa_required": "bool",
                  "mfa_ttl": "number",
                  "name": "string",
                  "policies": [
                    "list",
                    "string"
                  ],
                  "source_ip_blacklist": [
                    "list",
                    "string"
                  ],
                  "source_ip_whitelist": [
                    "list",
                    "string"
                  ],
                  "unique_id": "string"
                }
              ],
              "fargate_profile": [
                "object",
                {
                  "arn": "string",
                  "description": "string",
                  "effective_date": "string",
                  "expiration_date": "string",
                  "inline_policies": [
                    "list",
                    "string"
                  ],
                  "instance_profile_arn": "dynamic",
                  "instance_profile_name": "dynamic",
                  "instance_profile_unique_id": "dynamic",
                  "mfa_required": "bool",
                  "mfa_ttl": "number",
                  "name": "string",
                  "policies": [
                    "list",
                    "string"
                  ],
                  "source_ip_blacklist": [
                    "list",
                    "string"
                  ],
                  "source_ip_whitelist": [
                    "list",
                    "string"
                  ],
                  "unique_id": "string"
                }
              ],
              "node": [
                "object",
                {
                  "arn": "string",
                  "description": "string",
                  "effective_date": "string",
                  "expiration_date": "string",
                  "inline_policies": [
                    "list",
                    "string"
                  ],
                  "instance_profile_arn": "string",
                  "instance_profile_name": "string",
                  "instance_profile_unique_id": "string",
                  "mfa_required": "bool",
                  "mfa_ttl": "number",
                  "name": "string",
                  "policies": [
                    "list",
                    "string"
                  ],
                  "source_ip_blacklist": [
                    "list",
                    "string"
                  ],
                  "source_ip_whitelist": [
                    "list",
                    "string"
                  ],
                  "unique_id": "string"
                }
              ]
            }
          ],
          "log_group_arn": "string",
          "log_group_name": "string",
          "log_types": [
            "set",
            "string"
          ],
          "name": "string",
          "oidc_provider_arn": "string",
          "oidc_provider_url": "string",
          "oidc_provider_urn": "string",
          "platform_version": "string",
          "security_group_ids": [
            "object",
            {
              "cluster": "string",
              "control_plane": "string",
              "node": "string",
              "pod": "string"
            }
          ],
          "service_cidr": "string",
          "status": "string",
          "subnet_ids": [
            "set",
            "string"
          ],
          "version": "string",
          "vpc_id": "string"
        }
      ]
    },
    "fargate_profiles": {
      "value": {
        "kkhdevs": {
          "arn": "arn:aws:eks:ap-northeast-2:594311320189:fargateprofile/kkhdevs-cluster/kkhdevs/04c0ca2f-9acf-cd38-87d7-276dea71e975",
          "cluster_name": "kkhdevs-cluster",
          "fargate_profile_name": "kkhdevs",
          "id": "kkhdevs-cluster:kkhdevs",
          "pod_execution_role_arn": "arn:aws:iam::594311320189:role/eks-kkhdevs-cluster-fargate-profile",
          "selector": [
            {
              "labels": {
                "eks.amazonaws.com/compute-type": "fargate"
              },
              "namespace": "fargate"
            }
          ],
          "status": "ACTIVE",
          "subnet_ids": [
            "subnet-091f97ea101c79421",
            "subnet-0d1daf7095cc5f26e"
          ],
          "tags": {
            "Name": "kkhdevs"
          },
          "tags_all": {
            "Name": "kkhdevs"
          },
          "timeouts": null
        }
      },
      "type": [
        "object",
        {
          "kkhdevs": [
            "object",
            {
              "arn": "string",
              "cluster_name": "string",
              "fargate_profile_name": "string",
              "id": "string",
              "pod_execution_role_arn": "string",
              "selector": [
                "set",
                [
                  "object",
                  {
                    "labels": [
                      "map",
                      "string"
                    ],
                    "namespace": "string"
                  }
                ]
              ],
              "status": "string",
              "subnet_ids": [
                "set",
                "string"
              ],
              "tags": [
                "map",
                "string"
              ],
              "tags_all": [
                "map",
                "string"
              ],
              "timeouts": [
                "object",
                {
                  "create": "string",
                  "delete": "string"
                }
              ]
            }
          ]
        }
      ]
    },
    "irsa": {
      "value": {
        "aws-load-balancer-controller": {
          "arn": "arn:aws:iam::594311320189:role/irsa-kkhdevs-cluster-addon-aws-load-balancer-controller",
          "description": "EKS IAM Role for Service Account of AWS LoadBalancer Controller Addon.",
          "effective_date": null,
          "expiration_date": null,
          "inline_policies": [
            "this"
          ],
          "mfa_required": false,
          "mfa_ttl": 86400,
          "name": "irsa-kkhdevs-cluster-addon-aws-load-balancer-controller",
          "policies": [],
          "source_ip_blacklist": [],
          "source_ip_whitelist": [],
          "unique_id": "AROAYUX5XCJ6367HYL2IF"
        },
        "irsa-test": {
          "arn": "arn:aws:iam::594311320189:role/irsa-kkhdevs-cluster-app-irsa-test",
          "description": "EKS IAM Role for Service Account of irsa-test app.",
          "effective_date": null,
          "expiration_date": null,
          "inline_policies": [
            "this"
          ],
          "mfa_required": false,
          "mfa_ttl": 86400,
          "name": "irsa-kkhdevs-cluster-app-irsa-test",
          "policies": [],
          "source_ip_blacklist": [],
          "source_ip_whitelist": [],
          "unique_id": "AROAYUX5XCJ675S2UVYNK"
        },
        "kubernetes-external-secrets": {
          "arn": "arn:aws:iam::594311320189:role/irsa-kkhdevs-cluster-addon-kubernetes-external-secrets",
          "description": "EKS IAM Role for Service Account of Kubernetes External Secrets.",
          "effective_date": null,
          "expiration_date": null,
          "inline_policies": [
            "this"
          ],
          "mfa_required": false,
          "mfa_ttl": 86400,
          "name": "irsa-kkhdevs-cluster-addon-kubernetes-external-secrets",
          "policies": [],
          "source_ip_blacklist": [],
          "source_ip_whitelist": [],
          "unique_id": "AROAYUX5XCJ6WIPCNBYEU"
        }
      },
      "type": [
        "object",
        {
          "aws-load-balancer-controller": [
            "object",
            {
              "arn": "string",
              "description": "string",
              "effective_date": "string",
              "expiration_date": "string",
              "inline_policies": [
                "list",
                "string"
              ],
              "mfa_required": "bool",
              "mfa_ttl": "number",
              "name": "string",
              "policies": [
                "list",
                "string"
              ],
              "source_ip_blacklist": [
                "list",
                "string"
              ],
              "source_ip_whitelist": [
                "list",
                "string"
              ],
              "unique_id": "string"
            }
          ],
          "irsa-test": [
            "object",
            {
              "arn": "string",
              "description": "string",
              "effective_date": "string",
              "expiration_date": "string",
              "inline_policies": [
                "list",
                "string"
              ],
              "mfa_required": "bool",
              "mfa_ttl": "number",
              "name": "string",
              "policies": [
                "list",
                "string"
              ],
              "source_ip_blacklist": [
                "list",
                "string"
              ],
              "source_ip_whitelist": [
                "list",
                "string"
              ],
              "unique_id": "string"
            }
          ],
          "kubernetes-external-secrets": [
            "object",
            {
              "arn": "string",
              "description": "string",
              "effective_date": "string",
              "expiration_date": "string",
              "inline_policies": [
                "list",
                "string"
              ],
              "mfa_required": "bool",
              "mfa_ttl": "number",
              "name": "string",
              "policies": [
                "list",
                "string"
              ],
              "source_ip_blacklist": [
                "list",
                "string"
              ],
              "source_ip_whitelist": [
                "list",
                "string"
              ],
              "unique_id": "string"
            }
          ]
        }
      ]
    },
    "latest_instance_ami": {
      "value": {
        "1.20": {
          "id": "ami-02233dfc62cdac445",
          "name": "amazon-eks-node-1.20-v20220620",
          "owner": "amazon"
        },
        "1.21": {
          "id": "ami-0f097219c2167ef10",
          "name": "amazon-eks-node-1.21-v20220620",
          "owner": "amazon"
        }
      },
      "type": [
        "object",
        {
          "1.20": [
            "object",
            {
              "id": "string",
              "name": "string",
              "owner": "string"
            }
          ],
          "1.21": [
            "object",
            {
              "id": "string",
              "name": "string",
              "owner": "string"
            }
          ]
        }
      ]
    },
    "node_groups": {
      "value": {
        "app": {
          "asg_arn": "arn:aws:autoscaling:ap-northeast-2:594311320189:autoScalingGroup:40aa7e63-fc1e-4316-85ec-ffeac629e909:autoScalingGroupName/kkhdevs-cluster-app-v1.21-2022062406212026250000000a",
          "asg_id": "kkhdevs-cluster-app-v1.21-2022062406212026250000000a",
          "asg_name": "kkhdevs-cluster-app-v1.21-2022062406212026250000000a",
          "desired_size": 2,
          "instance_ami": "ami-0073aeb06ceb4b0dc",
          "instance_profile": "eks-kkhdevs-cluster-node",
          "instance_ssh_key": "kkhdevs",
          "instance_type": "t3.small",
          "max_size": 2,
          "min_size": 1,
          "name": "kkhdevs-cluster-app-v1.21"
        }
      },
      "type": [
        "object",
        {
          "app": [
            "object",
            {
              "asg_arn": "string",
              "asg_id": "string",
              "asg_name": "string",
              "desired_size": "number",
              "instance_ami": "string",
              "instance_profile": "string",
              "instance_ssh_key": "string",
              "instance_type": "string",
              "max_size": "number",
              "min_size": "number",
              "name": "string"
            }
          ]
        }
      ]
    }
  },
  "resources": [
    {
      "mode": "data",
      "type": "aws_ami",
      "name": "latest",
      "provider": "provider[\"registry.terraform.io/hashicorp/aws\"]",
      "instances": [
        {
          "index_key": "1.20",
          "schema_version": 0,
          "attributes": {
            "architecture": "x86_64",
            "arn": "arn:aws:ec2:ap-northeast-2::image/ami-02233dfc62cdac445",
            "block_device_mappings": [
              {
                "device_name": "/dev/xvda",
                "ebs": {
                  "delete_on_termination": "true",
                  "encrypted": "false",
                  "iops": "0",
                  "snapshot_id": "snap-04c7670a6a2d50d72",
                  "throughput": "0",
                  "volume_size": "20",
                  "volume_type": "gp2"
                },
                "no_device": "",
                "virtual_name": ""
              }
            ],
            "creation_date": "2022-06-20T23:30:59.000Z",
            "description": "EKS Kubernetes Worker AMI with AmazonLinux2 image, (k8s: 1.20.15, docker: 20.10.13-2.amzn2, containerd: 1.4.13-3.amzn2)",
            "ena_support": true,
            "executable_users": null,
            "filter": [
              {
                "name": "name",
                "values": [
                  "amazon-eks-node-1.20-v*"
                ]
              }
            ],
            "hypervisor": "xen",
            "id": "ami-02233dfc62cdac445",
            "image_id": "ami-02233dfc62cdac445",
            "image_location": "amazon/amazon-eks-node-1.20-v20220620",
            "image_owner_alias": "amazon",
            "image_type": "machine",
            "kernel_id": null,
            "most_recent": true,
            "name": "amazon-eks-node-1.20-v20220620",
            "name_regex": null,
            "owner_id": "602401143452",
            "owners": [
              "602401143452"
            ],
            "platform": null,
            "platform_details": "Linux/UNIX",
            "product_codes": [],
            "public": true,
            "ramdisk_id": null,
            "root_device_name": "/dev/xvda",
            "root_device_type": "ebs",
            "root_snapshot_id": "snap-04c7670a6a2d50d72",
            "sriov_net_support": "simple",
            "state": "available",
            "state_reason": {
              "code": "UNSET",
              "message": "UNSET"
            },
            "tags": {},
            "usage_operation": "RunInstances",
            "virtualization_type": "hvm"
          },
          "sensitive_attributes": []
        },
        {
          "index_key": "1.21",
          "schema_version": 0,
          "attributes": {
            "architecture": "x86_64",
            "arn": "arn:aws:ec2:ap-northeast-2::image/ami-0f097219c2167ef10",
            "block_device_mappings": [
              {
                "device_name": "/dev/xvda",
                "ebs": {
                  "delete_on_termination": "true",
                  "encrypted": "false",
                  "iops": "0",
                  "snapshot_id": "snap-0ee84bed6b08fac9a",
                  "throughput": "0",
                  "volume_size": "20",
                  "volume_type": "gp2"
                },
                "no_device": "",
                "virtual_name": ""
              }
            ],
            "creation_date": "2022-06-20T23:30:59.000Z",
            "description": "EKS Kubernetes Worker AMI with AmazonLinux2 image, (k8s: 1.21.12, docker: 20.10.13-2.amzn2, containerd: 1.4.13-3.amzn2)",
            "ena_support": true,
            "executable_users": null,
            "filter": [
              {
                "name": "name",
                "values": [
                  "amazon-eks-node-1.21-v*"
                ]
              }
            ],
            "hypervisor": "xen",
            "id": "ami-0f097219c2167ef10",
            "image_id": "ami-0f097219c2167ef10",
            "image_location": "amazon/amazon-eks-node-1.21-v20220620",
            "image_owner_alias": "amazon",
            "image_type": "machine",
            "kernel_id": null,
            "most_recent": true,
            "name": "amazon-eks-node-1.21-v20220620",
            "name_regex": null,
            "owner_id": "602401143452",
            "owners": [
              "602401143452"
            ],
            "platform": null,
            "platform_details": "Linux/UNIX",
            "product_codes": [],
            "public": true,
            "ramdisk_id": null,
            "root_device_name": "/dev/xvda",
            "root_device_type": "ebs",
            "root_snapshot_id": "snap-0ee84bed6b08fac9a",
            "sriov_net_support": "simple",
            "state": "available",
            "state_reason": {
              "code": "UNSET",
              "message": "UNSET"
            },
            "tags": {},
            "usage_operation": "RunInstances",
            "virtualization_type": "hvm"
          },
          "sensitive_attributes": []
        }
      ]
    },
    {
      "mode": "data",
      "type": "aws_eks_cluster_auth",
      "name": "this",
      "provider": "provider[\"registry.terraform.io/hashicorp/aws\"]",
      "instances": [
        {
          "schema_version": 0,
          "attributes": {
            "id": "kkhdevs-cluster",
            "name": "kkhdevs-cluster",
            "token": "k8s-aws-v1.aHR0cHM6Ly9zdHMuYXAtbm9ydGhlYXN0LTIuYW1hem9uYXdzLmNvbS8_QWN0aW9uPUdldENhbGxlcklkZW50aXR5JlZlcnNpb249MjAxMS0wNi0xNSZYLUFtei1BbGdvcml0aG09QVdTNC1ITUFDLVNIQTI1NiZYLUFtei1DcmVkZW50aWFsPUFLSUFZVVg1WENKNlNOWElQRUhBJTJGMjAyMjA2MjQlMkZhcC1ub3J0aGVhc3QtMiUyRnN0cyUyRmF3czRfcmVxdWVzdCZYLUFtei1EYXRlPTIwMjIwNjI0VDA2MjExNlomWC1BbXotRXhwaXJlcz0wJlgtQW16LVNpZ25lZEhlYWRlcnM9aG9zdCUzQngtazhzLWF3cy1pZCZYLUFtei1TaWduYXR1cmU9OTk1OWZmMmJmYjg3NzFkOTY1NjA4YjE1NGI4ZWY5ZjllNTI3YjRiY2UyZGJiM2ZmNDNjNWMxYjQ0OTk2MjFlMQ"
          },
          "sensitive_attributes": []
        }
      ]
    },
    {
      "mode": "data",
      "type": "terraform_remote_state",
      "name": "network",
      "provider": "provider[\"terraform.io/builtin/terraform\"]",
      "instances": [
        {
          "schema_version": 0,
          "attributes": {
            "backend": "local",
            "config": {
              "value": {
                "path": "./../VPC/terraform.tfstate"
              },
              "type": [
                "object",
                {
                  "path": "string"
                }
              ]
            },
            "defaults": null,
            "outputs": {
              "value": {
                "subnet_groups": {
                  "private": {
                    "arns": [
                      "arn:aws:ec2:ap-northeast-2:594311320189:subnet/subnet-091f97ea101c79421",
                      "arn:aws:ec2:ap-northeast-2:594311320189:subnet/subnet-0d1daf7095cc5f26e"
                    ],
                    "availability_zone_ids": [
                      "apne2-az1",
                      "apne2-az2"
                    ],
                    "availability_zones": [
                      "ap-northeast-2a",
                      "ap-northeast-2b"
                    ],
                    "cache_subnet_group_id": null,
                    "cidr_blocks": [
                      "10.222.2.0/24",
                      "10.222.3.0/24"
                    ],
                    "dax_subnet_group_id": null,
                    "db_subnet_group_arn": null,
                    "db_subnet_group_id": null,
                    "dms_replication_subnet_group_id": null,
                    "docdb_subnet_group_arn": null,
                    "docdb_subnet_group_id": null,
                    "ids": [
                      "subnet-091f97ea101c79421",
                      "subnet-0d1daf7095cc5f26e"
                    ],
                    "ipv6_cidr_blocks": [],
                    "name": "kkhdevs-private",
                    "neptune_subnet_group_arn": null,
                    "neptune_subnet_group_id": null,
                    "redshift_subnet_group_arn": null,
                    "redshift_subnet_group_id": null,
                    "subnets": [
                      {
                        "arn": "arn:aws:ec2:ap-northeast-2:594311320189:subnet/subnet-091f97ea101c79421",
                        "assign_ipv6_address_on_creation": false,
                        "availability_zone": "ap-northeast-2a",
                        "availability_zone_id": "apne2-az1",
                        "cidr_block": "10.222.2.0/24",
                        "customer_owned_ipv4_pool": "",
                        "enable_dns64": false,
                        "enable_resource_name_dns_a_record_on_launch": false,
                        "enable_resource_name_dns_aaaa_record_on_launch": false,
                        "id": "subnet-091f97ea101c79421",
                        "ipv6_cidr_block": "",
                        "ipv6_cidr_block_association_id": "",
                        "ipv6_native": false,
                        "map_customer_owned_ip_on_launch": false,
                        "map_public_ip_on_launch": false,
                        "outpost_arn": "",
                        "owner_id": "594311320189",
                        "private_dns_hostname_type_on_launch": "ip-name",
                        "tags": {
                          "Name": "kkhdevs-private-001/az1",
                          "Owner": "kkhdevs",
                          "Project": "Network",
                          "module.terraform.io/full-name": "terraform-aws-network/subnet-group",
                          "module.terraform.io/instance": "kkhdevs-private",
                          "module.terraform.io/name": "subnet-group",
                          "module.terraform.io/package": "terraform-aws-network",
                          "module.terraform.io/version": "0.24.0"
                        },
                        "tags_all": {
                          "Name": "kkhdevs-private-001/az1",
                          "Owner": "kkhdevs",
                          "Project": "Network",
                          "module.terraform.io/full-name": "terraform-aws-network/subnet-group",
                          "module.terraform.io/instance": "kkhdevs-private",
                          "module.terraform.io/name": "subnet-group",
                          "module.terraform.io/package": "terraform-aws-network",
                          "module.terraform.io/version": "0.24.0"
                        },
                        "timeouts": null,
                        "vpc_id": "vpc-08d97d7138f25344d"
                      },
                      {
                        "arn": "arn:aws:ec2:ap-northeast-2:594311320189:subnet/subnet-0d1daf7095cc5f26e",
                        "assign_ipv6_address_on_creation": false,
                        "availability_zone": "ap-northeast-2b",
                        "availability_zone_id": "apne2-az2",
                        "cidr_block": "10.222.3.0/24",
                        "customer_owned_ipv4_pool": "",
                        "enable_dns64": false,
                        "enable_resource_name_dns_a_record_on_launch": false,
                        "enable_resource_name_dns_aaaa_record_on_launch": false,
                        "id": "subnet-0d1daf7095cc5f26e",
                        "ipv6_cidr_block": "",
                        "ipv6_cidr_block_association_id": "",
                        "ipv6_native": false,
                        "map_customer_owned_ip_on_launch": false,
                        "map_public_ip_on_launch": false,
                        "outpost_arn": "",
                        "owner_id": "594311320189",
                        "private_dns_hostname_type_on_launch": "ip-name",
                        "tags": {
                          "Name": "kkhdevs-private-002/az2",
                          "Owner": "kkhdevs",
                          "Project": "Network",
                          "module.terraform.io/full-name": "terraform-aws-network/subnet-group",
                          "module.terraform.io/instance": "kkhdevs-private",
                          "module.terraform.io/name": "subnet-group",
                          "module.terraform.io/package": "terraform-aws-network",
                          "module.terraform.io/version": "0.24.0"
                        },
                        "tags_all": {
                          "Name": "kkhdevs-private-002/az2",
                          "Owner": "kkhdevs",
                          "Project": "Network",
                          "module.terraform.io/full-name": "terraform-aws-network/subnet-group",
                          "module.terraform.io/instance": "kkhdevs-private",
                          "module.terraform.io/name": "subnet-group",
                          "module.terraform.io/package": "terraform-aws-network",
                          "module.terraform.io/version": "0.24.0"
                        },
                        "timeouts": null,
                        "vpc_id": "vpc-08d97d7138f25344d"
                      }
                    ],
                    "vpc_id": "vpc-08d97d7138f25344d"
                  },
                  "public": {
                    "arns": [
                      "arn:aws:ec2:ap-northeast-2:594311320189:subnet/subnet-05a73763c7b6cc1a6",
                      "arn:aws:ec2:ap-northeast-2:594311320189:subnet/subnet-02613634833e85e8c"
                    ],
                    "availability_zone_ids": [
                      "apne2-az1",
                      "apne2-az2"
                    ],
                    "availability_zones": [
                      "ap-northeast-2a",
                      "ap-northeast-2b"
                    ],
                    "cache_subnet_group_id": null,
                    "cidr_blocks": [
                      "10.222.0.0/24",
                      "10.222.1.0/24"
                    ],
                    "dax_subnet_group_id": null,
                    "db_subnet_group_arn": null,
                    "db_subnet_group_id": null,
                    "dms_replication_subnet_group_id": null,
                    "docdb_subnet_group_arn": null,
                    "docdb_subnet_group_id": null,
                    "ids": [
                      "subnet-05a73763c7b6cc1a6",
                      "subnet-02613634833e85e8c"
                    ],
                    "ipv6_cidr_blocks": [],
                    "name": "kkhdevs-public",
                    "neptune_subnet_group_arn": null,
                    "neptune_subnet_group_id": null,
                    "redshift_subnet_group_arn": null,
                    "redshift_subnet_group_id": null,
                    "subnets": [
                      {
                        "arn": "arn:aws:ec2:ap-northeast-2:594311320189:subnet/subnet-05a73763c7b6cc1a6",
                        "assign_ipv6_address_on_creation": false,
                        "availability_zone": "ap-northeast-2a",
                        "availability_zone_id": "apne2-az1",
                        "cidr_block": "10.222.0.0/24",
                        "customer_owned_ipv4_pool": "",
                        "enable_dns64": false,
                        "enable_resource_name_dns_a_record_on_launch": false,
                        "enable_resource_name_dns_aaaa_record_on_launch": false,
                        "id": "subnet-05a73763c7b6cc1a6",
                        "ipv6_cidr_block": "",
                        "ipv6_cidr_block_association_id": "",
                        "ipv6_native": false,
                        "map_customer_owned_ip_on_launch": false,
                        "map_public_ip_on_launch": true,
                        "outpost_arn": "",
                        "owner_id": "594311320189",
                        "private_dns_hostname_type_on_launch": "ip-name",
                        "tags": {
                          "Name": "kkhdevs-public-001/az1",
                          "Owner": "kkhdevs",
                          "Project": "Network",
                          "module.terraform.io/full-name": "terraform-aws-network/subnet-group",
                          "module.terraform.io/instance": "kkhdevs-public",
                          "module.terraform.io/name": "subnet-group",
                          "module.terraform.io/package": "terraform-aws-network",
                          "module.terraform.io/version": "0.24.0"
                        },
                        "tags_all": {
                          "Name": "kkhdevs-public-001/az1",
                          "Owner": "kkhdevs",
                          "Project": "Network",
                          "module.terraform.io/full-name": "terraform-aws-network/subnet-group",
                          "module.terraform.io/instance": "kkhdevs-public",
                          "module.terraform.io/name": "subnet-group",
                          "module.terraform.io/package": "terraform-aws-network",
                          "module.terraform.io/version": "0.24.0"
                        },
                        "timeouts": null,
                        "vpc_id": "vpc-08d97d7138f25344d"
                      },
                      {
                        "arn": "arn:aws:ec2:ap-northeast-2:594311320189:subnet/subnet-02613634833e85e8c",
                        "assign_ipv6_address_on_creation": false,
                        "availability_zone": "ap-northeast-2b",
                        "availability_zone_id": "apne2-az2",
                        "cidr_block": "10.222.1.0/24",
                        "customer_owned_ipv4_pool": "",
                        "enable_dns64": false,
                        "enable_resource_name_dns_a_record_on_launch": false,
                        "enable_resource_name_dns_aaaa_record_on_launch": false,
                        "id": "subnet-02613634833e85e8c",
                        "ipv6_cidr_block": "",
                        "ipv6_cidr_block_association_id": "",
                        "ipv6_native": false,
                        "map_customer_owned_ip_on_launch": false,
                        "map_public_ip_on_launch": true,
                        "outpost_arn": "",
                        "owner_id": "594311320189",
                        "private_dns_hostname_type_on_launch": "ip-name",
                        "tags": {
                          "Name": "kkhdevs-public-002/az2",
                          "Owner": "kkhdevs",
                          "Project": "Network",
                          "module.terraform.io/full-name": "terraform-aws-network/subnet-group",
                          "module.terraform.io/instance": "kkhdevs-public",
                          "module.terraform.io/name": "subnet-group",
                          "module.terraform.io/package": "terraform-aws-network",
                          "module.terraform.io/version": "0.24.0"
                        },
                        "tags_all": {
                          "Name": "kkhdevs-public-002/az2",
                          "Owner": "kkhdevs",
                          "Project": "Network",
                          "module.terraform.io/full-name": "terraform-aws-network/subnet-group",
                          "module.terraform.io/instance": "kkhdevs-public",
                          "module.terraform.io/name": "subnet-group",
                          "module.terraform.io/package": "terraform-aws-network",
                          "module.terraform.io/version": "0.24.0"
                        },
                        "timeouts": null,
                        "vpc_id": "vpc-08d97d7138f25344d"
                      }
                    ],
                    "vpc_id": "vpc-08d97d7138f25344d"
                  }
                },
                "vpc": {
                  "arn": "arn:aws:ec2:ap-northeast-2:594311320189:vpc/vpc-08d97d7138f25344d",
                  "cidr_block": "10.222.0.0/16",
                  "default_network_acl_id": "acl-01d7490dbd59aa7ba",
                  "default_route_table_id": "rtb-0c3ca14637666d14c",
                  "default_security_group_id": "sg-0654e297e8f6c6b8b",
                  "dhcp_options_arn": null,
                  "dhcp_options_enabled": false,
                  "dhcp_options_id": null,
                  "dns_dnssec_validation_enabled": false,
                  "dns_dnssec_validation_id": null,
                  "dns_hostnames_enabled": true,
                  "dns_support_enabled": true,
                  "egress_only_internet_gateway_enabled": false,
                  "egress_only_internet_gateway_id": null,
                  "id": "vpc-08d97d7138f25344d",
                  "instance_tenancy": "default",
                  "internet_gateway_arn": "arn:aws:ec2:ap-northeast-2:594311320189:internet-gateway/igw-0b137b31711e13fc9",
                  "internet_gateway_enabled": true,
                  "internet_gateway_id": "igw-0b137b31711e13fc9",
                  "ipv6_association_id": "",
                  "ipv6_cidr_block": "",
                  "main_route_table_id": "rtb-0c3ca14637666d14c",
                  "name": "kkhdevs",
                  "private_hosted_zones": [],
                  "secondary_cidr_blocks": [],
                  "vpn_gateway_arn": null,
                  "vpn_gateway_asn": null,
                  "vpn_gateway_enabled": false,
                  "vpn_gateway_id": null
                }
              },
              "type": [
                "object",
                {
                  "subnet_groups": [
                    "object",
                    {
                      "private": [
                        "object",
                        {
                          "arns": [
                            "tuple",
                            [
                              "string",
                              "string"
                            ]
                          ],
                          "availability_zone_ids": [
                            "list",
                            "string"
                          ],
                          "availability_zones": [
                            "list",
                            "string"
                          ],
                          "cache_subnet_group_id": "dynamic",
                          "cidr_blocks": [
                            "tuple",
                            [
                              "string",
                              "string"
                            ]
                          ],
                          "dax_subnet_group_id": "dynamic",
                          "db_subnet_group_arn": "dynamic",
                          "db_subnet_group_id": "dynamic",
                          "dms_replication_subnet_group_id": "dynamic",
                          "docdb_subnet_group_arn": "dynamic",
                          "docdb_subnet_group_id": "dynamic",
                          "ids": [
                            "tuple",
                            [
                              "string",
                              "string"
                            ]
                          ],
                          "ipv6_cidr_blocks": [
                            "list",
                            "string"
                          ],
                          "name": "string",
                          "neptune_subnet_group_arn": "dynamic",
                          "neptune_subnet_group_id": "dynamic",
                          "redshift_subnet_group_arn": "dynamic",
                          "redshift_subnet_group_id": "dynamic",
                          "subnets": [
                            "tuple",
                            [
                              [
                                "object",
                                {
                                  "arn": "string",
                                  "assign_ipv6_address_on_creation": "bool",
                                  "availability_zone": "string",
                                  "availability_zone_id": "string",
                                  "cidr_block": "string",
                                  "customer_owned_ipv4_pool": "string",
                                  "enable_dns64": "bool",
                                  "enable_resource_name_dns_a_record_on_launch": "bool",
                                  "enable_resource_name_dns_aaaa_record_on_launch": "bool",
                                  "id": "string",
                                  "ipv6_cidr_block": "string",
                                  "ipv6_cidr_block_association_id": "string",
                                  "ipv6_native": "bool",
                                  "map_customer_owned_ip_on_launch": "bool",
                                  "map_public_ip_on_launch": "bool",
                                  "outpost_arn": "string",
                                  "owner_id": "string",
                                  "private_dns_hostname_type_on_launch": "string",
                                  "tags": [
                                    "map",
                                    "string"
                                  ],
                                  "tags_all": [
                                    "map",
                                    "string"
                                  ],
                                  "timeouts": [
                                    "object",
                                    {
                                      "create": "string",
                                      "delete": "string"
                                    }
                                  ],
                                  "vpc_id": "string"
                                }
                              ],
                              [
                                "object",
                                {
                                  "arn": "string",
                                  "assign_ipv6_address_on_creation": "bool",
                                  "availability_zone": "string",
                                  "availability_zone_id": "string",
                                  "cidr_block": "string",
                                  "customer_owned_ipv4_pool": "string",
                                  "enable_dns64": "bool",
                                  "enable_resource_name_dns_a_record_on_launch": "bool",
                                  "enable_resource_name_dns_aaaa_record_on_launch": "bool",
                                  "id": "string",
                                  "ipv6_cidr_block": "string",
                                  "ipv6_cidr_block_association_id": "string",
                                  "ipv6_native": "bool",
                                  "map_customer_owned_ip_on_launch": "bool",
                                  "map_public_ip_on_launch": "bool",
                                  "outpost_arn": "string",
                                  "owner_id": "string",
                                  "private_dns_hostname_type_on_launch": "string",
                                  "tags": [
                                    "map",
                                    "string"
                                  ],
                                  "tags_all": [
                                    "map",
                                    "string"
                                  ],
                                  "timeouts": [
                                    "object",
                                    {
                                      "create": "string",
                                      "delete": "string"
                                    }
                                  ],
                                  "vpc_id": "string"
                                }
                              ]
                            ]
                          ],
                          "vpc_id": "string"
                        }
                      ],
                      "public": [
                        "object",
                        {
                          "arns": [
                            "tuple",
                            [
                              "string",
                              "string"
                            ]
                          ],
                          "availability_zone_ids": [
                            "list",
                            "string"
                          ],
                          "availability_zones": [
                            "list",
                            "string"
                          ],
                          "cache_subnet_group_id": "dynamic",
                          "cidr_blocks": [
                            "tuple",
                            [
                              "string",
                              "string"
                            ]
                          ],
                          "dax_subnet_group_id": "dynamic",
                          "db_subnet_group_arn": "dynamic",
                          "db_subnet_group_id": "dynamic",
                          "dms_replication_subnet_group_id": "dynamic",
                          "docdb_subnet_group_arn": "dynamic",
                          "docdb_subnet_group_id": "dynamic",
                          "ids": [
                            "tuple",
                            [
                              "string",
                              "string"
                            ]
                          ],
                          "ipv6_cidr_blocks": [
                            "list",
                            "string"
                          ],
                          "name": "string",
                          "neptune_subnet_group_arn": "dynamic",
                          "neptune_subnet_group_id": "dynamic",
                          "redshift_subnet_group_arn": "dynamic",
                          "redshift_subnet_group_id": "dynamic",
                          "subnets": [
                            "tuple",
                            [
                              [
                                "object",
                                {
                                  "arn": "string",
                                  "assign_ipv6_address_on_creation": "bool",
                                  "availability_zone": "string",
                                  "availability_zone_id": "string",
                                  "cidr_block": "string",
                                  "customer_owned_ipv4_pool": "string",
                                  "enable_dns64": "bool",
                                  "enable_resource_name_dns_a_record_on_launch": "bool",
                                  "enable_resource_name_dns_aaaa_record_on_launch": "bool",
                                  "id": "string",
                                  "ipv6_cidr_block": "string",
                                  "ipv6_cidr_block_association_id": "string",
                                  "ipv6_native": "bool",
                                  "map_customer_owned_ip_on_launch": "bool",
                                  "map_public_ip_on_launch": "bool",
                                  "outpost_arn": "string",
                                  "owner_id": "string",
                                  "private_dns_hostname_type_on_launch": "string",
                                  "tags": [
                                    "map",
                                    "string"
                                  ],
                                  "tags_all": [
                                    "map",
                                    "string"
                                  ],
                                  "timeouts": [
                                    "object",
                                    {
                                      "create": "string",
                                      "delete": "string"
                                    }
                                  ],
                                  "vpc_id": "string"
                                }
                              ],
                              [
                                "object",
                                {
                                  "arn": "string",
                                  "assign_ipv6_address_on_creation": "bool",
                                  "availability_zone": "string",
                                  "availability_zone_id": "string",
                                  "cidr_block": "string",
                                  "customer_owned_ipv4_pool": "string",
                                  "enable_dns64": "bool",
                                  "enable_resource_name_dns_a_record_on_launch": "bool",
                                  "enable_resource_name_dns_aaaa_record_on_launch": "bool",
                                  "id": "string",
                                  "ipv6_cidr_block": "string",
                                  "ipv6_cidr_block_association_id": "string",
                                  "ipv6_native": "bool",
                                  "map_customer_owned_ip_on_launch": "bool",
                                  "map_public_ip_on_launch": "bool",
                                  "outpost_arn": "string",
                                  "owner_id": "string",
                                  "private_dns_hostname_type_on_launch": "string",
                                  "tags": [
                                    "map",
                                    "string"
                                  ],
                                  "tags_all": [
                                    "map",
                                    "string"
                                  ],
                                  "timeouts": [
                                    "object",
                                    {
                                      "create": "string",
                                      "delete": "string"
                                    }
                                  ],
                                  "vpc_id": "string"
                                }
                              ]
                            ]
                          ],
                          "vpc_id": "string"
                        }
                      ]
                    }
                  ],
                  "vpc": [
                    "object",
                    {
                      "arn": "string",
                      "cidr_block": "string",
                      "default_network_acl_id": "string",
                      "default_route_table_id": "string",
                      "default_security_group_id": "string",
                      "dhcp_options_arn": "dynamic",
                      "dhcp_options_enabled": "bool",
                      "dhcp_options_id": "dynamic",
                      "dns_dnssec_validation_enabled": "bool",
                      "dns_dnssec_validation_id": "dynamic",
                      "dns_hostnames_enabled": "bool",
                      "dns_support_enabled": "bool",
                      "egress_only_internet_gateway_enabled": "bool",
                      "egress_only_internet_gateway_id": "dynamic",
                      "id": "string",
                      "instance_tenancy": "string",
                      "internet_gateway_arn": "string",
                      "internet_gateway_enabled": "bool",
                      "internet_gateway_id": "string",
                      "ipv6_association_id": "string",
                      "ipv6_cidr_block": "string",
                      "main_route_table_id": "string",
                      "name": "string",
                      "private_hosted_zones": [
                        "tuple",
                        []
                      ],
                      "secondary_cidr_blocks": [
                        "list",
                        "string"
                      ],
                      "vpn_gateway_arn": "dynamic",
                      "vpn_gateway_asn": "dynamic",
                      "vpn_gateway_enabled": "bool",
                      "vpn_gateway_id": "dynamic"
                    }
                  ]
                }
              ]
            },
            "workspace": null
          },
          "sensitive_attributes": []
        }
      ]
    },
    {
      "mode": "managed",
      "type": "aws_eks_fargate_profile",
      "name": "kkhdevs",
      "provider": "provider[\"registry.terraform.io/hashicorp/aws\"]",
      "instances": [
        {
          "schema_version": 0,
          "attributes": {
            "arn": "arn:aws:eks:ap-northeast-2:594311320189:fargateprofile/kkhdevs-cluster/kkhdevs/04c0ca2f-9acf-cd38-87d7-276dea71e975",
            "cluster_name": "kkhdevs-cluster",
            "fargate_profile_name": "kkhdevs",
            "id": "kkhdevs-cluster:kkhdevs",
            "pod_execution_role_arn": "arn:aws:iam::594311320189:role/eks-kkhdevs-cluster-fargate-profile",
            "selector": [
              {
                "labels": {
                  "eks.amazonaws.com/compute-type": "fargate"
                },
                "namespace": "fargate"
              }
            ],
            "status": "ACTIVE",
            "subnet_ids": [
              "subnet-091f97ea101c79421",
              "subnet-0d1daf7095cc5f26e"
            ],
            "tags": {
              "Name": "kkhdevs"
            },
            "tags_all": {
              "Name": "kkhdevs"
            },
            "timeouts": null
          },
          "sensitive_attributes": [],
          "private": "eyJlMmJmYjczMC1lY2FhLTExZTYtOGY4OC0zNDM2M2JjN2M0YzAiOnsiY3JlYXRlIjo2MDAwMDAwMDAwMDAsImRlbGV0ZSI6NjAwMDAwMDAwMDAwfX0=",
          "dependencies": [
            "data.terraform_remote_state.network",
            "module.cluster.aws_cloudwatch_log_group.this",
            "module.cluster.aws_eks_cluster.this",
            "module.cluster.data.aws_subnet.selected",
            "module.cluster.module.role__control_plane.aws_iam_instance_profile.this",
            "module.cluster.module.role__control_plane.aws_iam_role.this",
            "module.cluster.module.role__control_plane.aws_iam_role_policy.inline",
            "module.cluster.module.role__control_plane.aws_iam_role_policy_attachment.managed",
            "module.cluster.module.role__control_plane.aws_resourcegroups_group.this",
            "module.cluster.module.role__control_plane.data.aws_caller_identity.this",
            "module.cluster.module.role__control_plane.data.aws_iam_policy_document.assume_role",
            "module.cluster.module.role__control_plane.data.aws_iam_policy_document.trusted_iam_entities",
            "module.cluster.module.role__control_plane.data.aws_iam_policy_document.trusted_oidc_providers",
            "module.cluster.module.role__control_plane.data.aws_iam_policy_document.trusted_saml_providers",
            "module.cluster.module.role__control_plane.data.aws_iam_policy_document.trusted_services",
            "module.cluster.module.role__control_plane.data.aws_partition.this",
            "module.cluster.module.role__fargate_profile.aws_iam_instance_profile.this",
            "module.cluster.module.role__fargate_profile.aws_iam_role.this",
            "module.cluster.module.role__fargate_profile.aws_iam_role_policy.inline",
            "module.cluster.module.role__fargate_profile.aws_iam_role_policy_attachment.managed",
            "module.cluster.module.role__fargate_profile.aws_resourcegroups_group.this",
            "module.cluster.module.role__fargate_profile.data.aws_caller_identity.this",
            "module.cluster.module.role__fargate_profile.data.aws_iam_policy_document.assume_role",
            "module.cluster.module.role__fargate_profile.data.aws_iam_policy_document.trusted_iam_entities",
            "module.cluster.module.role__fargate_profile.data.aws_iam_policy_document.trusted_oidc_providers",
            "module.cluster.module.role__fargate_profile.data.aws_iam_policy_document.trusted_saml_providers",
            "module.cluster.module.role__fargate_profile.data.aws_iam_policy_document.trusted_services",
            "module.cluster.module.role__fargate_profile.data.aws_partition.this",
            "module.cluster.module.role__node.aws_iam_instance_profile.this",
            "module.cluster.module.role__node.aws_iam_role.this",
            "module.cluster.module.role__node.aws_iam_role_policy.inline",
            "module.cluster.module.role__node.aws_iam_role_policy_attachment.managed",
            "module.cluster.module.role__node.aws_resourcegroups_group.this",
            "module.cluster.module.role__node.data.aws_caller_identity.this",
            "module.cluster.module.role__node.data.aws_iam_policy_document.assume_role",
            "module.cluster.module.role__node.data.aws_iam_policy_document.trusted_iam_entities",
            "module.cluster.module.role__node.data.aws_iam_policy_document.trusted_oidc_providers",
            "module.cluster.module.role__node.data.aws_iam_policy_document.trusted_saml_providers",
            "module.cluster.module.role__node.data.aws_iam_policy_document.trusted_services",
            "module.cluster.module.role__node.data.aws_partition.this",
            "module.cluster.module.security_group__control_plane.aws_security_group.this"
          ]
        }
      ]
    },
    {
      "module": "module.aws_auth",
      "mode": "managed",
      "type": "kubernetes_config_map",
      "name": "this",
      "provider": "provider[\"registry.terraform.io/hashicorp/kubernetes\"]",
      "instances": [
        {
          "schema_version": 0,
          "attributes": {
            "binary_data": null,
            "data": {
              "mapAccounts": "[]\n",
              "mapRoles": "- \"groups\":\n  - \"system:bootstrappers\"\n  - \"system:nodes\"\n  \"rolearn\": \"arn:aws:iam::594311320189:role/eks-kkhdevs-cluster-node\"\n  \"username\": \"system:node:{{EC2PrivateDNSName}}\"\n- \"groups\":\n  - \"system:bootstrappers\"\n  - \"system:nodes\"\n  - \"system:node-proxier\"\n  \"rolearn\": \"arn:aws:iam::594311320189:role/eks-kkhdevs-cluster-fargate-profile\"\n  \"username\": \"system:node:{{SessionName}}\"\n",
              "mapUsers": "[]\n"
            },
            "id": "kube-system/aws-auth",
            "metadata": [
              {
                "annotations": null,
                "generate_name": "",
                "generation": 0,
                "labels": null,
                "name": "aws-auth",
                "namespace": "kube-system",
                "resource_version": "949",
                "self_link": "",
                "uid": "776428ae-267d-4478-b2fc-eec394453884"
              }
            ]
          },
          "sensitive_attributes": [],
          "private": "bnVsbA==",
          "dependencies": [
            "data.aws_eks_cluster_auth.this",
            "data.terraform_remote_state.network",
            "module.cluster.aws_cloudwatch_log_group.this",
            "module.cluster.aws_eks_cluster.this",
            "module.cluster.data.aws_subnet.selected",
            "module.cluster.module.role__control_plane.aws_iam_instance_profile.this",
            "module.cluster.module.role__control_plane.aws_iam_role.this",
            "module.cluster.module.role__control_plane.aws_iam_role_policy.inline",
            "module.cluster.module.role__control_plane.aws_iam_role_policy_attachment.managed",
            "module.cluster.module.role__control_plane.aws_resourcegroups_group.this",
            "module.cluster.module.role__control_plane.data.aws_caller_identity.this",
            "module.cluster.module.role__control_plane.data.aws_iam_policy_document.assume_role",
            "module.cluster.module.role__control_plane.data.aws_iam_policy_document.trusted_iam_entities",
            "module.cluster.module.role__control_plane.data.aws_iam_policy_document.trusted_oidc_providers",
            "module.cluster.module.role__control_plane.data.aws_iam_policy_document.trusted_saml_providers",
            "module.cluster.module.role__control_plane.data.aws_iam_policy_document.trusted_services",
            "module.cluster.module.role__control_plane.data.aws_partition.this",
            "module.cluster.module.role__fargate_profile.aws_iam_instance_profile.this",
            "module.cluster.module.role__fargate_profile.aws_iam_role.this",
            "module.cluster.module.role__fargate_profile.aws_iam_role_policy.inline",
            "module.cluster.module.role__fargate_profile.aws_iam_role_policy_attachment.managed",
            "module.cluster.module.role__fargate_profile.aws_resourcegroups_group.this",
            "module.cluster.module.role__fargate_profile.data.aws_caller_identity.this",
            "module.cluster.module.role__fargate_profile.data.aws_iam_policy_document.assume_role",
            "module.cluster.module.role__fargate_profile.data.aws_iam_policy_document.trusted_iam_entities",
            "module.cluster.module.role__fargate_profile.data.aws_iam_policy_document.trusted_oidc_providers",
            "module.cluster.module.role__fargate_profile.data.aws_iam_policy_document.trusted_saml_providers",
            "module.cluster.module.role__fargate_profile.data.aws_iam_policy_document.trusted_services",
            "module.cluster.module.role__fargate_profile.data.aws_partition.this",
            "module.cluster.module.role__node.aws_iam_instance_profile.this",
            "module.cluster.module.role__node.aws_iam_role.this",
            "module.cluster.module.role__node.aws_iam_role_policy.inline",
            "module.cluster.module.role__node.aws_iam_role_policy_attachment.managed",
            "module.cluster.module.role__node.aws_resourcegroups_group.this",
            "module.cluster.module.role__node.data.aws_caller_identity.this",
            "module.cluster.module.role__node.data.aws_iam_policy_document.assume_role",
            "module.cluster.module.role__node.data.aws_iam_policy_document.trusted_iam_entities",
            "module.cluster.module.role__node.data.aws_iam_policy_document.trusted_oidc_providers",
            "module.cluster.module.role__node.data.aws_iam_policy_document.trusted_saml_providers",
            "module.cluster.module.role__node.data.aws_iam_policy_document.trusted_services",
            "module.cluster.module.role__node.data.aws_partition.this",
            "module.cluster.module.security_group__control_plane.aws_security_group.this"
          ]
        }
      ]
    },
    {
      "module": "module.cluster",
      "mode": "data",
      "type": "aws_subnet",
      "name": "selected",
      "provider": "provider[\"registry.terraform.io/hashicorp/aws\"]",
      "instances": [
        {
          "schema_version": 0,
          "attributes": {
            "arn": "arn:aws:ec2:ap-northeast-2:594311320189:subnet/subnet-05a73763c7b6cc1a6",
            "assign_ipv6_address_on_creation": false,
            "availability_zone": "ap-northeast-2a",
            "availability_zone_id": "apne2-az1",
            "available_ip_address_count": 251,
            "cidr_block": "10.222.0.0/24",
            "customer_owned_ipv4_pool": "",
            "default_for_az": false,
            "enable_dns64": false,
            "enable_resource_name_dns_a_record_on_launch": false,
            "enable_resource_name_dns_aaaa_record_on_launch": false,
            "filter": null,
            "id": "subnet-05a73763c7b6cc1a6",
            "ipv6_cidr_block": "",
            "ipv6_cidr_block_association_id": "",
            "ipv6_native": false,
            "map_customer_owned_ip_on_launch": false,
            "map_public_ip_on_launch": true,
            "outpost_arn": "",
            "owner_id": "594311320189",
            "private_dns_hostname_type_on_launch": "ip-name",
            "state": "available",
            "tags": {
              "Name": "kkhdevs-public-001/az1",
              "Owner": "kkhdevs",
              "Project": "Network",
              "module.terraform.io/full-name": "terraform-aws-network/subnet-group",
              "module.terraform.io/instance": "kkhdevs-public",
              "module.terraform.io/name": "subnet-group",
              "module.terraform.io/package": "terraform-aws-network",
              "module.terraform.io/version": "0.24.0"
            },
            "vpc_id": "vpc-08d97d7138f25344d"
          },
          "sensitive_attributes": []
        }
      ]
    },
    {
      "module": "module.cluster",
      "mode": "data",
      "type": "tls_certificate",
      "name": "this",
      "provider": "provider[\"registry.terraform.io/hashicorp/tls\"]",
      "instances": [
        {
          "schema_version": 0,
          "attributes": {
            "certificates": [
              {
                "cert_pem": "-----BEGIN CERTIFICATE-----\nMIIEdTCCA12gAwIBAgIJAKcOSkw0grd/MA0GCSqGSIb3DQEBCwUAMGgxCzAJBgNV\nBAYTAlVTMSUwIwYDVQQKExxTdGFyZmllbGQgVGVjaG5vbG9naWVzLCBJbmMuMTIw\nMAYDVQQLEylTdGFyZmllbGQgQ2xhc3MgMiBDZXJ0aWZpY2F0aW9uIEF1dGhvcml0\neTAeFw0wOTA5MDIwMDAwMDBaFw0zNDA2MjgxNzM5MTZaMIGYMQswCQYDVQQGEwJV\nUzEQMA4GA1UECBMHQXJpem9uYTETMBEGA1UEBxMKU2NvdHRzZGFsZTElMCMGA1UE\nChMcU3RhcmZpZWxkIFRlY2hub2xvZ2llcywgSW5jLjE7MDkGA1UEAxMyU3RhcmZp\nZWxkIFNlcnZpY2VzIFJvb3QgQ2VydGlmaWNhdGUgQXV0aG9yaXR5IC0gRzIwggEi\nMA0GCSqGSIb3DQEBAQUAA4IBDwAwggEKAoIBAQDVDDrEKvlO4vW+GZdfjohTsR8/\ny8+fIBNtKTrID30892t2OGPZNmCom15cAICyL1l/9of5JUOG52kbUpqQ4XHj2C0N\nTm/2yEnZtvMaVq4rtnQU68/7JuMauh2WLmo7WJSJR1b/JaCTcFOD2oR0FMNnngRo\nOt+OQFodSk7PQ5E751bWAHDLUu57fa4657wx+UX2wmDPE1kCK4DMNEffud6QZW0C\nzyyRpqbn3oUYSXxmTqM6bam17jQuug0DuDPfR+uxa40l2ZvOgdFFRjKWcIfeAg5J\nQ4W2bHO7ZOphQazJ1FTfhy/HIrImzJ9ZVGif/L4qL8RVHHVAYBeFAlU5i38FAgMB\nAAGjgfAwge0wDwYDVR0TAQH/BAUwAwEB/zAOBgNVHQ8BAf8EBAMCAYYwHQYDVR0O\nBBYEFJxfAN+qAdcwKziIorhtSpzyEZGDMB8GA1UdIwQYMBaAFL9ft9HO3R+G9FtV\nrNzXEMIOqYjnME8GCCsGAQUFBwEBBEMwQTAcBggrBgEFBQcwAYYQaHR0cDovL28u\nc3MyLnVzLzAhBggrBgEFBQcwAoYVaHR0cDovL3guc3MyLnVzL3guY2VyMCYGA1Ud\nHwQfMB0wG6AZoBeGFWh0dHA6Ly9zLnNzMi51cy9yLmNybDARBgNVHSAECjAIMAYG\nBFUdIAAwDQYJKoZIhvcNAQELBQADggEBACMd44pXyn3pF3lM8R5V/cxTbj5HD9/G\nVfKyBDbtgB9TxF00KGu+x1X8Z+rLP3+QsjPNG1gQggL4+C/1E2DUBc7xgQjB3ad1\nl08YuW3e95ORCLp+QCztweq7dp4zBncdDQh/U90bZKuCJ/Fp1U1ervShw3WnWEQt\n8jxwmKy6abaVd38PMV4s/KCHOkdp8Hlf9BRUpJVeEXgSYCfOn8J3/yNTd126/+pZ\n59vPr5KW7ySaNRB6nJHGDn2Z9j8Z3/VyVOEVqQdZe4O/Ui5GjLIAZHYcSNPYeehu\nVsyuLAOQ1xk4meTKCRlb/weWsKh/NEnfVqn3sF/tM+2MR7cwA130A4w=\n-----END CERTIFICATE-----\n",
                "is_ca": true,
                "issuer": "OU=Starfield Class 2 Certification Authority,O=Starfield Technologies\\, Inc.,C=US",
                "not_after": "2034-06-28T17:39:16Z",
                "not_before": "2009-09-02T00:00:00Z",
                "public_key_algorithm": "RSA",
                "serial_number": "12037640545166866303",
                "sha1_fingerprint": "9e99a48a9960b14926bb7f3b02e22da2b0ab7280",
                "signature_algorithm": "SHA256-RSA",
                "subject": "CN=Starfield Services Root Certificate Authority - G2,O=Starfield Technologies\\, Inc.,L=Scottsdale,ST=Arizona,C=US",
                "version": 3
              },
              {
                "cert_pem": "-----BEGIN CERTIFICATE-----\nMIIEkjCCA3qgAwIBAgITBn+USionzfP6wq4rAfkI7rnExjANBgkqhkiG9w0BAQsF\nADCBmDELMAkGA1UEBhMCVVMxEDAOBgNVBAgTB0FyaXpvbmExEzARBgNVBAcTClNj\nb3R0c2RhbGUxJTAjBgNVBAoTHFN0YXJmaWVsZCBUZWNobm9sb2dpZXMsIEluYy4x\nOzA5BgNVBAMTMlN0YXJmaWVsZCBTZXJ2aWNlcyBSb290IENlcnRpZmljYXRlIEF1\ndGhvcml0eSAtIEcyMB4XDTE1MDUyNTEyMDAwMFoXDTM3MTIzMTAxMDAwMFowOTEL\nMAkGA1UEBhMCVVMxDzANBgNVBAoTBkFtYXpvbjEZMBcGA1UEAxMQQW1hem9uIFJv\nb3QgQ0EgMTCCASIwDQYJKoZIhvcNAQEBBQADggEPADCCAQoCggEBALJ4gHHKeNXj\nca9HgFB0fW7Y14h29Jlo91ghYPl0hAEvrAIthtOgQ3pOsqTQNroBvo3bSMgHFzZM\n9O6II8c+6zf1tRn4SWiw3te5djgdYZ6k/oI2peVKVuRF4fn9tBb6dNqcmzU5L/qw\nIFAGbHrQgLKm+a/sRxmPUDgH3KKHOVj4utWp+UhnMJbulHheb4mjUcAwhmahRWa6\nVOujw5H5SNz/0egwLX0tdHA114gk957EWW67c4cX8jJGKLhD+rcdqsq08p8kDi1L\n93FcXmn/6pUCyziKrlA4b9v7LWIbxcceVOF34GfID5yHI9Y/QCB/IIDEgEw+OyQm\njgSubJrIqg0CAwEAAaOCATEwggEtMA8GA1UdEwEB/wQFMAMBAf8wDgYDVR0PAQH/\nBAQDAgGGMB0GA1UdDgQWBBSEGMyFNOy8DJSULghZnMeyEE4KCDAfBgNVHSMEGDAW\ngBScXwDfqgHXMCs4iKK4bUqc8hGRgzB4BggrBgEFBQcBAQRsMGowLgYIKwYBBQUH\nMAGGImh0dHA6Ly9vY3NwLnJvb3RnMi5hbWF6b250cnVzdC5jb20wOAYIKwYBBQUH\nMAKGLGh0dHA6Ly9jcnQucm9vdGcyLmFtYXpvbnRydXN0LmNvbS9yb290ZzIuY2Vy\nMD0GA1UdHwQ2MDQwMqAwoC6GLGh0dHA6Ly9jcmwucm9vdGcyLmFtYXpvbnRydXN0\nLmNvbS9yb290ZzIuY3JsMBEGA1UdIAQKMAgwBgYEVR0gADANBgkqhkiG9w0BAQsF\nAAOCAQEAYjdCXLwQtT6LLOkMm2xF4gcAevnFWAu5CIw+7bMlPLVvUOTNNWqnkzSW\nMiGpSESrnO09tKpzbeR/FoCJbM8oAxiDR3mjEH4wW6w7sGDgd9QIpuEdfF7Au/ma\neyKdpwAJfqxGF4PcnCZXmTA5YpaP7dreqsXMGz7KQ2hsVxa81Q4gLv7/wmpdLqBK\nbRRYh5TmOTFffHPLkIhqhBGWJ6bt2YFGpn6jcgAKUj6DiAdjd4lpFw85hdKrCEVN\n0FE6/V1dN2RMfjCyVSRCnTawXZwXgWHxyvkQAiSr6w10kY17RSlQOYiypok1JR4U\nakcjMS9cmvqtmg5iUaQqqcT5NJ0hGA==\n-----END CERTIFICATE-----\n",
                "is_ca": true,
                "issuer": "CN=Starfield Services Root Certificate Authority - G2,O=Starfield Technologies\\, Inc.,L=Scottsdale,ST=Arizona,C=US",
                "not_after": "2037-12-31T01:00:00Z",
                "not_before": "2015-05-25T12:00:00Z",
                "public_key_algorithm": "RSA",
                "serial_number": "144918191876577076464031512351042010504348870",
                "sha1_fingerprint": "06b25927c42a721631c1efd9431e648fa62e1e39",
                "signature_algorithm": "SHA256-RSA",
                "subject": "CN=Amazon Root CA 1,O=Amazon,C=US",
                "version": 3
              },
              {
                "cert_pem": "-----BEGIN CERTIFICATE-----\nMIIESTCCAzGgAwIBAgITBn+UV4WH6Kx33rJTMlu8mYtWDTANBgkqhkiG9w0BAQsF\nADA5MQswCQYDVQQGEwJVUzEPMA0GA1UEChMGQW1hem9uMRkwFwYDVQQDExBBbWF6\nb24gUm9vdCBDQSAxMB4XDTE1MTAyMjAwMDAwMFoXDTI1MTAxOTAwMDAwMFowRjEL\nMAkGA1UEBhMCVVMxDzANBgNVBAoTBkFtYXpvbjEVMBMGA1UECxMMU2VydmVyIENB\nIDFCMQ8wDQYDVQQDEwZBbWF6b24wggEiMA0GCSqGSIb3DQEBAQUAA4IBDwAwggEK\nAoIBAQDCThZn3c68asg3Wuw6MLAd5tES6BIoSMzoKcG5blPVo+sDORrMd4f2AbnZ\ncMzPa43j4wNxhplty6aUKk4T1qe9BOwKFjwK6zmxxLVYo7bHViXsPlJ6qOMpFge5\nblDP+18x+B26A0piiQOuPkfyDyeR4xQghfj66Yo19V+emU3nazfvpFA+ROz6WoVm\nB5x+F2pV8xeKNR7u6azDdU5YVX1TawprmxRC1+WsAYmz6qP+z8ArDITC2FMVy2fw\n0IjKOtEXc/VfmtTFch5+AfGYMGMqqvJ6LcXiAhqG5TI+Dr0RtM88k+8XUBCeQ8IG\nKuANaL7TiItKZYxK1MMuTJtV9IblAgMBAAGjggE7MIIBNzASBgNVHRMBAf8ECDAG\nAQH/AgEAMA4GA1UdDwEB/wQEAwIBhjAdBgNVHQ4EFgQUWaRmBlKge5WSPKOUByeW\ndFv5PdAwHwYDVR0jBBgwFoAUhBjMhTTsvAyUlC4IWZzHshBOCggwewYIKwYBBQUH\nAQEEbzBtMC8GCCsGAQUFBzABhiNodHRwOi8vb2NzcC5yb290Y2ExLmFtYXpvbnRy\ndXN0LmNvbTA6BggrBgEFBQcwAoYuaHR0cDovL2NydC5yb290Y2ExLmFtYXpvbnRy\ndXN0LmNvbS9yb290Y2ExLmNlcjA/BgNVHR8EODA2MDSgMqAwhi5odHRwOi8vY3Js\nLnJvb3RjYTEuYW1hem9udHJ1c3QuY29tL3Jvb3RjYTEuY3JsMBMGA1UdIAQMMAow\nCAYGZ4EMAQIBMA0GCSqGSIb3DQEBCwUAA4IBAQCFkr41u3nPo4FCHOTjY3NTOVI1\n59Gt/a6ZiqyJEi+752+a1U5y6iAwYfmXss2lJwJFqMp2PphKg5625kXg8kP2CN5t\n6G7bMQcT8C8xDZNtYTd7WPD8UZiRKAJPBXa30/AbwuZe0GaFEQ8ugcYQgSn+IGBI\n8/LwhBNTZTUVEWuCUUBVV18YtbAiPq3yXqMB48Oz+ctBWuZSkbvkNodPLamkB2g1\nupRyzQ7qDn1X8nn8N8V7YJ6y68AtkHcNSRAnpTitxBKjtKPISLMVCx7i4hncxHZS\nyLyKQXhw2W2Xs0qLeC1etA+jTGDK4UfLeC0SF7FSi8o5LL21L8IzApar2pR/\n-----END CERTIFICATE-----\n",
                "is_ca": true,
                "issuer": "CN=Amazon Root CA 1,O=Amazon,C=US",
                "not_after": "2025-10-19T00:00:00Z",
                "not_before": "2015-10-22T00:00:00Z",
                "public_key_algorithm": "RSA",
                "serial_number": "144918209630989264145272943054026349679957517",
                "sha1_fingerprint": "917e732d330f9a12404f73d8bea36948b929dffc",
                "signature_algorithm": "SHA256-RSA",
                "subject": "CN=Amazon,OU=Server CA 1B,O=Amazon,C=US",
                "version": 3
              },
              {
                "cert_pem": "-----BEGIN CERTIFICATE-----\nMIIGBDCCBOygAwIBAgIQCneydd7qXdM9F747ypOYmDANBgkqhkiG9w0BAQsFADBG\nMQswCQYDVQQGEwJVUzEPMA0GA1UEChMGQW1hem9uMRUwEwYDVQQLEwxTZXJ2ZXIg\nQ0EgMUIxDzANBgNVBAMTBkFtYXpvbjAeFw0yMjA1MTMwMDAwMDBaFw0yMzA2MTEy\nMzU5NTlaMDAxLjAsBgNVBAMTJW9pZGMuZWtzLmFwLW5vcnRoZWFzdC0yLmFtYXpv\nbmF3cy5jb20wggEiMA0GCSqGSIb3DQEBAQUAA4IBDwAwggEKAoIBAQDWICnYVH4Q\nK/uOqyi74Ti0sUcL6xrBjtBI75VmK2EdPjE/Ef4JCQQdW2792joDjElUIFYOH2Od\n0mpHRbz6+lNaeoSznflY1YIzJjO2VZoqV/XtILiR/u2CbvszmuUVDgOx4fh1Bfom\nnHXbYTjQtffP9USp1cvgoyPhkSV3m5I267zqIo9bUwmAikPSHFEIX4svWnedDb+V\nU1WM1tdiRob5i4xFj7GzJi7C4TDQxG53KVpwnKWUtK9TJt20Haagy3bQnvNVuqlX\nepUBR4EhIFJNHoUujuASl7O1K0XsWJZRelpOqZfF/+4aLLaGt0yPMCEH+0KDdC+R\nnAU6OkjHEmH9AgMBAAGjggMCMIIC/jAfBgNVHSMEGDAWgBRZpGYGUqB7lZI8o5QH\nJ5Z0W/k90DAdBgNVHQ4EFgQUKbfpHGuOyp5prrJ/GidZ2w4JREYwMAYDVR0RBCkw\nJ4Ilb2lkYy5la3MuYXAtbm9ydGhlYXN0LTIuYW1hem9uYXdzLmNvbTAOBgNVHQ8B\nAf8EBAMCBaAwHQYDVR0lBBYwFAYIKwYBBQUHAwEGCCsGAQUFBwMCMD0GA1UdHwQ2\nMDQwMqAwoC6GLGh0dHA6Ly9jcmwuc2NhMWIuYW1hem9udHJ1c3QuY29tL3NjYTFi\nLTEuY3JsMBMGA1UdIAQMMAowCAYGZ4EMAQIBMHUGCCsGAQUFBwEBBGkwZzAtBggr\nBgEFBQcwAYYhaHR0cDovL29jc3Auc2NhMWIuYW1hem9udHJ1c3QuY29tMDYGCCsG\nAQUFBzAChipodHRwOi8vY3J0LnNjYTFiLmFtYXpvbnRydXN0LmNvbS9zY2ExYi5j\ncnQwDAYDVR0TAQH/BAIwADCCAYAGCisGAQQB1nkCBAIEggFwBIIBbAFqAHcA6D7Q\n2j71BjUy51covIlryQPTy9ERa+zraeF3fW0GvW4AAAGAushJUgAABAMASDBGAiEA\nydVYJeFgogSHFf+m50hLLh4wbpVlLt6PcYpyaDB5bPgCIQCnajdTxIgh0BAbR0Pd\n8sOOn8A0yncN3aNOipt8g/CtbAB2ADXPGRu/sWxXvw+tTG1Cy7u2JyAmUeo/4Srv\nqAPDO9ZMAAABgLrISXQAAAQDAEcwRQIgOVy4O21h69slBz1WZO3RWaOJt3TY6JLG\nYEVsRVuPsGgCIQDPeqXU/0EMLibFwWzWyDHhnU5jR+uU0A09tqptd7UYLQB3ALc+\n+yTfnE26dfI5xbpY9Gxd/ELPep81xJ4dCYEl7bSZAAABgLrISWsAAAQDAEgwRgIh\nAJlJP38syboeJN1B2WtgMU8YhdrJ97Za3bAHZJAVmn06AiEAk5gZurPO9ztpuTy2\nil4cUrzu8WXQ6nimVe/ttE0NyuYwDQYJKoZIhvcNAQELBQADggEBABp058JXy2ZV\nS9OEr7XS83lG6TMmQmc+Vi/dAWyoi4gsipaPHD8dBE1MevW5P16YVa/46/OzSHkn\nBDz7oJCCtRNyWlO6H3JqprPUzDG2nGQ7/eSFlkwMPgzjfRR23OB4zl7+oNmWo5NI\nVKqwUuTXzPSv5DPQMs+zpd0lOVt5GXCmR74hiMaH1fsZCr7BJ9Vo4i1L9UApqFMI\nS4t567WYkNL7jWcdg3SEYC3zKoMqmsAQa7s02bXWiQMDVf1pariAdLH7oB6EpbO/\nEIJTMon4Hpa1GvCjlleM3iCqIodOZuaOs3zR75CeJj0KSea6e4kw5F0RN6kKFKDi\nIdUKcGOx02c=\n-----END CERTIFICATE-----\n",
                "is_ca": false,
                "issuer": "CN=Amazon,OU=Server CA 1B,O=Amazon,C=US",
                "not_after": "2023-06-11T23:59:59Z",
                "not_before": "2022-05-13T00:00:00Z",
                "public_key_algorithm": "RSA",
                "serial_number": "13913782891608271281972691959643609240",
                "sha1_fingerprint": "78671c125375bf74f21bba0aa08c5ecf1d437b1e",
                "signature_algorithm": "SHA256-RSA",
                "subject": "CN=oidc.eks.ap-northeast-2.amazonaws.com",
                "version": 3
              }
            ],
            "content": null,
            "id": "518f73269712cd7901b927307b1aff1d27914ed5",
            "url": "https://oidc.eks.ap-northeast-2.amazonaws.com/id/E72AA0163210BC0695D806127F5F1C62",
            "verify_chain": true
          },
          "sensitive_attributes": []
        }
      ]
    },
    {
      "module": "module.cluster",
      "mode": "managed",
      "type": "aws_cloudwatch_log_group",
      "name": "this",
      "provider": "provider[\"registry.terraform.io/hashicorp/aws\"]",
      "instances": [
        {
          "schema_version": 0,
          "attributes": {
            "arn": "arn:aws:logs:ap-northeast-2:594311320189:log-group:/aws/eks/kkhdevs-cluster/cluster",
            "id": "/aws/eks/kkhdevs-cluster/cluster",
            "kms_key_id": "",
            "name": "/aws/eks/kkhdevs-cluster/cluster",
            "name_prefix": null,
            "retention_in_days": 90,
            "tags": {
              "Name": "eks-kkhdevs-cluster-cluster",
              "module.terraform.io/full-name": "terraform-aws-container/eks-cluster",
              "module.terraform.io/instance": "kkhdevs-cluster",
              "module.terraform.io/name": "eks-cluster",
              "module.terraform.io/package": "terraform-aws-container",
              "module.terraform.io/version": "0.14.0"
            },
            "tags_all": {
              "Name": "eks-kkhdevs-cluster-cluster",
              "module.terraform.io/full-name": "terraform-aws-container/eks-cluster",
              "module.terraform.io/instance": "kkhdevs-cluster",
              "module.terraform.io/name": "eks-cluster",
              "module.terraform.io/package": "terraform-aws-container",
              "module.terraform.io/version": "0.14.0"
            }
          },
          "sensitive_attributes": [],
          "private": "bnVsbA==",
          "create_before_destroy": true
        }
      ]
    },
    {
      "module": "module.cluster",
      "mode": "managed",
      "type": "aws_eks_cluster",
      "name": "this",
      "provider": "provider[\"registry.terraform.io/hashicorp/aws\"]",
      "instances": [
        {
          "schema_version": 0,
          "attributes": {
            "arn": "arn:aws:eks:ap-northeast-2:594311320189:cluster/kkhdevs-cluster",
            "certificate_authority": [
              {
                "data": "LS0tLS1CRUdJTiBDRVJUSUZJQ0FURS0tLS0tCk1JSUM1ekNDQWMrZ0F3SUJBZ0lCQURBTkJna3Foa2lHOXcwQkFRc0ZBREFWTVJNd0VRWURWUVFERXdwcmRXSmwKY201bGRHVnpNQjRYRFRJeU1EWXlOREEyTVRZeU1Gb1hEVE15TURZeU1UQTJNVFl5TUZvd0ZURVRNQkVHQTFVRQpBeE1LYTNWaVpYSnVaWFJsY3pDQ0FTSXdEUVlKS29aSWh2Y05BUUVCQlFBRGdnRVBBRENDQVFvQ2dnRUJBTXlwCkdUa0s0M0piYmwxZktVRW03WXlOc3dvamFqR0pSdjkyMktjYllkQXpQWGgzb1dqamlMU0V1eHlZM0cwNXEzR0UKc0t0cUw4UGZ1d2U0R25MV1diUURkTEJSeW1qa1IxbXRLNVR4ejlVblE5bzI1YWExVzN5WStPSVRkUlczY2xheQpZQ0drQTIzQkswN05QWkQ3MFJlSU05dTgvUmgvR0tJNG5xQm5yYlZNRWZXR0Z6RDkwZTlPVC9hSGNwcGowOXJ1ClMwM0tDbG1LcHJRcVNhQ3hKbkQ5ZW1FOGQ3VWoyS0MrbjB2WkRsRTJ6emlhcUFkUElWaFFDVmk0WFgxT0ZGNVYKK3BEeDR5akFjb1ZYNlV6L0wxNWdDbFRDd0FNRFFNMGR6WlZXQlBIZkNMU2xZOTJQVWdEbGQ1MmxjWWVJbHNEUgo2bzhDV0ZnbGpGeUlCdUtiV1E4Q0F3RUFBYU5DTUVBd0RnWURWUjBQQVFIL0JBUURBZ0trTUE4R0ExVWRFd0VCCi93UUZNQU1CQWY4d0hRWURWUjBPQkJZRUZPb29ZRzVER0hYS3pNVHd1N3ppVmN0R0tHOGlNQTBHQ1NxR1NJYjMKRFFFQkN3VUFBNElCQVFEQ3BJOGlWdU53aytlNE1pTjViL0FBWDBDUVRoZytGTm5GR2xlbTl4MkVDVWNiK1lrbwphTEZsMjBRMFQ2aDNmUVR3REMwSWZiRm9hd3hpZU1YZnBQbGYzK3NCZzB6Q3VUcVRETEczaWNaeHVsRHMwbkVDCjA4My9qYzh0NHAzanpOWnlvRDRGdHY1elFWWHFtVzU2VVNvM09oQnpLZkxpUlVWTCtIWklqSXNOdHExUFE3enIKdk8ySWJjSlFrOG1jcFh0Y1MvQzRNWjhYK0IwTkg4TkgxRUV6OUdHWjJha2trYTlQZ2o2dHpFbVloTm1tZ0ZUNgoxaEhJSkdXUFpDL2F5cHNTVk0yNmVTSzRFZE5rZkMrLzBFK3ZPOTVUTVVrTDBGMjZMeitDTzNVOWp6REtXaWt0CmVDVnlWUFplMUFqTXphamw3YnRFYktOcHlGVlZsVStEeEZPQQotLS0tLUVORCBDRVJUSUZJQ0FURS0tLS0tCg=="
              }
            ],
            "created_at": "2022-06-24 06:11:22.818 +0000 UTC",
            "enabled_cluster_log_types": null,
            "encryption_config": [],
            "endpoint": "https://E72AA0163210BC0695D806127F5F1C62.gr7.ap-northeast-2.eks.amazonaws.com",
            "id": "kkhdevs-cluster",
            "identity": [
              {
                "oidc": [
                  {
                    "issuer": "https://oidc.eks.ap-northeast-2.amazonaws.com/id/E72AA0163210BC0695D806127F5F1C62"
                  }
                ]
              }
            ],
            "kubernetes_network_config": [
              {
                "ip_family": "ipv4",
                "service_ipv4_cidr": "172.20.0.0/16"
              }
            ],
            "name": "kkhdevs-cluster",
            "platform_version": "eks.7",
            "role_arn": "arn:aws:iam::594311320189:role/eks-kkhdevs-cluster-control-plane",
            "status": "ACTIVE",
            "tags": {
              "Name": "kkhdevs-cluster",
              "module.terraform.io/full-name": "terraform-aws-container/eks-cluster",
              "module.terraform.io/instance": "kkhdevs-cluster",
              "module.terraform.io/name": "eks-cluster",
              "module.terraform.io/package": "terraform-aws-container",
              "module.terraform.io/version": "0.14.0"
            },
            "tags_all": {
              "Name": "kkhdevs-cluster",
              "module.terraform.io/full-name": "terraform-aws-container/eks-cluster",
              "module.terraform.io/instance": "kkhdevs-cluster",
              "module.terraform.io/name": "eks-cluster",
              "module.terraform.io/package": "terraform-aws-container",
              "module.terraform.io/version": "0.14.0"
            },
            "timeouts": {
              "create": "30m",
              "delete": "15m",
              "update": "60m"
            },
            "version": "1.21",
            "vpc_config": [
              {
                "cluster_security_group_id": "sg-087e2be720c572c57",
                "endpoint_private_access": true,
                "endpoint_public_access": true,
                "public_access_cidrs": [
                  "0.0.0.0/0"
                ],
                "security_group_ids": [
                  "sg-0ab0b3f7a075d2117"
                ],
                "subnet_ids": [
                  "subnet-02613634833e85e8c",
                  "subnet-05a73763c7b6cc1a6"
                ],
                "vpc_id": "vpc-08d97d7138f25344d"
              }
            ]
          },
          "sensitive_attributes": [],
          "private": "eyJlMmJmYjczMC1lY2FhLTExZTYtOGY4OC0zNDM2M2JjN2M0YzAiOnsiY3JlYXRlIjoxODAwMDAwMDAwMDAwLCJkZWxldGUiOjkwMDAwMDAwMDAwMCwidXBkYXRlIjozNjAwMDAwMDAwMDAwfX0=",
          "dependencies": [
            "data.terraform_remote_state.network",
            "module.cluster.aws_cloudwatch_log_group.this",
            "module.cluster.data.aws_subnet.selected",
            "module.cluster.module.role__control_plane.aws_iam_instance_profile.this",
            "module.cluster.module.role__control_plane.aws_iam_role.this",
            "module.cluster.module.role__control_plane.aws_iam_role_policy.inline",
            "module.cluster.module.role__control_plane.aws_iam_role_policy_attachment.managed",
            "module.cluster.module.role__control_plane.aws_resourcegroups_group.this",
            "module.cluster.module.role__control_plane.data.aws_caller_identity.this",
            "module.cluster.module.role__control_plane.data.aws_iam_policy_document.assume_role",
            "module.cluster.module.role__control_plane.data.aws_iam_policy_document.trusted_iam_entities",
            "module.cluster.module.role__control_plane.data.aws_iam_policy_document.trusted_oidc_providers",
            "module.cluster.module.role__control_plane.data.aws_iam_policy_document.trusted_saml_providers",
            "module.cluster.module.role__control_plane.data.aws_iam_policy_document.trusted_services",
            "module.cluster.module.role__control_plane.data.aws_partition.this",
            "module.cluster.module.security_group__control_plane.aws_security_group.this"
          ],
          "create_before_destroy": true
        }
      ]
    },
    {
      "module": "module.cluster",
      "mode": "managed",
      "type": "aws_iam_openid_connect_provider",
      "name": "this",
      "provider": "provider[\"registry.terraform.io/hashicorp/aws\"]",
      "instances": [
        {
          "schema_version": 0,
          "attributes": {
            "arn": "arn:aws:iam::594311320189:oidc-provider/oidc.eks.ap-northeast-2.amazonaws.com/id/E72AA0163210BC0695D806127F5F1C62",
            "client_id_list": [
              "sts.amazonaws.com"
            ],
            "id": "arn:aws:iam::594311320189:oidc-provider/oidc.eks.ap-northeast-2.amazonaws.com/id/E72AA0163210BC0695D806127F5F1C62",
            "tags": {
              "Name": "eks-kkhdevs-cluster-oidc-provider",
              "module.terraform.io/full-name": "terraform-aws-container/eks-cluster",
              "module.terraform.io/instance": "kkhdevs-cluster",
              "module.terraform.io/name": "eks-cluster",
              "module.terraform.io/package": "terraform-aws-container",
              "module.terraform.io/version": "0.14.0"
            },
            "tags_all": {
              "Name": "eks-kkhdevs-cluster-oidc-provider",
              "module.terraform.io/full-name": "terraform-aws-container/eks-cluster",
              "module.terraform.io/instance": "kkhdevs-cluster",
              "module.terraform.io/name": "eks-cluster",
              "module.terraform.io/package": "terraform-aws-container",
              "module.terraform.io/version": "0.14.0"
            },
            "thumbprint_list": [
              "9e99a48a9960b14926bb7f3b02e22da2b0ab7280"
            ],
            "url": "oidc.eks.ap-northeast-2.amazonaws.com/id/E72AA0163210BC0695D806127F5F1C62"
          },
          "sensitive_attributes": [],
          "private": "bnVsbA==",
          "dependencies": [
            "data.terraform_remote_state.network",
            "module.cluster.aws_cloudwatch_log_group.this",
            "module.cluster.aws_eks_cluster.this",
            "module.cluster.data.aws_subnet.selected",
            "module.cluster.data.tls_certificate.this",
            "module.cluster.module.role__control_plane.aws_iam_instance_profile.this",
            "module.cluster.module.role__control_plane.aws_iam_role.this",
            "module.cluster.module.role__control_plane.aws_iam_role_policy.inline",
            "module.cluster.module.role__control_plane.aws_iam_role_policy_attachment.managed",
            "module.cluster.module.role__control_plane.aws_resourcegroups_group.this",
            "module.cluster.module.role__control_plane.data.aws_caller_identity.this",
            "module.cluster.module.role__control_plane.data.aws_iam_policy_document.assume_role",
            "module.cluster.module.role__control_plane.data.aws_iam_policy_document.trusted_iam_entities",
            "module.cluster.module.role__control_plane.data.aws_iam_policy_document.trusted_oidc_providers",
            "module.cluster.module.role__control_plane.data.aws_iam_policy_document.trusted_saml_providers",
            "module.cluster.module.role__control_plane.data.aws_iam_policy_document.trusted_services",
            "module.cluster.module.role__control_plane.data.aws_partition.this",
            "module.cluster.module.security_group__control_plane.aws_security_group.this"
          ]
        }
      ]
    },
    {
      "module": "module.cluster",
      "mode": "managed",
      "type": "aws_resourcegroups_group",
      "name": "this",
      "provider": "provider[\"registry.terraform.io/hashicorp/aws\"]",
      "instances": [
        {
          "index_key": 0,
          "schema_version": 0,
          "attributes": {
            "arn": "arn:aws:resource-groups:ap-northeast-2:594311320189:group/terraform-aws-container.eks-cluster.kkhdevs-cluster",
            "description": "Managed by Terraform.",
            "id": "terraform-aws-container.eks-cluster.kkhdevs-cluster",
            "name": "terraform-aws-container.eks-cluster.kkhdevs-cluster",
            "resource_query": [
              {
                "query": "{\n  \"ResourceTypeFilters\": [\n    \"AWS::AllSupported\"\n  ],\n  \"TagFilters\": [{\"Key\":\"module.terraform.io/full-name\",\"Values\":[\"terraform-aws-container/eks-cluster\"]},{\"Key\":\"module.terraform.io/instance\",\"Values\":[\"kkhdevs-cluster\"]},{\"Key\":\"module.terraform.io/name\",\"Values\":[\"eks-cluster\"]},{\"Key\":\"module.terraform.io/package\",\"Values\":[\"terraform-aws-container\"]},{\"Key\":\"module.terraform.io/version\",\"Values\":[\"0.14.0\"]}]\n}\n",
                "type": "TAG_FILTERS_1_0"
              }
            ],
            "tags": {
              "Name": "terraform-aws-container.eks-cluster.kkhdevs-cluster",
              "module.terraform.io/full-name": "terraform-aws-container/eks-cluster",
              "module.terraform.io/instance": "kkhdevs-cluster",
              "module.terraform.io/name": "eks-cluster",
              "module.terraform.io/package": "terraform-aws-container",
              "module.terraform.io/version": "0.14.0"
            },
            "tags_all": {
              "Name": "terraform-aws-container.eks-cluster.kkhdevs-cluster",
              "module.terraform.io/full-name": "terraform-aws-container/eks-cluster",
              "module.terraform.io/instance": "kkhdevs-cluster",
              "module.terraform.io/name": "eks-cluster",
              "module.terraform.io/package": "terraform-aws-container",
              "module.terraform.io/version": "0.14.0"
            }
          },
          "sensitive_attributes": [],
          "private": "bnVsbA=="
        }
      ]
    },
    {
      "module": "module.cluster",
      "mode": "managed",
      "type": "aws_security_group_rule",
      "name": "node",
      "provider": "provider[\"registry.terraform.io/hashicorp/aws\"]",
      "instances": [
        {
          "schema_version": 2,
          "attributes": {
            "cidr_blocks": null,
            "description": "Allow nodes to communicate to the cluster security group(for fargate pods).",
            "from_port": 0,
            "id": "sgrule-305178151",
            "ipv6_cidr_blocks": null,
            "prefix_list_ids": null,
            "protocol": "-1",
            "security_group_id": "sg-087e2be720c572c57",
            "self": false,
            "source_security_group_id": "sg-08082abf20a87baa6",
            "to_port": 0,
            "type": "ingress"
          },
          "sensitive_attributes": [],
          "private": "eyJzY2hlbWFfdmVyc2lvbiI6IjIifQ==",
          "dependencies": [
            "data.terraform_remote_state.network",
            "module.cluster.aws_cloudwatch_log_group.this",
            "module.cluster.aws_eks_cluster.this",
            "module.cluster.data.aws_subnet.selected",
            "module.cluster.module.role__control_plane.aws_iam_instance_profile.this",
            "module.cluster.module.role__control_plane.aws_iam_role.this",
            "module.cluster.module.role__control_plane.aws_iam_role_policy.inline",
            "module.cluster.module.role__control_plane.aws_iam_role_policy_attachment.managed",
            "module.cluster.module.role__control_plane.aws_resourcegroups_group.this",
            "module.cluster.module.role__control_plane.data.aws_caller_identity.this",
            "module.cluster.module.role__control_plane.data.aws_iam_policy_document.assume_role",
            "module.cluster.module.role__control_plane.data.aws_iam_policy_document.trusted_iam_entities",
            "module.cluster.module.role__control_plane.data.aws_iam_policy_document.trusted_oidc_providers",
            "module.cluster.module.role__control_plane.data.aws_iam_policy_document.trusted_saml_providers",
            "module.cluster.module.role__control_plane.data.aws_iam_policy_document.trusted_services",
            "module.cluster.module.role__control_plane.data.aws_partition.this",
            "module.cluster.module.security_group__control_plane.aws_security_group.this",
            "module.cluster.module.security_group__node.aws_security_group.this"
          ]
        }
      ]
    },
    {
      "module": "module.cluster",
      "mode": "managed",
      "type": "aws_security_group_rule",
      "name": "pod",
      "provider": "provider[\"registry.terraform.io/hashicorp/aws\"]",
      "instances": [
        {
          "schema_version": 2,
          "attributes": {
            "cidr_blocks": null,
            "description": "Allow pods to communicate to the cluster security group(for fargate pods).",
            "from_port": 0,
            "id": "sgrule-3262429441",
            "ipv6_cidr_blocks": null,
            "prefix_list_ids": null,
            "protocol": "-1",
            "security_group_id": "sg-087e2be720c572c57",
            "self": false,
            "source_security_group_id": "sg-0d17f4f30f351416e",
            "to_port": 0,
            "type": "ingress"
          },
          "sensitive_attributes": [],
          "private": "eyJzY2hlbWFfdmVyc2lvbiI6IjIifQ==",
          "dependencies": [
            "data.terraform_remote_state.network",
            "module.cluster.aws_cloudwatch_log_group.this",
            "module.cluster.aws_eks_cluster.this",
            "module.cluster.data.aws_subnet.selected",
            "module.cluster.module.role__control_plane.aws_iam_instance_profile.this",
            "module.cluster.module.role__control_plane.aws_iam_role.this",
            "module.cluster.module.role__control_plane.aws_iam_role_policy.inline",
            "module.cluster.module.role__control_plane.aws_iam_role_policy_attachment.managed",
            "module.cluster.module.role__control_plane.aws_resourcegroups_group.this",
            "module.cluster.module.role__control_plane.data.aws_caller_identity.this",
            "module.cluster.module.role__control_plane.data.aws_iam_policy_document.assume_role",
            "module.cluster.module.role__control_plane.data.aws_iam_policy_document.trusted_iam_entities",
            "module.cluster.module.role__control_plane.data.aws_iam_policy_document.trusted_oidc_providers",
            "module.cluster.module.role__control_plane.data.aws_iam_policy_document.trusted_saml_providers",
            "module.cluster.module.role__control_plane.data.aws_iam_policy_document.trusted_services",
            "module.cluster.module.role__control_plane.data.aws_partition.this",
            "module.cluster.module.security_group__control_plane.aws_security_group.this",
            "module.cluster.module.security_group__pod.aws_security_group.this"
          ]
        }
      ]
    },
    {
      "module": "module.cluster.module.role__control_plane",
      "mode": "data",
      "type": "aws_caller_identity",
      "name": "this",
      "provider": "provider[\"registry.terraform.io/hashicorp/aws\"]",
      "instances": [
        {
          "schema_version": 0,
          "attributes": {
            "account_id": "594311320189",
            "arn": "arn:aws:iam::594311320189:root",
            "id": "594311320189",
            "user_id": "594311320189"
          },
          "sensitive_attributes": []
        }
      ]
    },
    {
      "module": "module.cluster.module.role__control_plane",
      "mode": "data",
      "type": "aws_iam_policy_document",
      "name": "assume_role",
      "provider": "provider[\"registry.terraform.io/hashicorp/aws\"]",
      "instances": [
        {
          "schema_version": 0,
          "attributes": {
            "id": "2683362850",
            "json": "{\n  \"Version\": \"2012-10-17\",\n  \"Statement\": [\n    {\n      \"Sid\": \"TrustedServices\",\n      \"Effect\": \"Allow\",\n      \"Action\": \"sts:AssumeRole\",\n      \"Principal\": {\n        \"Service\": \"eks.amazonaws.com\"\n      }\n    }\n  ]\n}",
            "override_json": null,
            "override_policy_documents": null,
            "policy_id": null,
            "source_json": null,
            "source_policy_documents": [
              "{\n  \"Version\": \"2012-10-17\",\n  \"Statement\": [\n    {\n      \"Sid\": \"TrustedServices\",\n      \"Effect\": \"Allow\",\n      \"Action\": \"sts:AssumeRole\",\n      \"Principal\": {\n        \"Service\": \"eks.amazonaws.com\"\n      }\n    }\n  ]\n}"
            ],
            "statement": null,
            "version": "2012-10-17"
          },
          "sensitive_attributes": []
        }
      ]
    },
    {
      "module": "module.cluster.module.role__control_plane",
      "mode": "data",
      "type": "aws_iam_policy_document",
      "name": "trusted_services",
      "provider": "provider[\"registry.terraform.io/hashicorp/aws\"]",
      "instances": [
        {
          "index_key": "this",
          "schema_version": 0,
          "attributes": {
            "id": "2683362850",
            "json": "{\n  \"Version\": \"2012-10-17\",\n  \"Statement\": [\n    {\n      \"Sid\": \"TrustedServices\",\n      \"Effect\": \"Allow\",\n      \"Action\": \"sts:AssumeRole\",\n      \"Principal\": {\n        \"Service\": \"eks.amazonaws.com\"\n      }\n    }\n  ]\n}",
            "override_json": null,
            "override_policy_documents": null,
            "policy_id": null,
            "source_json": null,
            "source_policy_documents": null,
            "statement": [
              {
                "actions": [
                  "sts:AssumeRole"
                ],
                "condition": [],
                "effect": "Allow",
                "not_actions": [],
                "not_principals": [],
                "not_resources": [],
                "principals": [
                  {
                    "identifiers": [
                      "eks.amazonaws.com"
                    ],
                    "type": "Service"
                  }
                ],
                "resources": [],
                "sid": "TrustedServices"
              }
            ],
            "version": "2012-10-17"
          },
          "sensitive_attributes": []
        }
      ]
    },
    {
      "module": "module.cluster.module.role__control_plane",
      "mode": "data",
      "type": "aws_partition",
      "name": "this",
      "provider": "provider[\"registry.terraform.io/hashicorp/aws\"]",
      "instances": [
        {
          "schema_version": 0,
          "attributes": {
            "dns_suffix": "amazonaws.com",
            "id": "aws",
            "partition": "aws",
            "reverse_dns_prefix": "com.amazonaws"
          },
          "sensitive_attributes": []
        }
      ]
    },
    {
      "module": "module.cluster.module.role__control_plane",
      "mode": "managed",
      "type": "aws_iam_role",
      "name": "this",
      "provider": "provider[\"registry.terraform.io/hashicorp/aws\"]",
      "instances": [
        {
          "schema_version": 0,
          "attributes": {
            "arn": "arn:aws:iam::594311320189:role/eks-kkhdevs-cluster-control-plane",
            "assume_role_policy": "{\"Version\":\"2012-10-17\",\"Statement\":[{\"Sid\":\"TrustedServices\",\"Effect\":\"Allow\",\"Principal\":{\"Service\":\"eks.amazonaws.com\"},\"Action\":\"sts:AssumeRole\"}]}",
            "create_date": "2022-06-24T06:11:14Z",
            "description": "Role for the EKS cluster(kkhdevs-cluster) control plane",
            "force_detach_policies": false,
            "id": "eks-kkhdevs-cluster-control-plane",
            "inline_policy": [
              {
                "name": "",
                "policy": ""
              }
            ],
            "managed_policy_arns": [],
            "max_session_duration": 3600,
            "name": "eks-kkhdevs-cluster-control-plane",
            "name_prefix": "",
            "path": "/",
            "permissions_boundary": "",
            "tags": {
              "Name": "eks-kkhdevs-cluster-control-plane",
              "module.terraform.io/full-name": "terraform-aws-container/eks-cluster",
              "module.terraform.io/instance": "kkhdevs-cluster",
              "module.terraform.io/name": "eks-cluster",
              "module.terraform.io/package": "terraform-aws-container",
              "module.terraform.io/version": "0.14.0"
            },
            "tags_all": {
              "Name": "eks-kkhdevs-cluster-control-plane",
              "module.terraform.io/full-name": "terraform-aws-container/eks-cluster",
              "module.terraform.io/instance": "kkhdevs-cluster",
              "module.terraform.io/name": "eks-cluster",
              "module.terraform.io/package": "terraform-aws-container",
              "module.terraform.io/version": "0.14.0"
            },
            "unique_id": "AROAYUX5XCJ64UFJRKEPD"
          },
          "sensitive_attributes": [],
          "private": "bnVsbA==",
          "dependencies": [
            "module.cluster.module.role__control_plane.data.aws_iam_policy_document.assume_role"
          ],
          "create_before_destroy": true
        }
      ]
    },
    {
      "module": "module.cluster.module.role__control_plane",
      "mode": "managed",
      "type": "aws_iam_role_policy_attachment",
      "name": "managed",
      "provider": "provider[\"registry.terraform.io/hashicorp/aws\"]",
      "instances": [
        {
          "index_key": "arn:aws:iam::aws:policy/AmazonEKSClusterPolicy",
          "schema_version": 0,
          "attributes": {
            "id": "eks-kkhdevs-cluster-control-plane-20220624061119713400000001",
            "policy_arn": "arn:aws:iam::aws:policy/AmazonEKSClusterPolicy",
            "role": "eks-kkhdevs-cluster-control-plane"
          },
          "sensitive_attributes": [],
          "private": "bnVsbA==",
          "dependencies": [
            "module.cluster.module.role__control_plane.aws_iam_role.this",
            "module.cluster.module.role__control_plane.data.aws_iam_policy_document.assume_role"
          ],
          "create_before_destroy": true
        },
        {
          "index_key": "arn:aws:iam::aws:policy/AmazonEKSVPCResourceController",
          "schema_version": 0,
          "attributes": {
            "id": "eks-kkhdevs-cluster-control-plane-20220624061119741500000005",
            "policy_arn": "arn:aws:iam::aws:policy/AmazonEKSVPCResourceController",
            "role": "eks-kkhdevs-cluster-control-plane"
          },
          "sensitive_attributes": [],
          "private": "bnVsbA==",
          "dependencies": [
            "module.cluster.module.role__control_plane.aws_iam_role.this",
            "module.cluster.module.role__control_plane.data.aws_iam_policy_document.assume_role"
          ],
          "create_before_destroy": true
        }
      ]
    },
    {
      "module": "module.cluster.module.role__fargate_profile",
      "mode": "data",
      "type": "aws_caller_identity",
      "name": "this",
      "provider": "provider[\"registry.terraform.io/hashicorp/aws\"]",
      "instances": [
        {
          "schema_version": 0,
          "attributes": {
            "account_id": "594311320189",
            "arn": "arn:aws:iam::594311320189:root",
            "id": "594311320189",
            "user_id": "594311320189"
          },
          "sensitive_attributes": []
        }
      ]
    },
    {
      "module": "module.cluster.module.role__fargate_profile",
      "mode": "data",
      "type": "aws_iam_policy_document",
      "name": "assume_role",
      "provider": "provider[\"registry.terraform.io/hashicorp/aws\"]",
      "instances": [
        {
          "schema_version": 0,
          "attributes": {
            "id": "688550093",
            "json": "{\n  \"Version\": \"2012-10-17\",\n  \"Statement\": [\n    {\n      \"Sid\": \"TrustedServices\",\n      \"Effect\": \"Allow\",\n      \"Action\": \"sts:AssumeRole\",\n      \"Principal\": {\n        \"Service\": \"eks-fargate-pods.amazonaws.com\"\n      }\n    }\n  ]\n}",
            "override_json": null,
            "override_policy_documents": null,
            "policy_id": null,
            "source_json": null,
            "source_policy_documents": [
              "{\n  \"Version\": \"2012-10-17\",\n  \"Statement\": [\n    {\n      \"Sid\": \"TrustedServices\",\n      \"Effect\": \"Allow\",\n      \"Action\": \"sts:AssumeRole\",\n      \"Principal\": {\n        \"Service\": \"eks-fargate-pods.amazonaws.com\"\n      }\n    }\n  ]\n}"
            ],
            "statement": null,
            "version": "2012-10-17"
          },
          "sensitive_attributes": []
        }
      ]
    },
    {
      "module": "module.cluster.module.role__fargate_profile",
      "mode": "data",
      "type": "aws_iam_policy_document",
      "name": "trusted_services",
      "provider": "provider[\"registry.terraform.io/hashicorp/aws\"]",
      "instances": [
        {
          "index_key": "this",
          "schema_version": 0,
          "attributes": {
            "id": "688550093",
            "json": "{\n  \"Version\": \"2012-10-17\",\n  \"Statement\": [\n    {\n      \"Sid\": \"TrustedServices\",\n      \"Effect\": \"Allow\",\n      \"Action\": \"sts:AssumeRole\",\n      \"Principal\": {\n        \"Service\": \"eks-fargate-pods.amazonaws.com\"\n      }\n    }\n  ]\n}",
            "override_json": null,
            "override_policy_documents": null,
            "policy_id": null,
            "source_json": null,
            "source_policy_documents": null,
            "statement": [
              {
                "actions": [
                  "sts:AssumeRole"
                ],
                "condition": [],
                "effect": "Allow",
                "not_actions": [],
                "not_principals": [],
                "not_resources": [],
                "principals": [
                  {
                    "identifiers": [
                      "eks-fargate-pods.amazonaws.com"
                    ],
                    "type": "Service"
                  }
                ],
                "resources": [],
                "sid": "TrustedServices"
              }
            ],
            "version": "2012-10-17"
          },
          "sensitive_attributes": []
        }
      ]
    },
    {
      "module": "module.cluster.module.role__fargate_profile",
      "mode": "data",
      "type": "aws_partition",
      "name": "this",
      "provider": "provider[\"registry.terraform.io/hashicorp/aws\"]",
      "instances": [
        {
          "schema_version": 0,
          "attributes": {
            "dns_suffix": "amazonaws.com",
            "id": "aws",
            "partition": "aws",
            "reverse_dns_prefix": "com.amazonaws"
          },
          "sensitive_attributes": []
        }
      ]
    },
    {
      "module": "module.cluster.module.role__fargate_profile",
      "mode": "managed",
      "type": "aws_iam_role",
      "name": "this",
      "provider": "provider[\"registry.terraform.io/hashicorp/aws\"]",
      "instances": [
        {
          "schema_version": 0,
          "attributes": {
            "arn": "arn:aws:iam::594311320189:role/eks-kkhdevs-cluster-fargate-profile",
            "assume_role_policy": "{\"Version\":\"2012-10-17\",\"Statement\":[{\"Sid\":\"TrustedServices\",\"Effect\":\"Allow\",\"Principal\":{\"Service\":\"eks-fargate-pods.amazonaws.com\"},\"Action\":\"sts:AssumeRole\"}]}",
            "create_date": "2022-06-24T06:11:14Z",
            "description": "Role for the EKS cluster(kkhdevs-cluster) Fargate profiles",
            "force_detach_policies": false,
            "id": "eks-kkhdevs-cluster-fargate-profile",
            "inline_policy": [
              {
                "name": "",
                "policy": ""
              }
            ],
            "managed_policy_arns": [],
            "max_session_duration": 3600,
            "name": "eks-kkhdevs-cluster-fargate-profile",
            "name_prefix": "",
            "path": "/",
            "permissions_boundary": "",
            "tags": {
              "Name": "eks-kkhdevs-cluster-fargate-profile",
              "module.terraform.io/full-name": "terraform-aws-container/eks-cluster",
              "module.terraform.io/instance": "kkhdevs-cluster",
              "module.terraform.io/name": "eks-cluster",
              "module.terraform.io/package": "terraform-aws-container",
              "module.terraform.io/version": "0.14.0"
            },
            "tags_all": {
              "Name": "eks-kkhdevs-cluster-fargate-profile",
              "module.terraform.io/full-name": "terraform-aws-container/eks-cluster",
              "module.terraform.io/instance": "kkhdevs-cluster",
              "module.terraform.io/name": "eks-cluster",
              "module.terraform.io/package": "terraform-aws-container",
              "module.terraform.io/version": "0.14.0"
            },
            "unique_id": "AROAYUX5XCJ65RLRIB5UO"
          },
          "sensitive_attributes": [],
          "private": "bnVsbA==",
          "dependencies": [
            "module.cluster.module.role__fargate_profile.data.aws_iam_policy_document.assume_role"
          ],
          "create_before_destroy": true
        }
      ]
    },
    {
      "module": "module.cluster.module.role__fargate_profile",
      "mode": "managed",
      "type": "aws_iam_role_policy_attachment",
      "name": "managed",
      "provider": "provider[\"registry.terraform.io/hashicorp/aws\"]",
      "instances": [
        {
          "index_key": "arn:aws:iam::aws:policy/AmazonEKSFargatePodExecutionRolePolicy",
          "schema_version": 0,
          "attributes": {
            "id": "eks-kkhdevs-cluster-fargate-profile-20220624061119748600000006",
            "policy_arn": "arn:aws:iam::aws:policy/AmazonEKSFargatePodExecutionRolePolicy",
            "role": "eks-kkhdevs-cluster-fargate-profile"
          },
          "sensitive_attributes": [],
          "private": "bnVsbA==",
          "dependencies": [
            "module.cluster.module.role__fargate_profile.aws_iam_role.this",
            "module.cluster.module.role__fargate_profile.data.aws_iam_policy_document.assume_role"
          ],
          "create_before_destroy": true
        }
      ]
    },
    {
      "module": "module.cluster.module.role__node",
      "mode": "data",
      "type": "aws_caller_identity",
      "name": "this",
      "provider": "provider[\"registry.terraform.io/hashicorp/aws\"]",
      "instances": [
        {
          "schema_version": 0,
          "attributes": {
            "account_id": "594311320189",
            "arn": "arn:aws:iam::594311320189:root",
            "id": "594311320189",
            "user_id": "594311320189"
          },
          "sensitive_attributes": []
        }
      ]
    },
    {
      "module": "module.cluster.module.role__node",
      "mode": "data",
      "type": "aws_iam_policy_document",
      "name": "assume_role",
      "provider": "provider[\"registry.terraform.io/hashicorp/aws\"]",
      "instances": [
        {
          "schema_version": 0,
          "attributes": {
            "id": "3854639675",
            "json": "{\n  \"Version\": \"2012-10-17\",\n  \"Statement\": [\n    {\n      \"Sid\": \"TrustedServices\",\n      \"Effect\": \"Allow\",\n      \"Action\": \"sts:AssumeRole\",\n      \"Principal\": {\n        \"Service\": \"ec2.amazonaws.com\"\n      }\n    }\n  ]\n}",
            "override_json": null,
            "override_policy_documents": null,
            "policy_id": null,
            "source_json": null,
            "source_policy_documents": [
              "{\n  \"Version\": \"2012-10-17\",\n  \"Statement\": [\n    {\n      \"Sid\": \"TrustedServices\",\n      \"Effect\": \"Allow\",\n      \"Action\": \"sts:AssumeRole\",\n      \"Principal\": {\n        \"Service\": \"ec2.amazonaws.com\"\n      }\n    }\n  ]\n}"
            ],
            "statement": null,
            "version": "2012-10-17"
          },
          "sensitive_attributes": []
        }
      ]
    },
    {
      "module": "module.cluster.module.role__node",
      "mode": "data",
      "type": "aws_iam_policy_document",
      "name": "trusted_services",
      "provider": "provider[\"registry.terraform.io/hashicorp/aws\"]",
      "instances": [
        {
          "index_key": "this",
          "schema_version": 0,
          "attributes": {
            "id": "3854639675",
            "json": "{\n  \"Version\": \"2012-10-17\",\n  \"Statement\": [\n    {\n      \"Sid\": \"TrustedServices\",\n      \"Effect\": \"Allow\",\n      \"Action\": \"sts:AssumeRole\",\n      \"Principal\": {\n        \"Service\": \"ec2.amazonaws.com\"\n      }\n    }\n  ]\n}",
            "override_json": null,
            "override_policy_documents": null,
            "policy_id": null,
            "source_json": null,
            "source_policy_documents": null,
            "statement": [
              {
                "actions": [
                  "sts:AssumeRole"
                ],
                "condition": [],
                "effect": "Allow",
                "not_actions": [],
                "not_principals": [],
                "not_resources": [],
                "principals": [
                  {
                    "identifiers": [
                      "ec2.amazonaws.com"
                    ],
                    "type": "Service"
                  }
                ],
                "resources": [],
                "sid": "TrustedServices"
              }
            ],
            "version": "2012-10-17"
          },
          "sensitive_attributes": []
        }
      ]
    },
    {
      "module": "module.cluster.module.role__node",
      "mode": "data",
      "type": "aws_partition",
      "name": "this",
      "provider": "provider[\"registry.terraform.io/hashicorp/aws\"]",
      "instances": [
        {
          "schema_version": 0,
          "attributes": {
            "dns_suffix": "amazonaws.com",
            "id": "aws",
            "partition": "aws",
            "reverse_dns_prefix": "com.amazonaws"
          },
          "sensitive_attributes": []
        }
      ]
    },
    {
      "module": "module.cluster.module.role__node",
      "mode": "managed",
      "type": "aws_iam_instance_profile",
      "name": "this",
      "provider": "provider[\"registry.terraform.io/hashicorp/aws\"]",
      "instances": [
        {
          "index_key": 0,
          "schema_version": 0,
          "attributes": {
            "arn": "arn:aws:iam::594311320189:instance-profile/eks-kkhdevs-cluster-node",
            "create_date": "2022-06-24T06:11:19Z",
            "id": "eks-kkhdevs-cluster-node",
            "name": "eks-kkhdevs-cluster-node",
            "name_prefix": null,
            "path": "/",
            "role": "eks-kkhdevs-cluster-node",
            "tags": {
              "Name": "eks-kkhdevs-cluster-node",
              "module.terraform.io/full-name": "terraform-aws-container/eks-cluster",
              "module.terraform.io/instance": "kkhdevs-cluster",
              "module.terraform.io/name": "eks-cluster",
              "module.terraform.io/package": "terraform-aws-container",
              "module.terraform.io/version": "0.14.0"
            },
            "tags_all": {
              "Name": "eks-kkhdevs-cluster-node",
              "module.terraform.io/full-name": "terraform-aws-container/eks-cluster",
              "module.terraform.io/instance": "kkhdevs-cluster",
              "module.terraform.io/name": "eks-cluster",
              "module.terraform.io/package": "terraform-aws-container",
              "module.terraform.io/version": "0.14.0"
            },
            "unique_id": "AIPAYUX5XCJ636WTDEVNK"
          },
          "sensitive_attributes": [],
          "private": "bnVsbA==",
          "dependencies": [
            "module.cluster.module.role__node.aws_iam_role.this",
            "module.cluster.module.role__node.data.aws_iam_policy_document.assume_role"
          ],
          "create_before_destroy": true
        }
      ]
    },
    {
      "module": "module.cluster.module.role__node",
      "mode": "managed",
      "type": "aws_iam_role",
      "name": "this",
      "provider": "provider[\"registry.terraform.io/hashicorp/aws\"]",
      "instances": [
        {
          "schema_version": 0,
          "attributes": {
            "arn": "arn:aws:iam::594311320189:role/eks-kkhdevs-cluster-node",
            "assume_role_policy": "{\"Version\":\"2012-10-17\",\"Statement\":[{\"Sid\":\"TrustedServices\",\"Effect\":\"Allow\",\"Principal\":{\"Service\":\"ec2.amazonaws.com\"},\"Action\":\"sts:AssumeRole\"}]}",
            "create_date": "2022-06-24T06:11:14Z",
            "description": "Role for the EKS cluster(kkhdevs-cluster) nodes",
            "force_detach_policies": false,
            "id": "eks-kkhdevs-cluster-node",
            "inline_policy": [
              {
                "name": "",
                "policy": ""
              }
            ],
            "managed_policy_arns": [],
            "max_session_duration": 3600,
            "name": "eks-kkhdevs-cluster-node",
            "name_prefix": "",
            "path": "/",
            "permissions_boundary": "",
            "tags": {
              "Name": "eks-kkhdevs-cluster-node",
              "module.terraform.io/full-name": "terraform-aws-container/eks-cluster",
              "module.terraform.io/instance": "kkhdevs-cluster",
              "module.terraform.io/name": "eks-cluster",
              "module.terraform.io/package": "terraform-aws-container",
              "module.terraform.io/version": "0.14.0"
            },
            "tags_all": {
              "Name": "eks-kkhdevs-cluster-node",
              "module.terraform.io/full-name": "terraform-aws-container/eks-cluster",
              "module.terraform.io/instance": "kkhdevs-cluster",
              "module.terraform.io/name": "eks-cluster",
              "module.terraform.io/package": "terraform-aws-container",
              "module.terraform.io/version": "0.14.0"
            },
            "unique_id": "AROAYUX5XCJ66WODNLXQO"
          },
          "sensitive_attributes": [],
          "private": "bnVsbA==",
          "dependencies": [
            "module.cluster.module.role__node.data.aws_iam_policy_document.assume_role"
          ],
          "create_before_destroy": true
        }
      ]
    },
    {
      "module": "module.cluster.module.role__node",
      "mode": "managed",
      "type": "aws_iam_role_policy_attachment",
      "name": "managed",
      "provider": "provider[\"registry.terraform.io/hashicorp/aws\"]",
      "instances": [
        {
          "index_key": "arn:aws:iam::aws:policy/AmazonEC2ContainerRegistryReadOnly",
          "schema_version": 0,
          "attributes": {
            "id": "eks-kkhdevs-cluster-node-20220624061119717000000002",
            "policy_arn": "arn:aws:iam::aws:policy/AmazonEC2ContainerRegistryReadOnly",
            "role": "eks-kkhdevs-cluster-node"
          },
          "sensitive_attributes": [],
          "private": "bnVsbA==",
          "dependencies": [
            "module.cluster.module.role__node.aws_iam_role.this",
            "module.cluster.module.role__node.data.aws_iam_policy_document.assume_role"
          ],
          "create_before_destroy": true
        },
        {
          "index_key": "arn:aws:iam::aws:policy/AmazonEKSWorkerNodePolicy",
          "schema_version": 0,
          "attributes": {
            "id": "eks-kkhdevs-cluster-node-20220624061119741400000004",
            "policy_arn": "arn:aws:iam::aws:policy/AmazonEKSWorkerNodePolicy",
            "role": "eks-kkhdevs-cluster-node"
          },
          "sensitive_attributes": [],
          "private": "bnVsbA==",
          "dependencies": [
            "module.cluster.module.role__node.aws_iam_role.this",
            "module.cluster.module.role__node.data.aws_iam_policy_document.assume_role"
          ],
          "create_before_destroy": true
        },
        {
          "index_key": "arn:aws:iam::aws:policy/AmazonEKS_CNI_Policy",
          "schema_version": 0,
          "attributes": {
            "id": "eks-kkhdevs-cluster-node-20220624061119740800000003",
            "policy_arn": "arn:aws:iam::aws:policy/AmazonEKS_CNI_Policy",
            "role": "eks-kkhdevs-cluster-node"
          },
          "sensitive_attributes": [],
          "private": "bnVsbA==",
          "dependencies": [
            "module.cluster.module.role__node.aws_iam_role.this",
            "module.cluster.module.role__node.data.aws_iam_policy_document.assume_role"
          ],
          "create_before_destroy": true
        }
      ]
    },
    {
      "module": "module.cluster.module.security_group__control_plane",
      "mode": "managed",
      "type": "aws_security_group",
      "name": "this",
      "provider": "provider[\"registry.terraform.io/hashicorp/aws\"]",
      "instances": [
        {
          "schema_version": 1,
          "attributes": {
            "arn": "arn:aws:ec2:ap-northeast-2:594311320189:security-group/sg-0ab0b3f7a075d2117",
            "description": "Security Group for EKS Control Plane.",
            "egress": [],
            "id": "sg-0ab0b3f7a075d2117",
            "ingress": [],
            "name": "eks-kkhdevs-cluster-control-plane",
            "name_prefix": "",
            "owner_id": "594311320189",
            "revoke_rules_on_delete": false,
            "tags": {
              "Name": "eks-kkhdevs-cluster-control-plane",
              "kubernetes.io/cluster/kkhdevs-cluster": "owned",
              "module.terraform.io/full-name": "terraform-aws-container/eks-cluster",
              "module.terraform.io/instance": "kkhdevs-cluster",
              "module.terraform.io/name": "eks-cluster",
              "module.terraform.io/package": "terraform-aws-container",
              "module.terraform.io/version": "0.14.0"
            },
            "tags_all": {
              "Name": "eks-kkhdevs-cluster-control-plane",
              "kubernetes.io/cluster/kkhdevs-cluster": "owned",
              "module.terraform.io/full-name": "terraform-aws-container/eks-cluster",
              "module.terraform.io/instance": "kkhdevs-cluster",
              "module.terraform.io/name": "eks-cluster",
              "module.terraform.io/package": "terraform-aws-container",
              "module.terraform.io/version": "0.14.0"
            },
            "timeouts": null,
            "vpc_id": "vpc-08d97d7138f25344d"
          },
          "sensitive_attributes": [],
          "private": "eyJlMmJmYjczMC1lY2FhLTExZTYtOGY4OC0zNDM2M2JjN2M0YzAiOnsiY3JlYXRlIjo2MDAwMDAwMDAwMDAsImRlbGV0ZSI6OTAwMDAwMDAwMDAwfSwic2NoZW1hX3ZlcnNpb24iOiIxIn0=",
          "dependencies": [
            "module.cluster.data.aws_subnet.selected"
          ],
          "create_before_destroy": true
        }
      ]
    },
    {
      "module": "module.cluster.module.security_group__control_plane",
      "mode": "managed",
      "type": "aws_security_group_rule",
      "name": "egress",
      "provider": "provider[\"registry.terraform.io/hashicorp/aws\"]",
      "instances": [
        {
          "index_key": "ephemeral/nodes",
          "schema_version": 2,
          "attributes": {
            "cidr_blocks": null,
            "description": "Allow control plane to ephemrally communicate with nodes.",
            "from_port": 1025,
            "id": "sgrule-2182631792",
            "ipv6_cidr_blocks": null,
            "prefix_list_ids": null,
            "protocol": "tcp",
            "security_group_id": "sg-0ab0b3f7a075d2117",
            "self": false,
            "source_security_group_id": "sg-08082abf20a87baa6",
            "to_port": 65535,
            "type": "egress"
          },
          "sensitive_attributes": [],
          "private": "eyJzY2hlbWFfdmVyc2lvbiI6IjIifQ==",
          "dependencies": [
            "module.cluster.data.aws_subnet.selected",
            "module.cluster.module.security_group__control_plane.aws_security_group.this",
            "module.cluster.module.security_group__node.aws_security_group.this",
            "module.cluster.module.security_group__pod.aws_security_group.this"
          ]
        },
        {
          "index_key": "ephemeral/pods",
          "schema_version": 2,
          "attributes": {
            "cidr_blocks": null,
            "description": "Allow control plane to ephemrally communicate with pods.",
            "from_port": 1025,
            "id": "sgrule-1381781078",
            "ipv6_cidr_blocks": null,
            "prefix_list_ids": null,
            "protocol": "tcp",
            "security_group_id": "sg-0ab0b3f7a075d2117",
            "self": false,
            "source_security_group_id": "sg-0d17f4f30f351416e",
            "to_port": 65535,
            "type": "egress"
          },
          "sensitive_attributes": [],
          "private": "eyJzY2hlbWFfdmVyc2lvbiI6IjIifQ==",
          "dependencies": [
            "module.cluster.data.aws_subnet.selected",
            "module.cluster.module.security_group__control_plane.aws_security_group.this",
            "module.cluster.module.security_group__node.aws_security_group.this",
            "module.cluster.module.security_group__pod.aws_security_group.this"
          ]
        }
      ]
    },
    {
      "module": "module.cluster.module.security_group__control_plane",
      "mode": "managed",
      "type": "aws_security_group_rule",
      "name": "ingress",
      "provider": "provider[\"registry.terraform.io/hashicorp/aws\"]",
      "instances": [
        {
          "index_key": "cluster-api/cidrs",
          "schema_version": 2,
          "attributes": {
            "cidr_blocks": [
              "10.222.0.0/16"
            ],
            "description": "Allow CIDRs to communicate with the cluster API server.",
            "from_port": 443,
            "id": "sgrule-1152756419",
            "ipv6_cidr_blocks": null,
            "prefix_list_ids": null,
            "protocol": "tcp",
            "security_group_id": "sg-0ab0b3f7a075d2117",
            "self": false,
            "source_security_group_id": null,
            "to_port": 443,
            "type": "ingress"
          },
          "sensitive_attributes": [],
          "private": "eyJzY2hlbWFfdmVyc2lvbiI6IjIifQ==",
          "dependencies": [
            "data.terraform_remote_state.network",
            "module.cluster.data.aws_subnet.selected",
            "module.cluster.module.security_group__control_plane.aws_security_group.this",
            "module.cluster.module.security_group__node.aws_security_group.this",
            "module.cluster.module.security_group__pod.aws_security_group.this"
          ]
        },
        {
          "index_key": "cluster-api/nodes",
          "schema_version": 2,
          "attributes": {
            "cidr_blocks": null,
            "description": "Allow nodes to communicate with the cluster API server.",
            "from_port": 443,
            "id": "sgrule-3299615271",
            "ipv6_cidr_blocks": null,
            "prefix_list_ids": null,
            "protocol": "tcp",
            "security_group_id": "sg-0ab0b3f7a075d2117",
            "self": false,
            "source_security_group_id": "sg-08082abf20a87baa6",
            "to_port": 443,
            "type": "ingress"
          },
          "sensitive_attributes": [],
          "private": "eyJzY2hlbWFfdmVyc2lvbiI6IjIifQ==",
          "dependencies": [
            "data.terraform_remote_state.network",
            "module.cluster.data.aws_subnet.selected",
            "module.cluster.module.security_group__control_plane.aws_security_group.this",
            "module.cluster.module.security_group__node.aws_security_group.this",
            "module.cluster.module.security_group__pod.aws_security_group.this"
          ]
        },
        {
          "index_key": "cluster-api/pods",
          "schema_version": 2,
          "attributes": {
            "cidr_blocks": null,
            "description": "Allow pods to communicate with the cluster API server.",
            "from_port": 443,
            "id": "sgrule-350764289",
            "ipv6_cidr_blocks": null,
            "prefix_list_ids": null,
            "protocol": "tcp",
            "security_group_id": "sg-0ab0b3f7a075d2117",
            "self": false,
            "source_security_group_id": "sg-0d17f4f30f351416e",
            "to_port": 443,
            "type": "ingress"
          },
          "sensitive_attributes": [],
          "private": "eyJzY2hlbWFfdmVyc2lvbiI6IjIifQ==",
          "dependencies": [
            "data.terraform_remote_state.network",
            "module.cluster.data.aws_subnet.selected",
            "module.cluster.module.security_group__control_plane.aws_security_group.this",
            "module.cluster.module.security_group__node.aws_security_group.this",
            "module.cluster.module.security_group__pod.aws_security_group.this"
          ]
        }
      ]
    },
    {
      "module": "module.cluster.module.security_group__node",
      "mode": "managed",
      "type": "aws_security_group",
      "name": "this",
      "provider": "provider[\"registry.terraform.io/hashicorp/aws\"]",
      "instances": [
        {
          "schema_version": 1,
          "attributes": {
            "arn": "arn:aws:ec2:ap-northeast-2:594311320189:security-group/sg-08082abf20a87baa6",
            "description": "Security Group for all nodes in the EKS cluster.",
            "egress": [],
            "id": "sg-08082abf20a87baa6",
            "ingress": [],
            "name": "eks-kkhdevs-cluster-node",
            "name_prefix": "",
            "owner_id": "594311320189",
            "revoke_rules_on_delete": false,
            "tags": {
              "Name": "eks-kkhdevs-cluster-node",
              "kubernetes.io/cluster/kkhdevs-cluster": "owned",
              "module.terraform.io/full-name": "terraform-aws-container/eks-cluster",
              "module.terraform.io/instance": "kkhdevs-cluster",
              "module.terraform.io/name": "eks-cluster",
              "module.terraform.io/package": "terraform-aws-container",
              "module.terraform.io/version": "0.14.0"
            },
            "tags_all": {
              "Name": "eks-kkhdevs-cluster-node",
              "kubernetes.io/cluster/kkhdevs-cluster": "owned",
              "module.terraform.io/full-name": "terraform-aws-container/eks-cluster",
              "module.terraform.io/instance": "kkhdevs-cluster",
              "module.terraform.io/name": "eks-cluster",
              "module.terraform.io/package": "terraform-aws-container",
              "module.terraform.io/version": "0.14.0"
            },
            "timeouts": null,
            "vpc_id": "vpc-08d97d7138f25344d"
          },
          "sensitive_attributes": [],
          "private": "eyJlMmJmYjczMC1lY2FhLTExZTYtOGY4OC0zNDM2M2JjN2M0YzAiOnsiY3JlYXRlIjo2MDAwMDAwMDAwMDAsImRlbGV0ZSI6OTAwMDAwMDAwMDAwfSwic2NoZW1hX3ZlcnNpb24iOiIxIn0=",
          "dependencies": [
            "module.cluster.data.aws_subnet.selected"
          ],
          "create_before_destroy": true
        }
      ]
    },
    {
      "module": "module.cluster.module.security_group__node",
      "mode": "managed",
      "type": "aws_security_group_rule",
      "name": "egress",
      "provider": "provider[\"registry.terraform.io/hashicorp/aws\"]",
      "instances": [
        {
          "index_key": "all/all",
          "schema_version": 2,
          "attributes": {
            "cidr_blocks": [
              "0.0.0.0/0"
            ],
            "description": "Allow nodes egress access to the Internet.",
            "from_port": 0,
            "id": "sgrule-3381256458",
            "ipv6_cidr_blocks": null,
            "prefix_list_ids": null,
            "protocol": "-1",
            "security_group_id": "sg-08082abf20a87baa6",
            "self": false,
            "source_security_group_id": null,
            "to_port": 0,
            "type": "egress"
          },
          "sensitive_attributes": [],
          "private": "eyJzY2hlbWFfdmVyc2lvbiI6IjIifQ==",
          "dependencies": [
            "data.terraform_remote_state.network",
            "module.cluster.aws_cloudwatch_log_group.this",
            "module.cluster.aws_eks_cluster.this",
            "module.cluster.data.aws_subnet.selected",
            "module.cluster.module.role__control_plane.aws_iam_instance_profile.this",
            "module.cluster.module.role__control_plane.aws_iam_role.this",
            "module.cluster.module.role__control_plane.aws_iam_role_policy.inline",
            "module.cluster.module.role__control_plane.aws_iam_role_policy_attachment.managed",
            "module.cluster.module.role__control_plane.aws_resourcegroups_group.this",
            "module.cluster.module.role__control_plane.data.aws_caller_identity.this",
            "module.cluster.module.role__control_plane.data.aws_iam_policy_document.assume_role",
            "module.cluster.module.role__control_plane.data.aws_iam_policy_document.trusted_iam_entities",
            "module.cluster.module.role__control_plane.data.aws_iam_policy_document.trusted_oidc_providers",
            "module.cluster.module.role__control_plane.data.aws_iam_policy_document.trusted_saml_providers",
            "module.cluster.module.role__control_plane.data.aws_iam_policy_document.trusted_services",
            "module.cluster.module.role__control_plane.data.aws_partition.this",
            "module.cluster.module.security_group__control_plane.aws_security_group.this",
            "module.cluster.module.security_group__node.aws_security_group.this"
          ]
        },
        {
          "index_key": "all/cluster",
          "schema_version": 2,
          "attributes": {
            "cidr_blocks": null,
            "description": "Allow nodes egress access to the cluster security group(for fargate pods).",
            "from_port": 0,
            "id": "sgrule-4128016573",
            "ipv6_cidr_blocks": null,
            "prefix_list_ids": null,
            "protocol": "-1",
            "security_group_id": "sg-08082abf20a87baa6",
            "self": false,
            "source_security_group_id": "sg-087e2be720c572c57",
            "to_port": 0,
            "type": "egress"
          },
          "sensitive_attributes": [],
          "private": "eyJzY2hlbWFfdmVyc2lvbiI6IjIifQ==",
          "dependencies": [
            "data.terraform_remote_state.network",
            "module.cluster.aws_cloudwatch_log_group.this",
            "module.cluster.aws_eks_cluster.this",
            "module.cluster.data.aws_subnet.selected",
            "module.cluster.module.role__control_plane.aws_iam_instance_profile.this",
            "module.cluster.module.role__control_plane.aws_iam_role.this",
            "module.cluster.module.role__control_plane.aws_iam_role_policy.inline",
            "module.cluster.module.role__control_plane.aws_iam_role_policy_attachment.managed",
            "module.cluster.module.role__control_plane.aws_resourcegroups_group.this",
            "module.cluster.module.role__control_plane.data.aws_caller_identity.this",
            "module.cluster.module.role__control_plane.data.aws_iam_policy_document.assume_role",
            "module.cluster.module.role__control_plane.data.aws_iam_policy_document.trusted_iam_entities",
            "module.cluster.module.role__control_plane.data.aws_iam_policy_document.trusted_oidc_providers",
            "module.cluster.module.role__control_plane.data.aws_iam_policy_document.trusted_saml_providers",
            "module.cluster.module.role__control_plane.data.aws_iam_policy_document.trusted_services",
            "module.cluster.module.role__control_plane.data.aws_partition.this",
            "module.cluster.module.security_group__control_plane.aws_security_group.this",
            "module.cluster.module.security_group__node.aws_security_group.this"
          ]
        }
      ]
    },
    {
      "module": "module.cluster.module.security_group__node",
      "mode": "managed",
      "type": "aws_security_group_rule",
      "name": "ingress",
      "provider": "provider[\"registry.terraform.io/hashicorp/aws\"]",
      "instances": [
        {
          "index_key": "all/cluster",
          "schema_version": 2,
          "attributes": {
            "cidr_blocks": null,
            "description": "Allow nodes to communicate from the cluster security group(for fargate pods).",
            "from_port": 0,
            "id": "sgrule-4190698722",
            "ipv6_cidr_blocks": null,
            "prefix_list_ids": null,
            "protocol": "-1",
            "security_group_id": "sg-08082abf20a87baa6",
            "self": false,
            "source_security_group_id": "sg-087e2be720c572c57",
            "to_port": 0,
            "type": "ingress"
          },
          "sensitive_attributes": [],
          "private": "eyJzY2hlbWFfdmVyc2lvbiI6IjIifQ==",
          "dependencies": [
            "data.terraform_remote_state.network",
            "module.cluster.aws_cloudwatch_log_group.this",
            "module.cluster.aws_eks_cluster.this",
            "module.cluster.data.aws_subnet.selected",
            "module.cluster.module.role__control_plane.aws_iam_instance_profile.this",
            "module.cluster.module.role__control_plane.aws_iam_role.this",
            "module.cluster.module.role__control_plane.aws_iam_role_policy.inline",
            "module.cluster.module.role__control_plane.aws_iam_role_policy_attachment.managed",
            "module.cluster.module.role__control_plane.aws_resourcegroups_group.this",
            "module.cluster.module.role__control_plane.data.aws_caller_identity.this",
            "module.cluster.module.role__control_plane.data.aws_iam_policy_document.assume_role",
            "module.cluster.module.role__control_plane.data.aws_iam_policy_document.trusted_iam_entities",
            "module.cluster.module.role__control_plane.data.aws_iam_policy_document.trusted_oidc_providers",
            "module.cluster.module.role__control_plane.data.aws_iam_policy_document.trusted_saml_providers",
            "module.cluster.module.role__control_plane.data.aws_iam_policy_document.trusted_services",
            "module.cluster.module.role__control_plane.data.aws_partition.this",
            "module.cluster.module.security_group__control_plane.aws_security_group.this",
            "module.cluster.module.security_group__node.aws_security_group.this",
            "module.cluster.module.security_group__pod.aws_security_group.this"
          ]
        },
        {
          "index_key": "all/self",
          "schema_version": 2,
          "attributes": {
            "cidr_blocks": null,
            "description": "Allow nodes to communicate each others.",
            "from_port": 0,
            "id": "sgrule-949332854",
            "ipv6_cidr_blocks": null,
            "prefix_list_ids": null,
            "protocol": "-1",
            "security_group_id": "sg-08082abf20a87baa6",
            "self": true,
            "source_security_group_id": null,
            "to_port": 0,
            "type": "ingress"
          },
          "sensitive_attributes": [],
          "private": "eyJzY2hlbWFfdmVyc2lvbiI6IjIifQ==",
          "dependencies": [
            "data.terraform_remote_state.network",
            "module.cluster.aws_cloudwatch_log_group.this",
            "module.cluster.aws_eks_cluster.this",
            "module.cluster.data.aws_subnet.selected",
            "module.cluster.module.role__control_plane.aws_iam_instance_profile.this",
            "module.cluster.module.role__control_plane.aws_iam_role.this",
            "module.cluster.module.role__control_plane.aws_iam_role_policy.inline",
            "module.cluster.module.role__control_plane.aws_iam_role_policy_attachment.managed",
            "module.cluster.module.role__control_plane.aws_resourcegroups_group.this",
            "module.cluster.module.role__control_plane.data.aws_caller_identity.this",
            "module.cluster.module.role__control_plane.data.aws_iam_policy_document.assume_role",
            "module.cluster.module.role__control_plane.data.aws_iam_policy_document.trusted_iam_entities",
            "module.cluster.module.role__control_plane.data.aws_iam_policy_document.trusted_oidc_providers",
            "module.cluster.module.role__control_plane.data.aws_iam_policy_document.trusted_saml_providers",
            "module.cluster.module.role__control_plane.data.aws_iam_policy_document.trusted_services",
            "module.cluster.module.role__control_plane.data.aws_partition.this",
            "module.cluster.module.security_group__control_plane.aws_security_group.this",
            "module.cluster.module.security_group__node.aws_security_group.this",
            "module.cluster.module.security_group__pod.aws_security_group.this"
          ]
        },
        {
          "index_key": "ephemeral/control-plane",
          "schema_version": 2,
          "attributes": {
            "cidr_blocks": null,
            "description": "Allow nodes to receive communication from the cluster control plane.",
            "from_port": 1025,
            "id": "sgrule-2790616795",
            "ipv6_cidr_blocks": null,
            "prefix_list_ids": null,
            "protocol": "tcp",
            "security_group_id": "sg-08082abf20a87baa6",
            "self": false,
            "source_security_group_id": "sg-0ab0b3f7a075d2117",
            "to_port": 65535,
            "type": "ingress"
          },
          "sensitive_attributes": [],
          "private": "eyJzY2hlbWFfdmVyc2lvbiI6IjIifQ==",
          "dependencies": [
            "data.terraform_remote_state.network",
            "module.cluster.aws_cloudwatch_log_group.this",
            "module.cluster.aws_eks_cluster.this",
            "module.cluster.data.aws_subnet.selected",
            "module.cluster.module.role__control_plane.aws_iam_instance_profile.this",
            "module.cluster.module.role__control_plane.aws_iam_role.this",
            "module.cluster.module.role__control_plane.aws_iam_role_policy.inline",
            "module.cluster.module.role__control_plane.aws_iam_role_policy_attachment.managed",
            "module.cluster.module.role__control_plane.aws_resourcegroups_group.this",
            "module.cluster.module.role__control_plane.data.aws_caller_identity.this",
            "module.cluster.module.role__control_plane.data.aws_iam_policy_document.assume_role",
            "module.cluster.module.role__control_plane.data.aws_iam_policy_document.trusted_iam_entities",
            "module.cluster.module.role__control_plane.data.aws_iam_policy_document.trusted_oidc_providers",
            "module.cluster.module.role__control_plane.data.aws_iam_policy_document.trusted_saml_providers",
            "module.cluster.module.role__control_plane.data.aws_iam_policy_document.trusted_services",
            "module.cluster.module.role__control_plane.data.aws_partition.this",
            "module.cluster.module.security_group__control_plane.aws_security_group.this",
            "module.cluster.module.security_group__node.aws_security_group.this",
            "module.cluster.module.security_group__pod.aws_security_group.this"
          ]
        },
        {
          "index_key": "kubelet/control-plane",
          "schema_version": 2,
          "attributes": {
            "cidr_blocks": null,
            "description": "Allow nodes to receive communication from the cluster control plane for kubelet.",
            "from_port": 10250,
            "id": "sgrule-1106151250",
            "ipv6_cidr_blocks": null,
            "prefix_list_ids": null,
            "protocol": "tcp",
            "security_group_id": "sg-08082abf20a87baa6",
            "self": false,
            "source_security_group_id": "sg-0ab0b3f7a075d2117",
            "to_port": 10250,
            "type": "ingress"
          },
          "sensitive_attributes": [],
          "private": "eyJzY2hlbWFfdmVyc2lvbiI6IjIifQ==",
          "dependencies": [
            "data.terraform_remote_state.network",
            "module.cluster.aws_cloudwatch_log_group.this",
            "module.cluster.aws_eks_cluster.this",
            "module.cluster.data.aws_subnet.selected",
            "module.cluster.module.role__control_plane.aws_iam_instance_profile.this",
            "module.cluster.module.role__control_plane.aws_iam_role.this",
            "module.cluster.module.role__control_plane.aws_iam_role_policy.inline",
            "module.cluster.module.role__control_plane.aws_iam_role_policy_attachment.managed",
            "module.cluster.module.role__control_plane.aws_resourcegroups_group.this",
            "module.cluster.module.role__control_plane.data.aws_caller_identity.this",
            "module.cluster.module.role__control_plane.data.aws_iam_policy_document.assume_role",
            "module.cluster.module.role__control_plane.data.aws_iam_policy_document.trusted_iam_entities",
            "module.cluster.module.role__control_plane.data.aws_iam_policy_document.trusted_oidc_providers",
            "module.cluster.module.role__control_plane.data.aws_iam_policy_document.trusted_saml_providers",
            "module.cluster.module.role__control_plane.data.aws_iam_policy_document.trusted_services",
            "module.cluster.module.role__control_plane.data.aws_partition.this",
            "module.cluster.module.security_group__control_plane.aws_security_group.this",
            "module.cluster.module.security_group__node.aws_security_group.this",
            "module.cluster.module.security_group__pod.aws_security_group.this"
          ]
        },
        {
          "index_key": "kubelet/pods",
          "schema_version": 2,
          "attributes": {
            "cidr_blocks": null,
            "description": "Allow nodes to receive communication from the pods for kubelet.",
            "from_port": 10250,
            "id": "sgrule-2824474524",
            "ipv6_cidr_blocks": null,
            "prefix_list_ids": null,
            "protocol": "tcp",
            "security_group_id": "sg-08082abf20a87baa6",
            "self": false,
            "source_security_group_id": "sg-0d17f4f30f351416e",
            "to_port": 10250,
            "type": "ingress"
          },
          "sensitive_attributes": [],
          "private": "eyJzY2hlbWFfdmVyc2lvbiI6IjIifQ==",
          "dependencies": [
            "data.terraform_remote_state.network",
            "module.cluster.aws_cloudwatch_log_group.this",
            "module.cluster.aws_eks_cluster.this",
            "module.cluster.data.aws_subnet.selected",
            "module.cluster.module.role__control_plane.aws_iam_instance_profile.this",
            "module.cluster.module.role__control_plane.aws_iam_role.this",
            "module.cluster.module.role__control_plane.aws_iam_role_policy.inline",
            "module.cluster.module.role__control_plane.aws_iam_role_policy_attachment.managed",
            "module.cluster.module.role__control_plane.aws_resourcegroups_group.this",
            "module.cluster.module.role__control_plane.data.aws_caller_identity.this",
            "module.cluster.module.role__control_plane.data.aws_iam_policy_document.assume_role",
            "module.cluster.module.role__control_plane.data.aws_iam_policy_document.trusted_iam_entities",
            "module.cluster.module.role__control_plane.data.aws_iam_policy_document.trusted_oidc_providers",
            "module.cluster.module.role__control_plane.data.aws_iam_policy_document.trusted_saml_providers",
            "module.cluster.module.role__control_plane.data.aws_iam_policy_document.trusted_services",
            "module.cluster.module.role__control_plane.data.aws_partition.this",
            "module.cluster.module.security_group__control_plane.aws_security_group.this",
            "module.cluster.module.security_group__node.aws_security_group.this",
            "module.cluster.module.security_group__pod.aws_security_group.this"
          ]
        },
        {
          "index_key": "node-exporter/pods",
          "schema_version": 2,
          "attributes": {
            "cidr_blocks": null,
            "description": "Allow nodes to receive communication from the pods for node-exporter.",
            "from_port": 9100,
            "id": "sgrule-3252296968",
            "ipv6_cidr_blocks": null,
            "prefix_list_ids": null,
            "protocol": "tcp",
            "security_group_id": "sg-08082abf20a87baa6",
            "self": false,
            "source_security_group_id": "sg-0d17f4f30f351416e",
            "to_port": 9100,
            "type": "ingress"
          },
          "sensitive_attributes": [],
          "private": "eyJzY2hlbWFfdmVyc2lvbiI6IjIifQ==",
          "dependencies": [
            "data.terraform_remote_state.network",
            "module.cluster.aws_cloudwatch_log_group.this",
            "module.cluster.aws_eks_cluster.this",
            "module.cluster.data.aws_subnet.selected",
            "module.cluster.module.role__control_plane.aws_iam_instance_profile.this",
            "module.cluster.module.role__control_plane.aws_iam_role.this",
            "module.cluster.module.role__control_plane.aws_iam_role_policy.inline",
            "module.cluster.module.role__control_plane.aws_iam_role_policy_attachment.managed",
            "module.cluster.module.role__control_plane.aws_resourcegroups_group.this",
            "module.cluster.module.role__control_plane.data.aws_caller_identity.this",
            "module.cluster.module.role__control_plane.data.aws_iam_policy_document.assume_role",
            "module.cluster.module.role__control_plane.data.aws_iam_policy_document.trusted_iam_entities",
            "module.cluster.module.role__control_plane.data.aws_iam_policy_document.trusted_oidc_providers",
            "module.cluster.module.role__control_plane.data.aws_iam_policy_document.trusted_saml_providers",
            "module.cluster.module.role__control_plane.data.aws_iam_policy_document.trusted_services",
            "module.cluster.module.role__control_plane.data.aws_partition.this",
            "module.cluster.module.security_group__control_plane.aws_security_group.this",
            "module.cluster.module.security_group__node.aws_security_group.this",
            "module.cluster.module.security_group__pod.aws_security_group.this"
          ]
        }
      ]
    },
    {
      "module": "module.cluster.module.security_group__pod",
      "mode": "managed",
      "type": "aws_security_group",
      "name": "this",
      "provider": "provider[\"registry.terraform.io/hashicorp/aws\"]",
      "instances": [
        {
          "schema_version": 1,
          "attributes": {
            "arn": "arn:aws:ec2:ap-northeast-2:594311320189:security-group/sg-0d17f4f30f351416e",
            "description": "Security Group for all pods in the EKS cluster.",
            "egress": [],
            "id": "sg-0d17f4f30f351416e",
            "ingress": [],
            "name": "eks-kkhdevs-cluster-pod",
            "name_prefix": "",
            "owner_id": "594311320189",
            "revoke_rules_on_delete": false,
            "tags": {
              "Name": "eks-kkhdevs-cluster-pod",
              "kubernetes.io/cluster/kkhdevs-cluster": "owned",
              "module.terraform.io/full-name": "terraform-aws-container/eks-cluster",
              "module.terraform.io/instance": "kkhdevs-cluster",
              "module.terraform.io/name": "eks-cluster",
              "module.terraform.io/package": "terraform-aws-container",
              "module.terraform.io/version": "0.14.0"
            },
            "tags_all": {
              "Name": "eks-kkhdevs-cluster-pod",
              "kubernetes.io/cluster/kkhdevs-cluster": "owned",
              "module.terraform.io/full-name": "terraform-aws-container/eks-cluster",
              "module.terraform.io/instance": "kkhdevs-cluster",
              "module.terraform.io/name": "eks-cluster",
              "module.terraform.io/package": "terraform-aws-container",
              "module.terraform.io/version": "0.14.0"
            },
            "timeouts": null,
            "vpc_id": "vpc-08d97d7138f25344d"
          },
          "sensitive_attributes": [],
          "private": "eyJlMmJmYjczMC1lY2FhLTExZTYtOGY4OC0zNDM2M2JjN2M0YzAiOnsiY3JlYXRlIjo2MDAwMDAwMDAwMDAsImRlbGV0ZSI6OTAwMDAwMDAwMDAwfSwic2NoZW1hX3ZlcnNpb24iOiIxIn0=",
          "dependencies": [
            "module.cluster.data.aws_subnet.selected"
          ],
          "create_before_destroy": true
        }
      ]
    },
    {
      "module": "module.cluster.module.security_group__pod",
      "mode": "managed",
      "type": "aws_security_group_rule",
      "name": "egress",
      "provider": "provider[\"registry.terraform.io/hashicorp/aws\"]",
      "instances": [
        {
          "index_key": "all/all",
          "schema_version": 2,
          "attributes": {
            "cidr_blocks": [
              "0.0.0.0/0"
            ],
            "description": "Allow pods to communicate to the Internet.",
            "from_port": 0,
            "id": "sgrule-283575254",
            "ipv6_cidr_blocks": null,
            "prefix_list_ids": null,
            "protocol": "-1",
            "security_group_id": "sg-0d17f4f30f351416e",
            "self": false,
            "source_security_group_id": null,
            "to_port": 0,
            "type": "egress"
          },
          "sensitive_attributes": [],
          "private": "eyJzY2hlbWFfdmVyc2lvbiI6IjIifQ==",
          "dependencies": [
            "module.cluster.data.aws_subnet.selected",
            "module.cluster.module.security_group__pod.aws_security_group.this"
          ]
        }
      ]
    },
    {
      "module": "module.cluster.module.security_group__pod",
      "mode": "managed",
      "type": "aws_security_group_rule",
      "name": "ingress",
      "provider": "provider[\"registry.terraform.io/hashicorp/aws\"]",
      "instances": [
        {
          "index_key": "all/cluster",
          "schema_version": 2,
          "attributes": {
            "cidr_blocks": null,
            "description": "Allow pods to communicate from the cluster security group(for fargate pods).",
            "from_port": 0,
            "id": "sgrule-3483030453",
            "ipv6_cidr_blocks": null,
            "prefix_list_ids": null,
            "protocol": "-1",
            "security_group_id": "sg-0d17f4f30f351416e",
            "self": false,
            "source_security_group_id": "sg-087e2be720c572c57",
            "to_port": 0,
            "type": "ingress"
          },
          "sensitive_attributes": [],
          "private": "eyJzY2hlbWFfdmVyc2lvbiI6IjIifQ==",
          "dependencies": [
            "data.terraform_remote_state.network",
            "module.cluster.aws_cloudwatch_log_group.this",
            "module.cluster.aws_eks_cluster.this",
            "module.cluster.data.aws_subnet.selected",
            "module.cluster.module.role__control_plane.aws_iam_instance_profile.this",
            "module.cluster.module.role__control_plane.aws_iam_role.this",
            "module.cluster.module.role__control_plane.aws_iam_role_policy.inline",
            "module.cluster.module.role__control_plane.aws_iam_role_policy_attachment.managed",
            "module.cluster.module.role__control_plane.aws_resourcegroups_group.this",
            "module.cluster.module.role__control_plane.data.aws_caller_identity.this",
            "module.cluster.module.role__control_plane.data.aws_iam_policy_document.assume_role",
            "module.cluster.module.role__control_plane.data.aws_iam_policy_document.trusted_iam_entities",
            "module.cluster.module.role__control_plane.data.aws_iam_policy_document.trusted_oidc_providers",
            "module.cluster.module.role__control_plane.data.aws_iam_policy_document.trusted_saml_providers",
            "module.cluster.module.role__control_plane.data.aws_iam_policy_document.trusted_services",
            "module.cluster.module.role__control_plane.data.aws_partition.this",
            "module.cluster.module.security_group__control_plane.aws_security_group.this",
            "module.cluster.module.security_group__node.aws_security_group.this",
            "module.cluster.module.security_group__pod.aws_security_group.this"
          ]
        },
        {
          "index_key": "all/nodes",
          "schema_version": 2,
          "attributes": {
            "cidr_blocks": null,
            "description": "Allow pods to communicate from the nodes.",
            "from_port": 0,
            "id": "sgrule-247956513",
            "ipv6_cidr_blocks": null,
            "prefix_list_ids": null,
            "protocol": "-1",
            "security_group_id": "sg-0d17f4f30f351416e",
            "self": false,
            "source_security_group_id": "sg-08082abf20a87baa6",
            "to_port": 0,
            "type": "ingress"
          },
          "sensitive_attributes": [],
          "private": "eyJzY2hlbWFfdmVyc2lvbiI6IjIifQ==",
          "dependencies": [
            "data.terraform_remote_state.network",
            "module.cluster.aws_cloudwatch_log_group.this",
            "module.cluster.aws_eks_cluster.this",
            "module.cluster.data.aws_subnet.selected",
            "module.cluster.module.role__control_plane.aws_iam_instance_profile.this",
            "module.cluster.module.role__control_plane.aws_iam_role.this",
            "module.cluster.module.role__control_plane.aws_iam_role_policy.inline",
            "module.cluster.module.role__control_plane.aws_iam_role_policy_attachment.managed",
            "module.cluster.module.role__control_plane.aws_resourcegroups_group.this",
            "module.cluster.module.role__control_plane.data.aws_caller_identity.this",
            "module.cluster.module.role__control_plane.data.aws_iam_policy_document.assume_role",
            "module.cluster.module.role__control_plane.data.aws_iam_policy_document.trusted_iam_entities",
            "module.cluster.module.role__control_plane.data.aws_iam_policy_document.trusted_oidc_providers",
            "module.cluster.module.role__control_plane.data.aws_iam_policy_document.trusted_saml_providers",
            "module.cluster.module.role__control_plane.data.aws_iam_policy_document.trusted_services",
            "module.cluster.module.role__control_plane.data.aws_partition.this",
            "module.cluster.module.security_group__control_plane.aws_security_group.this",
            "module.cluster.module.security_group__node.aws_security_group.this",
            "module.cluster.module.security_group__pod.aws_security_group.this"
          ]
        },
        {
          "index_key": "all/self",
          "schema_version": 2,
          "attributes": {
            "cidr_blocks": null,
            "description": "Allow pods to communicate each others.",
            "from_port": 0,
            "id": "sgrule-3733166855",
            "ipv6_cidr_blocks": null,
            "prefix_list_ids": null,
            "protocol": "-1",
            "security_group_id": "sg-0d17f4f30f351416e",
            "self": true,
            "source_security_group_id": null,
            "to_port": 0,
            "type": "ingress"
          },
          "sensitive_attributes": [],
          "private": "eyJzY2hlbWFfdmVyc2lvbiI6IjIifQ==",
          "dependencies": [
            "data.terraform_remote_state.network",
            "module.cluster.aws_cloudwatch_log_group.this",
            "module.cluster.aws_eks_cluster.this",
            "module.cluster.data.aws_subnet.selected",
            "module.cluster.module.role__control_plane.aws_iam_instance_profile.this",
            "module.cluster.module.role__control_plane.aws_iam_role.this",
            "module.cluster.module.role__control_plane.aws_iam_role_policy.inline",
            "module.cluster.module.role__control_plane.aws_iam_role_policy_attachment.managed",
            "module.cluster.module.role__control_plane.aws_resourcegroups_group.this",
            "module.cluster.module.role__control_plane.data.aws_caller_identity.this",
            "module.cluster.module.role__control_plane.data.aws_iam_policy_document.assume_role",
            "module.cluster.module.role__control_plane.data.aws_iam_policy_document.trusted_iam_entities",
            "module.cluster.module.role__control_plane.data.aws_iam_policy_document.trusted_oidc_providers",
            "module.cluster.module.role__control_plane.data.aws_iam_policy_document.trusted_saml_providers",
            "module.cluster.module.role__control_plane.data.aws_iam_policy_document.trusted_services",
            "module.cluster.module.role__control_plane.data.aws_partition.this",
            "module.cluster.module.security_group__control_plane.aws_security_group.this",
            "module.cluster.module.security_group__node.aws_security_group.this",
            "module.cluster.module.security_group__pod.aws_security_group.this"
          ]
        },
        {
          "index_key": "ephemeral/control-plane",
          "schema_version": 2,
          "attributes": {
            "cidr_blocks": null,
            "description": "Allow pods to receive communication from the cluster control plane.",
            "from_port": 1025,
            "id": "sgrule-454576484",
            "ipv6_cidr_blocks": null,
            "prefix_list_ids": null,
            "protocol": "tcp",
            "security_group_id": "sg-0d17f4f30f351416e",
            "self": false,
            "source_security_group_id": "sg-0ab0b3f7a075d2117",
            "to_port": 65535,
            "type": "ingress"
          },
          "sensitive_attributes": [],
          "private": "eyJzY2hlbWFfdmVyc2lvbiI6IjIifQ==",
          "dependencies": [
            "data.terraform_remote_state.network",
            "module.cluster.aws_cloudwatch_log_group.this",
            "module.cluster.aws_eks_cluster.this",
            "module.cluster.data.aws_subnet.selected",
            "module.cluster.module.role__control_plane.aws_iam_instance_profile.this",
            "module.cluster.module.role__control_plane.aws_iam_role.this",
            "module.cluster.module.role__control_plane.aws_iam_role_policy.inline",
            "module.cluster.module.role__control_plane.aws_iam_role_policy_attachment.managed",
            "module.cluster.module.role__control_plane.aws_resourcegroups_group.this",
            "module.cluster.module.role__control_plane.data.aws_caller_identity.this",
            "module.cluster.module.role__control_plane.data.aws_iam_policy_document.assume_role",
            "module.cluster.module.role__control_plane.data.aws_iam_policy_document.trusted_iam_entities",
            "module.cluster.module.role__control_plane.data.aws_iam_policy_document.trusted_oidc_providers",
            "module.cluster.module.role__control_plane.data.aws_iam_policy_document.trusted_saml_providers",
            "module.cluster.module.role__control_plane.data.aws_iam_policy_document.trusted_services",
            "module.cluster.module.role__control_plane.data.aws_partition.this",
            "module.cluster.module.security_group__control_plane.aws_security_group.this",
            "module.cluster.module.security_group__node.aws_security_group.this",
            "module.cluster.module.security_group__pod.aws_security_group.this"
          ]
        },
        {
          "index_key": "metrics-server/control-plane",
          "schema_version": 2,
          "attributes": {
            "cidr_blocks": null,
            "description": "Allow pods to receive metrics-server communication from the cluster control plane.",
            "from_port": 443,
            "id": "sgrule-415884534",
            "ipv6_cidr_blocks": null,
            "prefix_list_ids": null,
            "protocol": "tcp",
            "security_group_id": "sg-0d17f4f30f351416e",
            "self": false,
            "source_security_group_id": "sg-0ab0b3f7a075d2117",
            "to_port": 443,
            "type": "ingress"
          },
          "sensitive_attributes": [],
          "private": "eyJzY2hlbWFfdmVyc2lvbiI6IjIifQ==",
          "dependencies": [
            "data.terraform_remote_state.network",
            "module.cluster.aws_cloudwatch_log_group.this",
            "module.cluster.aws_eks_cluster.this",
            "module.cluster.data.aws_subnet.selected",
            "module.cluster.module.role__control_plane.aws_iam_instance_profile.this",
            "module.cluster.module.role__control_plane.aws_iam_role.this",
            "module.cluster.module.role__control_plane.aws_iam_role_policy.inline",
            "module.cluster.module.role__control_plane.aws_iam_role_policy_attachment.managed",
            "module.cluster.module.role__control_plane.aws_resourcegroups_group.this",
            "module.cluster.module.role__control_plane.data.aws_caller_identity.this",
            "module.cluster.module.role__control_plane.data.aws_iam_policy_document.assume_role",
            "module.cluster.module.role__control_plane.data.aws_iam_policy_document.trusted_iam_entities",
            "module.cluster.module.role__control_plane.data.aws_iam_policy_document.trusted_oidc_providers",
            "module.cluster.module.role__control_plane.data.aws_iam_policy_document.trusted_saml_providers",
            "module.cluster.module.role__control_plane.data.aws_iam_policy_document.trusted_services",
            "module.cluster.module.role__control_plane.data.aws_partition.this",
            "module.cluster.module.security_group__control_plane.aws_security_group.this",
            "module.cluster.module.security_group__node.aws_security_group.this",
            "module.cluster.module.security_group__pod.aws_security_group.this"
          ]
        }
      ]
    },
    {
      "module": "module.irsa__aws_load_balancer_controller",
      "mode": "managed",
      "type": "aws_resourcegroups_group",
      "name": "this",
      "provider": "provider[\"registry.terraform.io/hashicorp/aws\"]",
      "instances": [
        {
          "index_key": 0,
          "schema_version": 0,
          "attributes": {
            "arn": "arn:aws:resource-groups:ap-northeast-2:594311320189:group/terraform-aws-container.eks-irsa.irsa-kkhdevs-cluster-addon-aws-load-balancer-controller",
            "description": "Managed by Terraform.",
            "id": "terraform-aws-container.eks-irsa.irsa-kkhdevs-cluster-addon-aws-load-balancer-controller",
            "name": "terraform-aws-container.eks-irsa.irsa-kkhdevs-cluster-addon-aws-load-balancer-controller",
            "resource_query": [
              {
                "query": "{\n  \"ResourceTypeFilters\": [\n    \"AWS::AllSupported\"\n  ],\n  \"TagFilters\": [{\"Key\":\"module.terraform.io/full-name\",\"Values\":[\"terraform-aws-container/eks-irsa\"]},{\"Key\":\"module.terraform.io/instance\",\"Values\":[\"irsa-kkhdevs-cluster-addon-aws-load-balancer-controller\"]},{\"Key\":\"module.terraform.io/name\",\"Values\":[\"eks-irsa\"]},{\"Key\":\"module.terraform.io/package\",\"Values\":[\"terraform-aws-container\"]},{\"Key\":\"module.terraform.io/version\",\"Values\":[\"0.14.0\"]}]\n}\n",
                "type": "TAG_FILTERS_1_0"
              }
            ],
            "tags": {
              "Name": "terraform-aws-container.eks-irsa.irsa-kkhdevs-cluster-addon-aws-load-balancer-controller",
              "module.terraform.io/full-name": "terraform-aws-container/eks-irsa",
              "module.terraform.io/instance": "irsa-kkhdevs-cluster-addon-aws-load-balancer-controller",
              "module.terraform.io/name": "eks-irsa",
              "module.terraform.io/package": "terraform-aws-container",
              "module.terraform.io/version": "0.14.0"
            },
            "tags_all": {
              "Name": "terraform-aws-container.eks-irsa.irsa-kkhdevs-cluster-addon-aws-load-balancer-controller",
              "module.terraform.io/full-name": "terraform-aws-container/eks-irsa",
              "module.terraform.io/instance": "irsa-kkhdevs-cluster-addon-aws-load-balancer-controller",
              "module.terraform.io/name": "eks-irsa",
              "module.terraform.io/package": "terraform-aws-container",
              "module.terraform.io/version": "0.14.0"
            }
          },
          "sensitive_attributes": [],
          "private": "bnVsbA==",
          "dependencies": [
            "data.terraform_remote_state.network",
            "module.cluster.aws_cloudwatch_log_group.this",
            "module.cluster.aws_eks_cluster.this",
            "module.cluster.data.aws_subnet.selected",
            "module.cluster.module.role__control_plane.aws_iam_instance_profile.this",
            "module.cluster.module.role__control_plane.aws_iam_role.this",
            "module.cluster.module.role__control_plane.aws_iam_role_policy.inline",
            "module.cluster.module.role__control_plane.aws_iam_role_policy_attachment.managed",
            "module.cluster.module.role__control_plane.aws_resourcegroups_group.this",
            "module.cluster.module.role__control_plane.data.aws_caller_identity.this",
            "module.cluster.module.role__control_plane.data.aws_iam_policy_document.assume_role",
            "module.cluster.module.role__control_plane.data.aws_iam_policy_document.trusted_iam_entities",
            "module.cluster.module.role__control_plane.data.aws_iam_policy_document.trusted_oidc_providers",
            "module.cluster.module.role__control_plane.data.aws_iam_policy_document.trusted_saml_providers",
            "module.cluster.module.role__control_plane.data.aws_iam_policy_document.trusted_services",
            "module.cluster.module.role__control_plane.data.aws_partition.this",
            "module.cluster.module.security_group__control_plane.aws_security_group.this"
          ]
        }
      ]
    },
    {
      "module": "module.irsa__aws_load_balancer_controller.module.this",
      "mode": "data",
      "type": "aws_caller_identity",
      "name": "this",
      "provider": "provider[\"registry.terraform.io/hashicorp/aws\"]",
      "instances": [
        {
          "schema_version": 0,
          "attributes": {
            "account_id": "594311320189",
            "arn": "arn:aws:iam::594311320189:root",
            "id": "594311320189",
            "user_id": "594311320189"
          },
          "sensitive_attributes": []
        }
      ]
    },
    {
      "module": "module.irsa__aws_load_balancer_controller.module.this",
      "mode": "data",
      "type": "aws_iam_policy_document",
      "name": "assume_role",
      "provider": "provider[\"registry.terraform.io/hashicorp/aws\"]",
      "instances": [
        {
          "schema_version": 0,
          "attributes": {
            "id": "992314767",
            "json": "{\n  \"Version\": \"2012-10-17\",\n  \"Statement\": [\n    {\n      \"Sid\": \"TrustedOidcProviders1\",\n      \"Effect\": \"Allow\",\n      \"Action\": \"sts:AssumeRoleWithWebIdentity\",\n      \"Principal\": {\n        \"Federated\": \"arn:aws:iam::594311320189:oidc-provider/oidc.eks.ap-northeast-2.amazonaws.com/id/E72AA0163210BC0695D806127F5F1C62\"\n      },\n      \"Condition\": {\n        \"StringEquals\": {\n          \"oidc.eks.ap-northeast-2.amazonaws.com/id/E72AA0163210BC0695D806127F5F1C62:aud\": [\n            \"sts.amazonaws.com\"\n          ]\n        },\n        \"StringLike\": {\n          \"oidc.eks.ap-northeast-2.amazonaws.com/id/E72AA0163210BC0695D806127F5F1C62:sub\": [\n            \"system:serviceaccount:kube-system:aws-load-balancer-controller\"\n          ]\n        }\n      }\n    }\n  ]\n}",
            "override_json": null,
            "override_policy_documents": null,
            "policy_id": null,
            "source_json": null,
            "source_policy_documents": [
              "{\n  \"Version\": \"2012-10-17\",\n  \"Statement\": [\n    {\n      \"Sid\": \"TrustedOidcProviders1\",\n      \"Effect\": \"Allow\",\n      \"Action\": \"sts:AssumeRoleWithWebIdentity\",\n      \"Principal\": {\n        \"Federated\": \"arn:aws:iam::594311320189:oidc-provider/oidc.eks.ap-northeast-2.amazonaws.com/id/E72AA0163210BC0695D806127F5F1C62\"\n      },\n      \"Condition\": {\n        \"StringEquals\": {\n          \"oidc.eks.ap-northeast-2.amazonaws.com/id/E72AA0163210BC0695D806127F5F1C62:aud\": \"sts.amazonaws.com\"\n        },\n        \"StringLike\": {\n          \"oidc.eks.ap-northeast-2.amazonaws.com/id/E72AA0163210BC0695D806127F5F1C62:sub\": \"system:serviceaccount:kube-system:aws-load-balancer-controller\"\n        }\n      }\n    }\n  ]\n}"
            ],
            "statement": null,
            "version": "2012-10-17"
          },
          "sensitive_attributes": []
        }
      ]
    },
    {
      "module": "module.irsa__aws_load_balancer_controller.module.this",
      "mode": "data",
      "type": "aws_iam_policy_document",
      "name": "trusted_oidc_providers",
      "provider": "provider[\"registry.terraform.io/hashicorp/aws\"]",
      "instances": [
        {
          "index_key": "1",
          "schema_version": 0,
          "attributes": {
            "id": "415667839",
            "json": "{\n  \"Version\": \"2012-10-17\",\n  \"Statement\": [\n    {\n      \"Sid\": \"TrustedOidcProviders1\",\n      \"Effect\": \"Allow\",\n      \"Action\": \"sts:AssumeRoleWithWebIdentity\",\n      \"Principal\": {\n        \"Federated\": \"arn:aws:iam::594311320189:oidc-provider/oidc.eks.ap-northeast-2.amazonaws.com/id/E72AA0163210BC0695D806127F5F1C62\"\n      },\n      \"Condition\": {\n        \"StringEquals\": {\n          \"oidc.eks.ap-northeast-2.amazonaws.com/id/E72AA0163210BC0695D806127F5F1C62:aud\": \"sts.amazonaws.com\"\n        },\n        \"StringLike\": {\n          \"oidc.eks.ap-northeast-2.amazonaws.com/id/E72AA0163210BC0695D806127F5F1C62:sub\": \"system:serviceaccount:kube-system:aws-load-balancer-controller\"\n        }\n      }\n    }\n  ]\n}",
            "override_json": null,
            "override_policy_documents": null,
            "policy_id": null,
            "source_json": null,
            "source_policy_documents": null,
            "statement": [
              {
                "actions": [
                  "sts:AssumeRoleWithWebIdentity"
                ],
                "condition": [
                  {
                    "test": "StringEquals",
                    "values": [
                      "sts.amazonaws.com"
                    ],
                    "variable": "oidc.eks.ap-northeast-2.amazonaws.com/id/E72AA0163210BC0695D806127F5F1C62:aud"
                  },
                  {
                    "test": "StringLike",
                    "values": [
                      "system:serviceaccount:kube-system:aws-load-balancer-controller"
                    ],
                    "variable": "oidc.eks.ap-northeast-2.amazonaws.com/id/E72AA0163210BC0695D806127F5F1C62:sub"
                  }
                ],
                "effect": "Allow",
                "not_actions": [],
                "not_principals": [],
                "not_resources": [],
                "principals": [
                  {
                    "identifiers": [
                      "arn:aws:iam::594311320189:oidc-provider/oidc.eks.ap-northeast-2.amazonaws.com/id/E72AA0163210BC0695D806127F5F1C62"
                    ],
                    "type": "Federated"
                  }
                ],
                "resources": [],
                "sid": "TrustedOidcProviders1"
              }
            ],
            "version": "2012-10-17"
          },
          "sensitive_attributes": []
        }
      ]
    },
    {
      "module": "module.irsa__aws_load_balancer_controller.module.this",
      "mode": "data",
      "type": "aws_partition",
      "name": "this",
      "provider": "provider[\"registry.terraform.io/hashicorp/aws\"]",
      "instances": [
        {
          "schema_version": 0,
          "attributes": {
            "dns_suffix": "amazonaws.com",
            "id": "aws",
            "partition": "aws",
            "reverse_dns_prefix": "com.amazonaws"
          },
          "sensitive_attributes": []
        }
      ]
    },
    {
      "module": "module.irsa__aws_load_balancer_controller.module.this",
      "mode": "managed",
      "type": "aws_iam_role",
      "name": "this",
      "provider": "provider[\"registry.terraform.io/hashicorp/aws\"]",
      "instances": [
        {
          "schema_version": 0,
          "attributes": {
            "arn": "arn:aws:iam::594311320189:role/irsa-kkhdevs-cluster-addon-aws-load-balancer-controller",
            "assume_role_policy": "{\"Version\":\"2012-10-17\",\"Statement\":[{\"Sid\":\"TrustedOidcProviders1\",\"Effect\":\"Allow\",\"Principal\":{\"Federated\":\"arn:aws:iam::594311320189:oidc-provider/oidc.eks.ap-northeast-2.amazonaws.com/id/E72AA0163210BC0695D806127F5F1C62\"},\"Action\":\"sts:AssumeRoleWithWebIdentity\",\"Condition\":{\"StringEquals\":{\"oidc.eks.ap-northeast-2.amazonaws.com/id/E72AA0163210BC0695D806127F5F1C62:aud\":\"sts.amazonaws.com\"},\"StringLike\":{\"oidc.eks.ap-northeast-2.amazonaws.com/id/E72AA0163210BC0695D806127F5F1C62:sub\":\"system:serviceaccount:kube-system:aws-load-balancer-controller\"}}}]}",
            "create_date": "2022-06-24T06:21:21Z",
            "description": "EKS IAM Role for Service Account of AWS LoadBalancer Controller Addon.",
            "force_detach_policies": false,
            "id": "irsa-kkhdevs-cluster-addon-aws-load-balancer-controller",
            "inline_policy": [
              {
                "name": "",
                "policy": ""
              }
            ],
            "managed_policy_arns": [],
            "max_session_duration": 3600,
            "name": "irsa-kkhdevs-cluster-addon-aws-load-balancer-controller",
            "name_prefix": "",
            "path": "/",
            "permissions_boundary": "",
            "tags": {
              "Name": "irsa-kkhdevs-cluster-addon-aws-load-balancer-controller",
              "module.terraform.io/full-name": "terraform-aws-container/eks-irsa",
              "module.terraform.io/instance": "irsa-kkhdevs-cluster-addon-aws-load-balancer-controller",
              "module.terraform.io/name": "eks-irsa",
              "module.terraform.io/package": "terraform-aws-container",
              "module.terraform.io/version": "0.14.0"
            },
            "tags_all": {
              "Name": "irsa-kkhdevs-cluster-addon-aws-load-balancer-controller",
              "module.terraform.io/full-name": "terraform-aws-container/eks-irsa",
              "module.terraform.io/instance": "irsa-kkhdevs-cluster-addon-aws-load-balancer-controller",
              "module.terraform.io/name": "eks-irsa",
              "module.terraform.io/package": "terraform-aws-container",
              "module.terraform.io/version": "0.14.0"
            },
            "unique_id": "AROAYUX5XCJ6367HYL2IF"
          },
          "sensitive_attributes": [],
          "private": "bnVsbA==",
          "dependencies": [
            "data.terraform_remote_state.network",
            "module.cluster.aws_cloudwatch_log_group.this",
            "module.cluster.aws_eks_cluster.this",
            "module.cluster.aws_iam_openid_connect_provider.this",
            "module.cluster.data.aws_subnet.selected",
            "module.cluster.data.tls_certificate.this",
            "module.cluster.module.role__control_plane.aws_iam_instance_profile.this",
            "module.cluster.module.role__control_plane.aws_iam_role.this",
            "module.cluster.module.role__control_plane.aws_iam_role_policy.inline",
            "module.cluster.module.role__control_plane.aws_iam_role_policy_attachment.managed",
            "module.cluster.module.role__control_plane.aws_resourcegroups_group.this",
            "module.cluster.module.role__control_plane.data.aws_caller_identity.this",
            "module.cluster.module.role__control_plane.data.aws_iam_policy_document.assume_role",
            "module.cluster.module.role__control_plane.data.aws_iam_policy_document.trusted_iam_entities",
            "module.cluster.module.role__control_plane.data.aws_iam_policy_document.trusted_oidc_providers",
            "module.cluster.module.role__control_plane.data.aws_iam_policy_document.trusted_saml_providers",
            "module.cluster.module.role__control_plane.data.aws_iam_policy_document.trusted_services",
            "module.cluster.module.role__control_plane.data.aws_partition.this",
            "module.cluster.module.security_group__control_plane.aws_security_group.this",
            "module.irsa__aws_load_balancer_controller.module.this.data.aws_caller_identity.this",
            "module.irsa__aws_load_balancer_controller.module.this.data.aws_iam_policy_document.assume_role",
            "module.irsa__aws_load_balancer_controller.module.this.data.aws_iam_policy_document.trusted_iam_entities",
            "module.irsa__aws_load_balancer_controller.module.this.data.aws_iam_policy_document.trusted_oidc_providers",
            "module.irsa__aws_load_balancer_controller.module.this.data.aws_iam_policy_document.trusted_saml_providers",
            "module.irsa__aws_load_balancer_controller.module.this.data.aws_iam_policy_document.trusted_services",
            "module.irsa__aws_load_balancer_controller.module.this.data.aws_partition.this"
          ]
        }
      ]
    },
    {
      "module": "module.irsa__aws_load_balancer_controller.module.this",
      "mode": "managed",
      "type": "aws_iam_role_policy",
      "name": "inline",
      "provider": "provider[\"registry.terraform.io/hashicorp/aws\"]",
      "instances": [
        {
          "index_key": "this",
          "schema_version": 0,
          "attributes": {
            "id": "irsa-kkhdevs-cluster-addon-aws-load-balancer-controller:this",
            "name": "this",
            "name_prefix": null,
            "policy": "{\n    \"Version\": \"2012-10-17\",\n    \"Statement\": [\n        {\n            \"Effect\": \"Allow\",\n            \"Action\": [\n                \"iam:CreateServiceLinkedRole\",\n                \"ec2:DescribeAccountAttributes\",\n                \"ec2:DescribeAddresses\",\n                \"ec2:DescribeAvailabilityZones\",\n                \"ec2:DescribeInternetGateways\",\n                \"ec2:DescribeVpcs\",\n                \"ec2:DescribeSubnets\",\n                \"ec2:DescribeSecurityGroups\",\n                \"ec2:DescribeInstances\",\n                \"ec2:DescribeNetworkInterfaces\",\n                \"ec2:DescribeTags\",\n                \"ec2:GetCoipPoolUsage\",\n                \"ec2:DescribeCoipPools\",\n                \"elasticloadbalancing:DescribeLoadBalancers\",\n                \"elasticloadbalancing:DescribeLoadBalancerAttributes\",\n                \"elasticloadbalancing:DescribeListeners\",\n                \"elasticloadbalancing:DescribeListenerCertificates\",\n                \"elasticloadbalancing:DescribeSSLPolicies\",\n                \"elasticloadbalancing:DescribeRules\",\n                \"elasticloadbalancing:DescribeTargetGroups\",\n                \"elasticloadbalancing:DescribeTargetGroupAttributes\",\n                \"elasticloadbalancing:DescribeTargetHealth\",\n                \"elasticloadbalancing:DescribeTags\"\n            ],\n            \"Resource\": \"*\"\n        },\n        {\n            \"Effect\": \"Allow\",\n            \"Action\": [\n                \"cognito-idp:DescribeUserPoolClient\",\n                \"acm:ListCertificates\",\n                \"acm:DescribeCertificate\",\n                \"iam:ListServerCertificates\",\n                \"iam:GetServerCertificate\",\n                \"waf-regional:GetWebACL\",\n                \"waf-regional:GetWebACLForResource\",\n                \"waf-regional:AssociateWebACL\",\n                \"waf-regional:DisassociateWebACL\",\n                \"wafv2:GetWebACL\",\n                \"wafv2:GetWebACLForResource\",\n                \"wafv2:AssociateWebACL\",\n                \"wafv2:DisassociateWebACL\",\n                \"shield:GetSubscriptionState\",\n                \"shield:DescribeProtection\",\n                \"shield:CreateProtection\",\n                \"shield:DeleteProtection\"\n            ],\n            \"Resource\": \"*\"\n        },\n        {\n            \"Effect\": \"Allow\",\n            \"Action\": [\n                \"ec2:AuthorizeSecurityGroupIngress\",\n                \"ec2:RevokeSecurityGroupIngress\"\n            ],\n            \"Resource\": \"*\"\n        },\n        {\n            \"Effect\": \"Allow\",\n            \"Action\": [\n                \"ec2:CreateSecurityGroup\"\n            ],\n            \"Resource\": \"*\"\n        },\n        {\n            \"Effect\": \"Allow\",\n            \"Action\": [\n                \"ec2:CreateTags\"\n            ],\n            \"Resource\": \"arn:aws:ec2:*:*:security-group/*\",\n            \"Condition\": {\n                \"StringEquals\": {\n                    \"ec2:CreateAction\": \"CreateSecurityGroup\"\n                },\n                \"Null\": {\n                    \"aws:RequestTag/elbv2.k8s.aws/cluster\": \"false\"\n                }\n            }\n        },\n        {\n            \"Effect\": \"Allow\",\n            \"Action\": [\n                \"ec2:CreateTags\",\n                \"ec2:DeleteTags\"\n            ],\n            \"Resource\": \"arn:aws:ec2:*:*:security-group/*\",\n            \"Condition\": {\n                \"Null\": {\n                    \"aws:RequestTag/elbv2.k8s.aws/cluster\": \"true\",\n                    \"aws:ResourceTag/elbv2.k8s.aws/cluster\": \"false\"\n                }\n            }\n        },\n        {\n            \"Effect\": \"Allow\",\n            \"Action\": [\n                \"ec2:AuthorizeSecurityGroupIngress\",\n                \"ec2:RevokeSecurityGroupIngress\",\n                \"ec2:DeleteSecurityGroup\"\n            ],\n            \"Resource\": \"*\",\n            \"Condition\": {\n                \"Null\": {\n                    \"aws:ResourceTag/elbv2.k8s.aws/cluster\": \"false\"\n                }\n            }\n        },\n        {\n            \"Effect\": \"Allow\",\n            \"Action\": [\n                \"elasticloadbalancing:CreateLoadBalancer\",\n                \"elasticloadbalancing:CreateTargetGroup\"\n            ],\n            \"Resource\": \"*\",\n            \"Condition\": {\n                \"Null\": {\n                    \"aws:RequestTag/elbv2.k8s.aws/cluster\": \"false\"\n                }\n            }\n        },\n        {\n            \"Effect\": \"Allow\",\n            \"Action\": [\n                \"elasticloadbalancing:CreateListener\",\n                \"elasticloadbalancing:DeleteListener\",\n                \"elasticloadbalancing:CreateRule\",\n                \"elasticloadbalancing:DeleteRule\"\n            ],\n            \"Resource\": \"*\"\n        },\n        {\n            \"Effect\": \"Allow\",\n            \"Action\": [\n                \"elasticloadbalancing:AddTags\",\n                \"elasticloadbalancing:RemoveTags\"\n            ],\n            \"Resource\": [\n                \"arn:aws:elasticloadbalancing:*:*:targetgroup/*/*\",\n                \"arn:aws:elasticloadbalancing:*:*:loadbalancer/net/*/*\",\n                \"arn:aws:elasticloadbalancing:*:*:loadbalancer/app/*/*\"\n            ],\n            \"Condition\": {\n                \"Null\": {\n                    \"aws:RequestTag/elbv2.k8s.aws/cluster\": \"true\",\n                    \"aws:ResourceTag/elbv2.k8s.aws/cluster\": \"false\"\n                }\n            }\n        },\n        {\n            \"Effect\": \"Allow\",\n            \"Action\": [\n                \"elasticloadbalancing:AddTags\",\n                \"elasticloadbalancing:RemoveTags\"\n            ],\n            \"Resource\": [\n                \"arn:aws:elasticloadbalancing:*:*:listener/net/*/*/*\",\n                \"arn:aws:elasticloadbalancing:*:*:listener/app/*/*/*\",\n                \"arn:aws:elasticloadbalancing:*:*:listener-rule/net/*/*/*\",\n                \"arn:aws:elasticloadbalancing:*:*:listener-rule/app/*/*/*\"\n            ]\n        },\n        {\n            \"Effect\": \"Allow\",\n            \"Action\": [\n                \"elasticloadbalancing:ModifyLoadBalancerAttributes\",\n                \"elasticloadbalancing:SetIpAddressType\",\n                \"elasticloadbalancing:SetSecurityGroups\",\n                \"elasticloadbalancing:SetSubnets\",\n                \"elasticloadbalancing:DeleteLoadBalancer\",\n                \"elasticloadbalancing:ModifyTargetGroup\",\n                \"elasticloadbalancing:ModifyTargetGroupAttributes\",\n                \"elasticloadbalancing:DeleteTargetGroup\"\n            ],\n            \"Resource\": \"*\",\n            \"Condition\": {\n                \"Null\": {\n                    \"aws:ResourceTag/elbv2.k8s.aws/cluster\": \"false\"\n                }\n            }\n        },\n        {\n            \"Effect\": \"Allow\",\n            \"Action\": [\n                \"elasticloadbalancing:RegisterTargets\",\n                \"elasticloadbalancing:DeregisterTargets\"\n            ],\n            \"Resource\": \"arn:aws:elasticloadbalancing:*:*:targetgroup/*/*\"\n        },\n        {\n            \"Effect\": \"Allow\",\n            \"Action\": [\n                \"elasticloadbalancing:SetWebAcl\",\n                \"elasticloadbalancing:ModifyListener\",\n                \"elasticloadbalancing:AddListenerCertificates\",\n                \"elasticloadbalancing:RemoveListenerCertificates\",\n                \"elasticloadbalancing:ModifyRule\"\n            ],\n            \"Resource\": \"*\"\n        }\n    ]\n}\n",
            "role": "irsa-kkhdevs-cluster-addon-aws-load-balancer-controller"
          },
          "sensitive_attributes": [],
          "private": "bnVsbA==",
          "dependencies": [
            "data.terraform_remote_state.network",
            "module.cluster.aws_cloudwatch_log_group.this",
            "module.cluster.aws_eks_cluster.this",
            "module.cluster.aws_iam_openid_connect_provider.this",
            "module.cluster.data.aws_subnet.selected",
            "module.cluster.data.tls_certificate.this",
            "module.cluster.module.role__control_plane.aws_iam_instance_profile.this",
            "module.cluster.module.role__control_plane.aws_iam_role.this",
            "module.cluster.module.role__control_plane.aws_iam_role_policy.inline",
            "module.cluster.module.role__control_plane.aws_iam_role_policy_attachment.managed",
            "module.cluster.module.role__control_plane.aws_resourcegroups_group.this",
            "module.cluster.module.role__control_plane.data.aws_caller_identity.this",
            "module.cluster.module.role__control_plane.data.aws_iam_policy_document.assume_role",
            "module.cluster.module.role__control_plane.data.aws_iam_policy_document.trusted_iam_entities",
            "module.cluster.module.role__control_plane.data.aws_iam_policy_document.trusted_oidc_providers",
            "module.cluster.module.role__control_plane.data.aws_iam_policy_document.trusted_saml_providers",
            "module.cluster.module.role__control_plane.data.aws_iam_policy_document.trusted_services",
            "module.cluster.module.role__control_plane.data.aws_partition.this",
            "module.cluster.module.security_group__control_plane.aws_security_group.this",
            "module.irsa__aws_load_balancer_controller.module.this.aws_iam_role.this",
            "module.irsa__aws_load_balancer_controller.module.this.data.aws_caller_identity.this",
            "module.irsa__aws_load_balancer_controller.module.this.data.aws_iam_policy_document.assume_role",
            "module.irsa__aws_load_balancer_controller.module.this.data.aws_iam_policy_document.trusted_iam_entities",
            "module.irsa__aws_load_balancer_controller.module.this.data.aws_iam_policy_document.trusted_oidc_providers",
            "module.irsa__aws_load_balancer_controller.module.this.data.aws_iam_policy_document.trusted_saml_providers",
            "module.irsa__aws_load_balancer_controller.module.this.data.aws_iam_policy_document.trusted_services",
            "module.irsa__aws_load_balancer_controller.module.this.data.aws_partition.this"
          ]
        }
      ]
    },
    {
      "module": "module.irsa__irsa_test",
      "mode": "managed",
      "type": "aws_resourcegroups_group",
      "name": "this",
      "provider": "provider[\"registry.terraform.io/hashicorp/aws\"]",
      "instances": [
        {
          "index_key": 0,
          "schema_version": 0,
          "attributes": {
            "arn": "arn:aws:resource-groups:ap-northeast-2:594311320189:group/terraform-aws-container.eks-irsa.irsa-kkhdevs-cluster-app-irsa-test",
            "description": "Managed by Terraform.",
            "id": "terraform-aws-container.eks-irsa.irsa-kkhdevs-cluster-app-irsa-test",
            "name": "terraform-aws-container.eks-irsa.irsa-kkhdevs-cluster-app-irsa-test",
            "resource_query": [
              {
                "query": "{\n  \"ResourceTypeFilters\": [\n    \"AWS::AllSupported\"\n  ],\n  \"TagFilters\": [{\"Key\":\"module.terraform.io/full-name\",\"Values\":[\"terraform-aws-container/eks-irsa\"]},{\"Key\":\"module.terraform.io/instance\",\"Values\":[\"irsa-kkhdevs-cluster-app-irsa-test\"]},{\"Key\":\"module.terraform.io/name\",\"Values\":[\"eks-irsa\"]},{\"Key\":\"module.terraform.io/package\",\"Values\":[\"terraform-aws-container\"]},{\"Key\":\"module.terraform.io/version\",\"Values\":[\"0.14.0\"]}]\n}\n",
                "type": "TAG_FILTERS_1_0"
              }
            ],
            "tags": {
              "Name": "terraform-aws-container.eks-irsa.irsa-kkhdevs-cluster-app-irsa-test",
              "module.terraform.io/full-name": "terraform-aws-container/eks-irsa",
              "module.terraform.io/instance": "irsa-kkhdevs-cluster-app-irsa-test",
              "module.terraform.io/name": "eks-irsa",
              "module.terraform.io/package": "terraform-aws-container",
              "module.terraform.io/version": "0.14.0"
            },
            "tags_all": {
              "Name": "terraform-aws-container.eks-irsa.irsa-kkhdevs-cluster-app-irsa-test",
              "module.terraform.io/full-name": "terraform-aws-container/eks-irsa",
              "module.terraform.io/instance": "irsa-kkhdevs-cluster-app-irsa-test",
              "module.terraform.io/name": "eks-irsa",
              "module.terraform.io/package": "terraform-aws-container",
              "module.terraform.io/version": "0.14.0"
            }
          },
          "sensitive_attributes": [],
          "private": "bnVsbA==",
          "dependencies": [
            "data.terraform_remote_state.network",
            "module.cluster.aws_cloudwatch_log_group.this",
            "module.cluster.aws_eks_cluster.this",
            "module.cluster.data.aws_subnet.selected",
            "module.cluster.module.role__control_plane.aws_iam_instance_profile.this",
            "module.cluster.module.role__control_plane.aws_iam_role.this",
            "module.cluster.module.role__control_plane.aws_iam_role_policy.inline",
            "module.cluster.module.role__control_plane.aws_iam_role_policy_attachment.managed",
            "module.cluster.module.role__control_plane.aws_resourcegroups_group.this",
            "module.cluster.module.role__control_plane.data.aws_caller_identity.this",
            "module.cluster.module.role__control_plane.data.aws_iam_policy_document.assume_role",
            "module.cluster.module.role__control_plane.data.aws_iam_policy_document.trusted_iam_entities",
            "module.cluster.module.role__control_plane.data.aws_iam_policy_document.trusted_oidc_providers",
            "module.cluster.module.role__control_plane.data.aws_iam_policy_document.trusted_saml_providers",
            "module.cluster.module.role__control_plane.data.aws_iam_policy_document.trusted_services",
            "module.cluster.module.role__control_plane.data.aws_partition.this",
            "module.cluster.module.security_group__control_plane.aws_security_group.this"
          ]
        }
      ]
    },
    {
      "module": "module.irsa__irsa_test.module.this",
      "mode": "data",
      "type": "aws_caller_identity",
      "name": "this",
      "provider": "provider[\"registry.terraform.io/hashicorp/aws\"]",
      "instances": [
        {
          "schema_version": 0,
          "attributes": {
            "account_id": "594311320189",
            "arn": "arn:aws:iam::594311320189:root",
            "id": "594311320189",
            "user_id": "594311320189"
          },
          "sensitive_attributes": []
        }
      ]
    },
    {
      "module": "module.irsa__irsa_test.module.this",
      "mode": "data",
      "type": "aws_iam_policy_document",
      "name": "assume_role",
      "provider": "provider[\"registry.terraform.io/hashicorp/aws\"]",
      "instances": [
        {
          "schema_version": 0,
          "attributes": {
            "id": "3530599201",
            "json": "{\n  \"Version\": \"2012-10-17\",\n  \"Statement\": [\n    {\n      \"Sid\": \"TrustedOidcProviders1\",\n      \"Effect\": \"Allow\",\n      \"Action\": \"sts:AssumeRoleWithWebIdentity\",\n      \"Principal\": {\n        \"Federated\": \"arn:aws:iam::594311320189:oidc-provider/oidc.eks.ap-northeast-2.amazonaws.com/id/E72AA0163210BC0695D806127F5F1C62\"\n      },\n      \"Condition\": {\n        \"StringEquals\": {\n          \"oidc.eks.ap-northeast-2.amazonaws.com/id/E72AA0163210BC0695D806127F5F1C62:aud\": [\n            \"sts.amazonaws.com\"\n          ]\n        },\n        \"StringLike\": {\n          \"oidc.eks.ap-northeast-2.amazonaws.com/id/E72AA0163210BC0695D806127F5F1C62:sub\": [\n            \"system:serviceaccount:kkhdevs:irsa-test\"\n          ]\n        }\n      }\n    }\n  ]\n}",
            "override_json": null,
            "override_policy_documents": null,
            "policy_id": null,
            "source_json": null,
            "source_policy_documents": [
              "{\n  \"Version\": \"2012-10-17\",\n  \"Statement\": [\n    {\n      \"Sid\": \"TrustedOidcProviders1\",\n      \"Effect\": \"Allow\",\n      \"Action\": \"sts:AssumeRoleWithWebIdentity\",\n      \"Principal\": {\n        \"Federated\": \"arn:aws:iam::594311320189:oidc-provider/oidc.eks.ap-northeast-2.amazonaws.com/id/E72AA0163210BC0695D806127F5F1C62\"\n      },\n      \"Condition\": {\n        \"StringEquals\": {\n          \"oidc.eks.ap-northeast-2.amazonaws.com/id/E72AA0163210BC0695D806127F5F1C62:aud\": \"sts.amazonaws.com\"\n        },\n        \"StringLike\": {\n          \"oidc.eks.ap-northeast-2.amazonaws.com/id/E72AA0163210BC0695D806127F5F1C62:sub\": \"system:serviceaccount:kkhdevs:irsa-test\"\n        }\n      }\n    }\n  ]\n}"
            ],
            "statement": null,
            "version": "2012-10-17"
          },
          "sensitive_attributes": []
        }
      ]
    },
    {
      "module": "module.irsa__irsa_test.module.this",
      "mode": "data",
      "type": "aws_iam_policy_document",
      "name": "trusted_oidc_providers",
      "provider": "provider[\"registry.terraform.io/hashicorp/aws\"]",
      "instances": [
        {
          "index_key": "1",
          "schema_version": 0,
          "attributes": {
            "id": "497793043",
            "json": "{\n  \"Version\": \"2012-10-17\",\n  \"Statement\": [\n    {\n      \"Sid\": \"TrustedOidcProviders1\",\n      \"Effect\": \"Allow\",\n      \"Action\": \"sts:AssumeRoleWithWebIdentity\",\n      \"Principal\": {\n        \"Federated\": \"arn:aws:iam::594311320189:oidc-provider/oidc.eks.ap-northeast-2.amazonaws.com/id/E72AA0163210BC0695D806127F5F1C62\"\n      },\n      \"Condition\": {\n        \"StringEquals\": {\n          \"oidc.eks.ap-northeast-2.amazonaws.com/id/E72AA0163210BC0695D806127F5F1C62:aud\": \"sts.amazonaws.com\"\n        },\n        \"StringLike\": {\n          \"oidc.eks.ap-northeast-2.amazonaws.com/id/E72AA0163210BC0695D806127F5F1C62:sub\": \"system:serviceaccount:kkhdevs:irsa-test\"\n        }\n      }\n    }\n  ]\n}",
            "override_json": null,
            "override_policy_documents": null,
            "policy_id": null,
            "source_json": null,
            "source_policy_documents": null,
            "statement": [
              {
                "actions": [
                  "sts:AssumeRoleWithWebIdentity"
                ],
                "condition": [
                  {
                    "test": "StringEquals",
                    "values": [
                      "sts.amazonaws.com"
                    ],
                    "variable": "oidc.eks.ap-northeast-2.amazonaws.com/id/E72AA0163210BC0695D806127F5F1C62:aud"
                  },
                  {
                    "test": "StringLike",
                    "values": [
                      "system:serviceaccount:kkhdevs:irsa-test"
                    ],
                    "variable": "oidc.eks.ap-northeast-2.amazonaws.com/id/E72AA0163210BC0695D806127F5F1C62:sub"
                  }
                ],
                "effect": "Allow",
                "not_actions": [],
                "not_principals": [],
                "not_resources": [],
                "principals": [
                  {
                    "identifiers": [
                      "arn:aws:iam::594311320189:oidc-provider/oidc.eks.ap-northeast-2.amazonaws.com/id/E72AA0163210BC0695D806127F5F1C62"
                    ],
                    "type": "Federated"
                  }
                ],
                "resources": [],
                "sid": "TrustedOidcProviders1"
              }
            ],
            "version": "2012-10-17"
          },
          "sensitive_attributes": []
        }
      ]
    },
    {
      "module": "module.irsa__irsa_test.module.this",
      "mode": "data",
      "type": "aws_partition",
      "name": "this",
      "provider": "provider[\"registry.terraform.io/hashicorp/aws\"]",
      "instances": [
        {
          "schema_version": 0,
          "attributes": {
            "dns_suffix": "amazonaws.com",
            "id": "aws",
            "partition": "aws",
            "reverse_dns_prefix": "com.amazonaws"
          },
          "sensitive_attributes": []
        }
      ]
    },
    {
      "module": "module.irsa__irsa_test.module.this",
      "mode": "managed",
      "type": "aws_iam_role",
      "name": "this",
      "provider": "provider[\"registry.terraform.io/hashicorp/aws\"]",
      "instances": [
        {
          "schema_version": 0,
          "attributes": {
            "arn": "arn:aws:iam::594311320189:role/irsa-kkhdevs-cluster-app-irsa-test",
            "assume_role_policy": "{\"Version\":\"2012-10-17\",\"Statement\":[{\"Sid\":\"TrustedOidcProviders1\",\"Effect\":\"Allow\",\"Principal\":{\"Federated\":\"arn:aws:iam::594311320189:oidc-provider/oidc.eks.ap-northeast-2.amazonaws.com/id/E72AA0163210BC0695D806127F5F1C62\"},\"Action\":\"sts:AssumeRoleWithWebIdentity\",\"Condition\":{\"StringEquals\":{\"oidc.eks.ap-northeast-2.amazonaws.com/id/E72AA0163210BC0695D806127F5F1C62:aud\":\"sts.amazonaws.com\"},\"StringLike\":{\"oidc.eks.ap-northeast-2.amazonaws.com/id/E72AA0163210BC0695D806127F5F1C62:sub\":\"system:serviceaccount:kkhdevs:irsa-test\"}}}]}",
            "create_date": "2022-06-24T06:21:21Z",
            "description": "EKS IAM Role for Service Account of irsa-test app.",
            "force_detach_policies": false,
            "id": "irsa-kkhdevs-cluster-app-irsa-test",
            "inline_policy": [
              {
                "name": "",
                "policy": ""
              }
            ],
            "managed_policy_arns": [],
            "max_session_duration": 3600,
            "name": "irsa-kkhdevs-cluster-app-irsa-test",
            "name_prefix": "",
            "path": "/",
            "permissions_boundary": "",
            "tags": {
              "Name": "irsa-kkhdevs-cluster-app-irsa-test",
              "module.terraform.io/full-name": "terraform-aws-container/eks-irsa",
              "module.terraform.io/instance": "irsa-kkhdevs-cluster-app-irsa-test",
              "module.terraform.io/name": "eks-irsa",
              "module.terraform.io/package": "terraform-aws-container",
              "module.terraform.io/version": "0.14.0"
            },
            "tags_all": {
              "Name": "irsa-kkhdevs-cluster-app-irsa-test",
              "module.terraform.io/full-name": "terraform-aws-container/eks-irsa",
              "module.terraform.io/instance": "irsa-kkhdevs-cluster-app-irsa-test",
              "module.terraform.io/name": "eks-irsa",
              "module.terraform.io/package": "terraform-aws-container",
              "module.terraform.io/version": "0.14.0"
            },
            "unique_id": "AROAYUX5XCJ675S2UVYNK"
          },
          "sensitive_attributes": [],
          "private": "bnVsbA==",
          "dependencies": [
            "data.terraform_remote_state.network",
            "module.cluster.aws_cloudwatch_log_group.this",
            "module.cluster.aws_eks_cluster.this",
            "module.cluster.aws_iam_openid_connect_provider.this",
            "module.cluster.data.aws_subnet.selected",
            "module.cluster.data.tls_certificate.this",
            "module.cluster.module.role__control_plane.aws_iam_instance_profile.this",
            "module.cluster.module.role__control_plane.aws_iam_role.this",
            "module.cluster.module.role__control_plane.aws_iam_role_policy.inline",
            "module.cluster.module.role__control_plane.aws_iam_role_policy_attachment.managed",
            "module.cluster.module.role__control_plane.aws_resourcegroups_group.this",
            "module.cluster.module.role__control_plane.data.aws_caller_identity.this",
            "module.cluster.module.role__control_plane.data.aws_iam_policy_document.assume_role",
            "module.cluster.module.role__control_plane.data.aws_iam_policy_document.trusted_iam_entities",
            "module.cluster.module.role__control_plane.data.aws_iam_policy_document.trusted_oidc_providers",
            "module.cluster.module.role__control_plane.data.aws_iam_policy_document.trusted_saml_providers",
            "module.cluster.module.role__control_plane.data.aws_iam_policy_document.trusted_services",
            "module.cluster.module.role__control_plane.data.aws_partition.this",
            "module.cluster.module.security_group__control_plane.aws_security_group.this",
            "module.irsa__irsa_test.module.this.data.aws_caller_identity.this",
            "module.irsa__irsa_test.module.this.data.aws_iam_policy_document.assume_role",
            "module.irsa__irsa_test.module.this.data.aws_iam_policy_document.trusted_iam_entities",
            "module.irsa__irsa_test.module.this.data.aws_iam_policy_document.trusted_oidc_providers",
            "module.irsa__irsa_test.module.this.data.aws_iam_policy_document.trusted_saml_providers",
            "module.irsa__irsa_test.module.this.data.aws_iam_policy_document.trusted_services",
            "module.irsa__irsa_test.module.this.data.aws_partition.this"
          ]
        }
      ]
    },
    {
      "module": "module.irsa__irsa_test.module.this",
      "mode": "managed",
      "type": "aws_iam_role_policy",
      "name": "inline",
      "provider": "provider[\"registry.terraform.io/hashicorp/aws\"]",
      "instances": [
        {
          "index_key": "this",
          "schema_version": 0,
          "attributes": {
            "id": "irsa-kkhdevs-cluster-app-irsa-test:this",
            "name": "this",
            "name_prefix": null,
            "policy": "{\n    \"Version\": \"2012-10-17\",\n    \"Statement\": [\n        {\n            \"Effect\": \"Allow\",\n            \"Action\": [\n                \"ec2:DescribeAccountAttributes\",\n                \"ec2:DescribeAddresses\",\n                \"ec2:DescribeAvailabilityZones\",\n                \"ec2:DescribeInternetGateways\",\n                \"ec2:DescribeVpcs\",\n                \"ec2:DescribeSubnets\",\n                \"ec2:DescribeSecurityGroups\",\n                \"ec2:DescribeInstances\",\n                \"ec2:DescribeNetworkInterfaces\",\n                \"ec2:DescribeTags\",\n                \"ec2:GetCoipPoolUsage\",\n                \"ec2:DescribeCoipPools\"\n            ],\n            \"Resource\": \"*\"\n        }\n    ]\n}\n",
            "role": "irsa-kkhdevs-cluster-app-irsa-test"
          },
          "sensitive_attributes": [],
          "private": "bnVsbA==",
          "dependencies": [
            "data.terraform_remote_state.network",
            "module.cluster.aws_cloudwatch_log_group.this",
            "module.cluster.aws_eks_cluster.this",
            "module.cluster.aws_iam_openid_connect_provider.this",
            "module.cluster.data.aws_subnet.selected",
            "module.cluster.data.tls_certificate.this",
            "module.cluster.module.role__control_plane.aws_iam_instance_profile.this",
            "module.cluster.module.role__control_plane.aws_iam_role.this",
            "module.cluster.module.role__control_plane.aws_iam_role_policy.inline",
            "module.cluster.module.role__control_plane.aws_iam_role_policy_attachment.managed",
            "module.cluster.module.role__control_plane.aws_resourcegroups_group.this",
            "module.cluster.module.role__control_plane.data.aws_caller_identity.this",
            "module.cluster.module.role__control_plane.data.aws_iam_policy_document.assume_role",
            "module.cluster.module.role__control_plane.data.aws_iam_policy_document.trusted_iam_entities",
            "module.cluster.module.role__control_plane.data.aws_iam_policy_document.trusted_oidc_providers",
            "module.cluster.module.role__control_plane.data.aws_iam_policy_document.trusted_saml_providers",
            "module.cluster.module.role__control_plane.data.aws_iam_policy_document.trusted_services",
            "module.cluster.module.role__control_plane.data.aws_partition.this",
            "module.cluster.module.security_group__control_plane.aws_security_group.this",
            "module.irsa__irsa_test.module.this.aws_iam_role.this",
            "module.irsa__irsa_test.module.this.data.aws_caller_identity.this",
            "module.irsa__irsa_test.module.this.data.aws_iam_policy_document.assume_role",
            "module.irsa__irsa_test.module.this.data.aws_iam_policy_document.trusted_iam_entities",
            "module.irsa__irsa_test.module.this.data.aws_iam_policy_document.trusted_oidc_providers",
            "module.irsa__irsa_test.module.this.data.aws_iam_policy_document.trusted_saml_providers",
            "module.irsa__irsa_test.module.this.data.aws_iam_policy_document.trusted_services",
            "module.irsa__irsa_test.module.this.data.aws_partition.this"
          ]
        }
      ]
    },
    {
      "module": "module.irsa__kubernetes_external_secrets",
      "mode": "managed",
      "type": "aws_resourcegroups_group",
      "name": "this",
      "provider": "provider[\"registry.terraform.io/hashicorp/aws\"]",
      "instances": [
        {
          "index_key": 0,
          "schema_version": 0,
          "attributes": {
            "arn": "arn:aws:resource-groups:ap-northeast-2:594311320189:group/terraform-aws-container.eks-irsa.irsa-kkhdevs-cluster-addon-kubernetes-external-secrets",
            "description": "Managed by Terraform.",
            "id": "terraform-aws-container.eks-irsa.irsa-kkhdevs-cluster-addon-kubernetes-external-secrets",
            "name": "terraform-aws-container.eks-irsa.irsa-kkhdevs-cluster-addon-kubernetes-external-secrets",
            "resource_query": [
              {
                "query": "{\n  \"ResourceTypeFilters\": [\n    \"AWS::AllSupported\"\n  ],\n  \"TagFilters\": [{\"Key\":\"module.terraform.io/full-name\",\"Values\":[\"terraform-aws-container/eks-irsa\"]},{\"Key\":\"module.terraform.io/instance\",\"Values\":[\"irsa-kkhdevs-cluster-addon-kubernetes-external-secrets\"]},{\"Key\":\"module.terraform.io/name\",\"Values\":[\"eks-irsa\"]},{\"Key\":\"module.terraform.io/package\",\"Values\":[\"terraform-aws-container\"]},{\"Key\":\"module.terraform.io/version\",\"Values\":[\"0.14.0\"]}]\n}\n",
                "type": "TAG_FILTERS_1_0"
              }
            ],
            "tags": {
              "Name": "terraform-aws-container.eks-irsa.irsa-kkhdevs-cluster-addon-kubernetes-external-secrets",
              "module.terraform.io/full-name": "terraform-aws-container/eks-irsa",
              "module.terraform.io/instance": "irsa-kkhdevs-cluster-addon-kubernetes-external-secrets",
              "module.terraform.io/name": "eks-irsa",
              "module.terraform.io/package": "terraform-aws-container",
              "module.terraform.io/version": "0.14.0"
            },
            "tags_all": {
              "Name": "terraform-aws-container.eks-irsa.irsa-kkhdevs-cluster-addon-kubernetes-external-secrets",
              "module.terraform.io/full-name": "terraform-aws-container/eks-irsa",
              "module.terraform.io/instance": "irsa-kkhdevs-cluster-addon-kubernetes-external-secrets",
              "module.terraform.io/name": "eks-irsa",
              "module.terraform.io/package": "terraform-aws-container",
              "module.terraform.io/version": "0.14.0"
            }
          },
          "sensitive_attributes": [],
          "private": "bnVsbA==",
          "dependencies": [
            "data.terraform_remote_state.network",
            "module.cluster.aws_cloudwatch_log_group.this",
            "module.cluster.aws_eks_cluster.this",
            "module.cluster.data.aws_subnet.selected",
            "module.cluster.module.role__control_plane.aws_iam_instance_profile.this",
            "module.cluster.module.role__control_plane.aws_iam_role.this",
            "module.cluster.module.role__control_plane.aws_iam_role_policy.inline",
            "module.cluster.module.role__control_plane.aws_iam_role_policy_attachment.managed",
            "module.cluster.module.role__control_plane.aws_resourcegroups_group.this",
            "module.cluster.module.role__control_plane.data.aws_caller_identity.this",
            "module.cluster.module.role__control_plane.data.aws_iam_policy_document.assume_role",
            "module.cluster.module.role__control_plane.data.aws_iam_policy_document.trusted_iam_entities",
            "module.cluster.module.role__control_plane.data.aws_iam_policy_document.trusted_oidc_providers",
            "module.cluster.module.role__control_plane.data.aws_iam_policy_document.trusted_saml_providers",
            "module.cluster.module.role__control_plane.data.aws_iam_policy_document.trusted_services",
            "module.cluster.module.role__control_plane.data.aws_partition.this",
            "module.cluster.module.security_group__control_plane.aws_security_group.this"
          ]
        }
      ]
    },
    {
      "module": "module.irsa__kubernetes_external_secrets.module.this",
      "mode": "data",
      "type": "aws_caller_identity",
      "name": "this",
      "provider": "provider[\"registry.terraform.io/hashicorp/aws\"]",
      "instances": [
        {
          "schema_version": 0,
          "attributes": {
            "account_id": "594311320189",
            "arn": "arn:aws:iam::594311320189:root",
            "id": "594311320189",
            "user_id": "594311320189"
          },
          "sensitive_attributes": []
        }
      ]
    },
    {
      "module": "module.irsa__kubernetes_external_secrets.module.this",
      "mode": "data",
      "type": "aws_iam_policy_document",
      "name": "assume_role",
      "provider": "provider[\"registry.terraform.io/hashicorp/aws\"]",
      "instances": [
        {
          "schema_version": 0,
          "attributes": {
            "id": "1974657457",
            "json": "{\n  \"Version\": \"2012-10-17\",\n  \"Statement\": [\n    {\n      \"Sid\": \"TrustedOidcProviders1\",\n      \"Effect\": \"Allow\",\n      \"Action\": \"sts:AssumeRoleWithWebIdentity\",\n      \"Principal\": {\n        \"Federated\": \"arn:aws:iam::594311320189:oidc-provider/oidc.eks.ap-northeast-2.amazonaws.com/id/E72AA0163210BC0695D806127F5F1C62\"\n      },\n      \"Condition\": {\n        \"StringEquals\": {\n          \"oidc.eks.ap-northeast-2.amazonaws.com/id/E72AA0163210BC0695D806127F5F1C62:aud\": [\n            \"sts.amazonaws.com\"\n          ]\n        },\n        \"StringLike\": {\n          \"oidc.eks.ap-northeast-2.amazonaws.com/id/E72AA0163210BC0695D806127F5F1C62:sub\": [\n            \"system:serviceaccount:kube-system:kubernetes-external-secrets\"\n          ]\n        }\n      }\n    }\n  ]\n}",
            "override_json": null,
            "override_policy_documents": null,
            "policy_id": null,
            "source_json": null,
            "source_policy_documents": [
              "{\n  \"Version\": \"2012-10-17\",\n  \"Statement\": [\n    {\n      \"Sid\": \"TrustedOidcProviders1\",\n      \"Effect\": \"Allow\",\n      \"Action\": \"sts:AssumeRoleWithWebIdentity\",\n      \"Principal\": {\n        \"Federated\": \"arn:aws:iam::594311320189:oidc-provider/oidc.eks.ap-northeast-2.amazonaws.com/id/E72AA0163210BC0695D806127F5F1C62\"\n      },\n      \"Condition\": {\n        \"StringEquals\": {\n          \"oidc.eks.ap-northeast-2.amazonaws.com/id/E72AA0163210BC0695D806127F5F1C62:aud\": \"sts.amazonaws.com\"\n        },\n        \"StringLike\": {\n          \"oidc.eks.ap-northeast-2.amazonaws.com/id/E72AA0163210BC0695D806127F5F1C62:sub\": \"system:serviceaccount:kube-system:kubernetes-external-secrets\"\n        }\n      }\n    }\n  ]\n}"
            ],
            "statement": null,
            "version": "2012-10-17"
          },
          "sensitive_attributes": []
        }
      ]
    },
    {
      "module": "module.irsa__kubernetes_external_secrets.module.this",
      "mode": "data",
      "type": "aws_iam_policy_document",
      "name": "trusted_oidc_providers",
      "provider": "provider[\"registry.terraform.io/hashicorp/aws\"]",
      "instances": [
        {
          "index_key": "1",
          "schema_version": 0,
          "attributes": {
            "id": "3229097680",
            "json": "{\n  \"Version\": \"2012-10-17\",\n  \"Statement\": [\n    {\n      \"Sid\": \"TrustedOidcProviders1\",\n      \"Effect\": \"Allow\",\n      \"Action\": \"sts:AssumeRoleWithWebIdentity\",\n      \"Principal\": {\n        \"Federated\": \"arn:aws:iam::594311320189:oidc-provider/oidc.eks.ap-northeast-2.amazonaws.com/id/E72AA0163210BC0695D806127F5F1C62\"\n      },\n      \"Condition\": {\n        \"StringEquals\": {\n          \"oidc.eks.ap-northeast-2.amazonaws.com/id/E72AA0163210BC0695D806127F5F1C62:aud\": \"sts.amazonaws.com\"\n        },\n        \"StringLike\": {\n          \"oidc.eks.ap-northeast-2.amazonaws.com/id/E72AA0163210BC0695D806127F5F1C62:sub\": \"system:serviceaccount:kube-system:kubernetes-external-secrets\"\n        }\n      }\n    }\n  ]\n}",
            "override_json": null,
            "override_policy_documents": null,
            "policy_id": null,
            "source_json": null,
            "source_policy_documents": null,
            "statement": [
              {
                "actions": [
                  "sts:AssumeRoleWithWebIdentity"
                ],
                "condition": [
                  {
                    "test": "StringEquals",
                    "values": [
                      "sts.amazonaws.com"
                    ],
                    "variable": "oidc.eks.ap-northeast-2.amazonaws.com/id/E72AA0163210BC0695D806127F5F1C62:aud"
                  },
                  {
                    "test": "StringLike",
                    "values": [
                      "system:serviceaccount:kube-system:kubernetes-external-secrets"
                    ],
                    "variable": "oidc.eks.ap-northeast-2.amazonaws.com/id/E72AA0163210BC0695D806127F5F1C62:sub"
                  }
                ],
                "effect": "Allow",
                "not_actions": [],
                "not_principals": [],
                "not_resources": [],
                "principals": [
                  {
                    "identifiers": [
                      "arn:aws:iam::594311320189:oidc-provider/oidc.eks.ap-northeast-2.amazonaws.com/id/E72AA0163210BC0695D806127F5F1C62"
                    ],
                    "type": "Federated"
                  }
                ],
                "resources": [],
                "sid": "TrustedOidcProviders1"
              }
            ],
            "version": "2012-10-17"
          },
          "sensitive_attributes": []
        }
      ]
    },
    {
      "module": "module.irsa__kubernetes_external_secrets.module.this",
      "mode": "data",
      "type": "aws_partition",
      "name": "this",
      "provider": "provider[\"registry.terraform.io/hashicorp/aws\"]",
      "instances": [
        {
          "schema_version": 0,
          "attributes": {
            "dns_suffix": "amazonaws.com",
            "id": "aws",
            "partition": "aws",
            "reverse_dns_prefix": "com.amazonaws"
          },
          "sensitive_attributes": []
        }
      ]
    },
    {
      "module": "module.irsa__kubernetes_external_secrets.module.this",
      "mode": "managed",
      "type": "aws_iam_role",
      "name": "this",
      "provider": "provider[\"registry.terraform.io/hashicorp/aws\"]",
      "instances": [
        {
          "schema_version": 0,
          "attributes": {
            "arn": "arn:aws:iam::594311320189:role/irsa-kkhdevs-cluster-addon-kubernetes-external-secrets",
            "assume_role_policy": "{\"Version\":\"2012-10-17\",\"Statement\":[{\"Sid\":\"TrustedOidcProviders1\",\"Effect\":\"Allow\",\"Principal\":{\"Federated\":\"arn:aws:iam::594311320189:oidc-provider/oidc.eks.ap-northeast-2.amazonaws.com/id/E72AA0163210BC0695D806127F5F1C62\"},\"Action\":\"sts:AssumeRoleWithWebIdentity\",\"Condition\":{\"StringEquals\":{\"oidc.eks.ap-northeast-2.amazonaws.com/id/E72AA0163210BC0695D806127F5F1C62:aud\":\"sts.amazonaws.com\"},\"StringLike\":{\"oidc.eks.ap-northeast-2.amazonaws.com/id/E72AA0163210BC0695D806127F5F1C62:sub\":\"system:serviceaccount:kube-system:kubernetes-external-secrets\"}}}]}",
            "create_date": "2022-06-24T06:21:21Z",
            "description": "EKS IAM Role for Service Account of Kubernetes External Secrets.",
            "force_detach_policies": false,
            "id": "irsa-kkhdevs-cluster-addon-kubernetes-external-secrets",
            "inline_policy": [
              {
                "name": "",
                "policy": ""
              }
            ],
            "managed_policy_arns": [],
            "max_session_duration": 3600,
            "name": "irsa-kkhdevs-cluster-addon-kubernetes-external-secrets",
            "name_prefix": "",
            "path": "/",
            "permissions_boundary": "",
            "tags": {
              "Name": "irsa-kkhdevs-cluster-addon-kubernetes-external-secrets",
              "module.terraform.io/full-name": "terraform-aws-container/eks-irsa",
              "module.terraform.io/instance": "irsa-kkhdevs-cluster-addon-kubernetes-external-secrets",
              "module.terraform.io/name": "eks-irsa",
              "module.terraform.io/package": "terraform-aws-container",
              "module.terraform.io/version": "0.14.0"
            },
            "tags_all": {
              "Name": "irsa-kkhdevs-cluster-addon-kubernetes-external-secrets",
              "module.terraform.io/full-name": "terraform-aws-container/eks-irsa",
              "module.terraform.io/instance": "irsa-kkhdevs-cluster-addon-kubernetes-external-secrets",
              "module.terraform.io/name": "eks-irsa",
              "module.terraform.io/package": "terraform-aws-container",
              "module.terraform.io/version": "0.14.0"
            },
            "unique_id": "AROAYUX5XCJ6WIPCNBYEU"
          },
          "sensitive_attributes": [],
          "private": "bnVsbA==",
          "dependencies": [
            "data.terraform_remote_state.network",
            "module.cluster.aws_cloudwatch_log_group.this",
            "module.cluster.aws_eks_cluster.this",
            "module.cluster.aws_iam_openid_connect_provider.this",
            "module.cluster.data.aws_subnet.selected",
            "module.cluster.data.tls_certificate.this",
            "module.cluster.module.role__control_plane.aws_iam_instance_profile.this",
            "module.cluster.module.role__control_plane.aws_iam_role.this",
            "module.cluster.module.role__control_plane.aws_iam_role_policy.inline",
            "module.cluster.module.role__control_plane.aws_iam_role_policy_attachment.managed",
            "module.cluster.module.role__control_plane.aws_resourcegroups_group.this",
            "module.cluster.module.role__control_plane.data.aws_caller_identity.this",
            "module.cluster.module.role__control_plane.data.aws_iam_policy_document.assume_role",
            "module.cluster.module.role__control_plane.data.aws_iam_policy_document.trusted_iam_entities",
            "module.cluster.module.role__control_plane.data.aws_iam_policy_document.trusted_oidc_providers",
            "module.cluster.module.role__control_plane.data.aws_iam_policy_document.trusted_saml_providers",
            "module.cluster.module.role__control_plane.data.aws_iam_policy_document.trusted_services",
            "module.cluster.module.role__control_plane.data.aws_partition.this",
            "module.cluster.module.security_group__control_plane.aws_security_group.this",
            "module.irsa__kubernetes_external_secrets.module.this.data.aws_caller_identity.this",
            "module.irsa__kubernetes_external_secrets.module.this.data.aws_iam_policy_document.assume_role",
            "module.irsa__kubernetes_external_secrets.module.this.data.aws_iam_policy_document.trusted_iam_entities",
            "module.irsa__kubernetes_external_secrets.module.this.data.aws_iam_policy_document.trusted_oidc_providers",
            "module.irsa__kubernetes_external_secrets.module.this.data.aws_iam_policy_document.trusted_saml_providers",
            "module.irsa__kubernetes_external_secrets.module.this.data.aws_iam_policy_document.trusted_services",
            "module.irsa__kubernetes_external_secrets.module.this.data.aws_partition.this"
          ]
        }
      ]
    },
    {
      "module": "module.irsa__kubernetes_external_secrets.module.this",
      "mode": "managed",
      "type": "aws_iam_role_policy",
      "name": "inline",
      "provider": "provider[\"registry.terraform.io/hashicorp/aws\"]",
      "instances": [
        {
          "index_key": "this",
          "schema_version": 0,
          "attributes": {
            "id": "irsa-kkhdevs-cluster-addon-kubernetes-external-secrets:this",
            "name": "this",
            "name_prefix": null,
            "policy": "{\n    \"Version\": \"2012-10-17\",\n    \"Statement\": [\n        {\n            \"Effect\": \"Allow\",\n            \"Action\": [\n                \"secretsmanager:GetResourcePolicy\",\n                \"secretsmanager:GetSecretValue\",\n                \"secretsmanager:DescribeSecret\",\n                \"secretsmanager:ListSecretVersionIds\"\n            ],\n            \"Resource\": \"*\"\n        },\n        {\n            \"Effect\": \"Allow\",\n            \"Action\": [\n                \"kms:GetParametersForImport\",\n                \"kms:GetPublicKey\",\n                \"kms:ListKeyPolicies\",\n                \"kms:ListRetirableGrants\",\n                \"kms:GetKeyRotationStatus\",\n                \"kms:GetKeyPolicy\",\n                \"kms:DescribeKey\",\n                \"kms:ListResourceTags\",\n                \"kms:ListGrants\",\n                \"kms:GenerateDataKey\",\n                \"kms:Encrypt\",\n                \"kms:Decrypt\"\n            ],\n            \"Resource\": \"*\"\n        }\n    ]\n}\n",
            "role": "irsa-kkhdevs-cluster-addon-kubernetes-external-secrets"
          },
          "sensitive_attributes": [],
          "private": "bnVsbA==",
          "dependencies": [
            "data.terraform_remote_state.network",
            "module.cluster.aws_cloudwatch_log_group.this",
            "module.cluster.aws_eks_cluster.this",
            "module.cluster.aws_iam_openid_connect_provider.this",
            "module.cluster.data.aws_subnet.selected",
            "module.cluster.data.tls_certificate.this",
            "module.cluster.module.role__control_plane.aws_iam_instance_profile.this",
            "module.cluster.module.role__control_plane.aws_iam_role.this",
            "module.cluster.module.role__control_plane.aws_iam_role_policy.inline",
            "module.cluster.module.role__control_plane.aws_iam_role_policy_attachment.managed",
            "module.cluster.module.role__control_plane.aws_resourcegroups_group.this",
            "module.cluster.module.role__control_plane.data.aws_caller_identity.this",
            "module.cluster.module.role__control_plane.data.aws_iam_policy_document.assume_role",
            "module.cluster.module.role__control_plane.data.aws_iam_policy_document.trusted_iam_entities",
            "module.cluster.module.role__control_plane.data.aws_iam_policy_document.trusted_oidc_providers",
            "module.cluster.module.role__control_plane.data.aws_iam_policy_document.trusted_saml_providers",
            "module.cluster.module.role__control_plane.data.aws_iam_policy_document.trusted_services",
            "module.cluster.module.role__control_plane.data.aws_partition.this",
            "module.cluster.module.security_group__control_plane.aws_security_group.this",
            "module.irsa__kubernetes_external_secrets.module.this.aws_iam_role.this",
            "module.irsa__kubernetes_external_secrets.module.this.data.aws_caller_identity.this",
            "module.irsa__kubernetes_external_secrets.module.this.data.aws_iam_policy_document.assume_role",
            "module.irsa__kubernetes_external_secrets.module.this.data.aws_iam_policy_document.trusted_iam_entities",
            "module.irsa__kubernetes_external_secrets.module.this.data.aws_iam_policy_document.trusted_oidc_providers",
            "module.irsa__kubernetes_external_secrets.module.this.data.aws_iam_policy_document.trusted_saml_providers",
            "module.irsa__kubernetes_external_secrets.module.this.data.aws_iam_policy_document.trusted_services",
            "module.irsa__kubernetes_external_secrets.module.this.data.aws_partition.this"
          ]
        }
      ]
    },
    {
      "module": "module.node_group__app",
      "mode": "data",
      "type": "template_file",
      "name": "userdata",
      "provider": "provider[\"registry.terraform.io/hashicorp/template\"]",
      "instances": [
        {
          "schema_version": 0,
          "attributes": {
            "filename": null,
            "id": "7b3ca5ccafaf39f75b18fc7bad6a4bf12ed5831ff9edde14ae79b728340fc432",
            "rendered": "#!/usr/bin/env bash\n\nset -euf -o pipefail\n\n\n# Bootstrap and join the cluster\n# `--apiserver-endpoint` and `--b64-cluster-ca` are optional\n/etc/eks/bootstrap.sh \\\n     \\\n    --kubelet-extra-args \"--node-labels role=app,team=kkhdevs\" \\\n    'kkhdevs-cluster'\n",
            "template": "#!/usr/bin/env bash\n\nset -euf -o pipefail\n\n\n# Bootstrap and join the cluster\n# `--apiserver-endpoint` and `--b64-cluster-ca` are optional\n/etc/eks/bootstrap.sh \\\n    ${bootstrap_extra_args} \\\n    --kubelet-extra-args \"${kubelet_extra_args}\" \\\n    '${cluster_name}'\n",
            "vars": {
              "bootstrap_extra_args": "",
              "cluster_name": "kkhdevs-cluster",
              "kubelet_extra_args": "--node-labels role=app,team=kkhdevs"
            }
          },
          "sensitive_attributes": []
        }
      ]
    },
    {
      "module": "module.node_group__app",
      "mode": "managed",
      "type": "aws_autoscaling_group",
      "name": "this",
      "provider": "provider[\"registry.terraform.io/hashicorp/aws\"]",
      "instances": [
        {
          "schema_version": 0,
          "attributes": {
            "arn": "arn:aws:autoscaling:ap-northeast-2:594311320189:autoScalingGroup:40aa7e63-fc1e-4316-85ec-ffeac629e909:autoScalingGroupName/kkhdevs-cluster-app-v1.21-2022062406212026250000000a",
            "availability_zones": [
              "ap-northeast-2a",
              "ap-northeast-2b"
            ],
            "capacity_rebalance": false,
            "default_cooldown": 300,
            "desired_capacity": 2,
            "enabled_metrics": [
              "GroupDesiredCapacity",
              "GroupInServiceCapacity",
              "GroupInServiceInstances",
              "GroupMaxSize",
              "GroupMinSize",
              "GroupPendingCapacity",
              "GroupPendingInstances",
              "GroupStandbyCapacity",
              "GroupStandbyInstances",
              "GroupTerminatingCapacity",
              "GroupTerminatingInstances",
              "GroupTotalCapacity",
              "GroupTotalInstances"
            ],
            "force_delete": false,
            "force_delete_warm_pool": false,
            "health_check_grace_period": 300,
            "health_check_type": "EC2",
            "id": "kkhdevs-cluster-app-v1.21-2022062406212026250000000a",
            "initial_lifecycle_hook": [],
            "instance_refresh": [
              {
                "preferences": [
                  {
                    "checkpoint_delay": "",
                    "checkpoint_percentages": null,
                    "instance_warmup": "",
                    "min_healthy_percentage": 90
                  }
                ],
                "strategy": "Rolling",
                "triggers": null
              }
            ],
            "launch_configuration": "",
            "launch_template": [
              {
                "id": "lt-0917d1b100a6c26cb",
                "name": "kkhdevs-cluster-app-v1.21-20220624062119874800000008",
                "version": "1"
              }
            ],
            "load_balancers": null,
            "max_instance_lifetime": 0,
            "max_size": 2,
            "metrics_granularity": "1Minute",
            "min_elb_capacity": null,
            "min_size": 1,
            "mixed_instances_policy": [],
            "name": "kkhdevs-cluster-app-v1.21-2022062406212026250000000a",
            "name_prefix": "kkhdevs-cluster-app-v1.21-",
            "placement_group": "",
            "protect_from_scale_in": false,
            "service_linked_role_arn": "arn:aws:iam::594311320189:role/aws-service-role/autoscaling.amazonaws.com/AWSServiceRoleForAutoScaling",
            "suspended_processes": null,
            "tag": [],
            "tags": [
              {
                "key": "Name",
                "propagate_at_launch": "true",
                "value": "kkhdevs-cluster-app-v1.21"
              },
              {
                "key": "kubernetes.io/cluster/kkhdevs-cluster",
                "propagate_at_launch": "true",
                "value": "owned"
              },
              {
                "key": "module.terraform.io/full-name",
                "propagate_at_launch": "true",
                "value": "terraform-aws-container/eks-node-group"
              },
              {
                "key": "module.terraform.io/instance",
                "propagate_at_launch": "true",
                "value": "kkhdevs-cluster-app-v1.21"
              },
              {
                "key": "module.terraform.io/name",
                "propagate_at_launch": "true",
                "value": "eks-node-group"
              },
              {
                "key": "module.terraform.io/package",
                "propagate_at_launch": "true",
                "value": "terraform-aws-container"
              },
              {
                "key": "module.terraform.io/version",
                "propagate_at_launch": "true",
                "value": "0.14.0"
              }
            ],
            "target_group_arns": null,
            "termination_policies": null,
            "timeouts": null,
            "vpc_zone_identifier": [
              "subnet-02613634833e85e8c",
              "subnet-05a73763c7b6cc1a6"
            ],
            "wait_for_capacity_timeout": "10m",
            "wait_for_elb_capacity": null,
            "warm_pool": []
          },
          "sensitive_attributes": [],
          "private": "eyJlMmJmYjczMC1lY2FhLTExZTYtOGY4OC0zNDM2M2JjN2M0YzAiOnsiZGVsZXRlIjo2MDAwMDAwMDAwMDB9fQ==",
          "dependencies": [
            "data.terraform_remote_state.network",
            "module.cluster.aws_cloudwatch_log_group.this",
            "module.cluster.aws_eks_cluster.this",
            "module.cluster.data.aws_subnet.selected",
            "module.cluster.module.role__control_plane.aws_iam_instance_profile.this",
            "module.cluster.module.role__control_plane.aws_iam_role.this",
            "module.cluster.module.role__control_plane.aws_iam_role_policy.inline",
            "module.cluster.module.role__control_plane.aws_iam_role_policy_attachment.managed",
            "module.cluster.module.role__control_plane.aws_resourcegroups_group.this",
            "module.cluster.module.role__control_plane.data.aws_caller_identity.this",
            "module.cluster.module.role__control_plane.data.aws_iam_policy_document.assume_role",
            "module.cluster.module.role__control_plane.data.aws_iam_policy_document.trusted_iam_entities",
            "module.cluster.module.role__control_plane.data.aws_iam_policy_document.trusted_oidc_providers",
            "module.cluster.module.role__control_plane.data.aws_iam_policy_document.trusted_saml_providers",
            "module.cluster.module.role__control_plane.data.aws_iam_policy_document.trusted_services",
            "module.cluster.module.role__control_plane.data.aws_partition.this",
            "module.cluster.module.role__fargate_profile.aws_iam_instance_profile.this",
            "module.cluster.module.role__fargate_profile.aws_iam_role.this",
            "module.cluster.module.role__fargate_profile.aws_iam_role_policy.inline",
            "module.cluster.module.role__fargate_profile.aws_iam_role_policy_attachment.managed",
            "module.cluster.module.role__fargate_profile.aws_resourcegroups_group.this",
            "module.cluster.module.role__fargate_profile.data.aws_caller_identity.this",
            "module.cluster.module.role__fargate_profile.data.aws_iam_policy_document.assume_role",
            "module.cluster.module.role__fargate_profile.data.aws_iam_policy_document.trusted_iam_entities",
            "module.cluster.module.role__fargate_profile.data.aws_iam_policy_document.trusted_oidc_providers",
            "module.cluster.module.role__fargate_profile.data.aws_iam_policy_document.trusted_saml_providers",
            "module.cluster.module.role__fargate_profile.data.aws_iam_policy_document.trusted_services",
            "module.cluster.module.role__fargate_profile.data.aws_partition.this",
            "module.cluster.module.role__node.aws_iam_instance_profile.this",
            "module.cluster.module.role__node.aws_iam_role.this",
            "module.cluster.module.role__node.aws_iam_role_policy.inline",
            "module.cluster.module.role__node.aws_iam_role_policy_attachment.managed",
            "module.cluster.module.role__node.aws_resourcegroups_group.this",
            "module.cluster.module.role__node.data.aws_caller_identity.this",
            "module.cluster.module.role__node.data.aws_iam_policy_document.assume_role",
            "module.cluster.module.role__node.data.aws_iam_policy_document.trusted_iam_entities",
            "module.cluster.module.role__node.data.aws_iam_policy_document.trusted_oidc_providers",
            "module.cluster.module.role__node.data.aws_iam_policy_document.trusted_saml_providers",
            "module.cluster.module.role__node.data.aws_iam_policy_document.trusted_services",
            "module.cluster.module.role__node.data.aws_partition.this",
            "module.cluster.module.security_group__control_plane.aws_security_group.this",
            "module.cluster.module.security_group__node.aws_security_group.this",
            "module.cluster.module.security_group__pod.aws_security_group.this",
            "module.node_group__app.aws_launch_template.this",
            "module.node_group__app.data.template_file.userdata",
            "module.security_group__node.aws_security_group.this"
          ],
          "create_before_destroy": true
        }
      ]
    },
    {
      "module": "module.node_group__app",
      "mode": "managed",
      "type": "aws_launch_template",
      "name": "this",
      "provider": "provider[\"registry.terraform.io/hashicorp/aws\"]",
      "instances": [
        {
          "schema_version": 0,
          "attributes": {
            "arn": "arn:aws:ec2:ap-northeast-2:594311320189:launch-template/lt-0917d1b100a6c26cb",
            "block_device_mappings": [
              {
                "device_name": "/dev/xvda",
                "ebs": [
                  {
                    "delete_on_termination": "true",
                    "encrypted": "false",
                    "iops": 0,
                    "kms_key_id": "",
                    "snapshot_id": "",
                    "throughput": 0,
                    "volume_size": 20,
                    "volume_type": "gp2"
                  }
                ],
                "no_device": "",
                "virtual_name": ""
              }
            ],
            "capacity_reservation_specification": [],
            "cpu_options": [],
            "credit_specification": [],
            "default_version": 1,
            "description": "Managed by Terraform.",
            "disable_api_termination": false,
            "ebs_optimized": "false",
            "elastic_gpu_specifications": [],
            "elastic_inference_accelerator": [],
            "enclave_options": [],
            "hibernation_options": [],
            "iam_instance_profile": [
              {
                "arn": "",
                "name": "eks-kkhdevs-cluster-node"
              }
            ],
            "id": "lt-0917d1b100a6c26cb",
            "image_id": "ami-0073aeb06ceb4b0dc",
            "instance_initiated_shutdown_behavior": "terminate",
            "instance_market_options": [],
            "instance_type": "t3.small",
            "kernel_id": "",
            "key_name": "kkhdevs",
            "latest_version": 1,
            "license_specification": [],
            "metadata_options": [],
            "monitoring": [
              {
                "enabled": false
              }
            ],
            "name": "kkhdevs-cluster-app-v1.21-20220624062119874800000008",
            "name_prefix": "kkhdevs-cluster-app-v1.21-",
            "network_interfaces": [
              {
                "associate_carrier_ip_address": "",
                "associate_public_ip_address": "true",
                "delete_on_termination": "true",
                "description": "Managed by Terraform.",
                "device_index": 0,
                "interface_type": "",
                "ipv4_address_count": 0,
                "ipv4_addresses": null,
                "ipv6_address_count": 0,
                "ipv6_addresses": null,
                "network_card_index": 0,
                "network_interface_id": "",
                "private_ip_address": "",
                "security_groups": [
                  "sg-08082abf20a87baa6",
                  "sg-0ff216f387e7bc768"
                ],
                "subnet_id": ""
              }
            ],
            "placement": [],
            "ram_disk_id": "",
            "security_group_names": null,
            "tag_specifications": [
              {
                "resource_type": "instance",
                "tags": {
                  "Name": "kkhdevs-cluster-app-v1.21",
                  "kubernetes.io/cluster/kkhdevs-cluster": "owned",
                  "module.terraform.io/full-name": "terraform-aws-container/eks-node-group",
                  "module.terraform.io/instance": "kkhdevs-cluster-app-v1.21",
                  "module.terraform.io/name": "eks-node-group",
                  "module.terraform.io/package": "terraform-aws-container",
                  "module.terraform.io/version": "0.14.0"
                }
              },
              {
                "resource_type": "volume",
                "tags": {
                  "Name": "kkhdevs-cluster-app-v1.21",
                  "kubernetes.io/cluster/kkhdevs-cluster": "owned",
                  "module.terraform.io/full-name": "terraform-aws-container/eks-node-group",
                  "module.terraform.io/instance": "kkhdevs-cluster-app-v1.21",
                  "module.terraform.io/name": "eks-node-group",
                  "module.terraform.io/package": "terraform-aws-container",
                  "module.terraform.io/version": "0.14.0"
                }
              }
            ],
            "tags": {
              "Name": "kkhdevs-cluster-app-v1.21",
              "kubernetes.io/cluster/kkhdevs-cluster": "owned",
              "module.terraform.io/full-name": "terraform-aws-container/eks-node-group",
              "module.terraform.io/instance": "kkhdevs-cluster-app-v1.21",
              "module.terraform.io/name": "eks-node-group",
              "module.terraform.io/package": "terraform-aws-container",
              "module.terraform.io/version": "0.14.0"
            },
            "tags_all": {
              "Name": "kkhdevs-cluster-app-v1.21",
              "kubernetes.io/cluster/kkhdevs-cluster": "owned",
              "module.terraform.io/full-name": "terraform-aws-container/eks-node-group",
              "module.terraform.io/instance": "kkhdevs-cluster-app-v1.21",
              "module.terraform.io/name": "eks-node-group",
              "module.terraform.io/package": "terraform-aws-container",
              "module.terraform.io/version": "0.14.0"
            },
            "update_default_version": null,
            "user_data": "IyEvdXNyL2Jpbi9lbnYgYmFzaAoKc2V0IC1ldWYgLW8gcGlwZWZhaWwKCgojIEJvb3RzdHJhcCBhbmQgam9pbiB0aGUgY2x1c3RlcgojIGAtLWFwaXNlcnZlci1lbmRwb2ludGAgYW5kIGAtLWI2NC1jbHVzdGVyLWNhYCBhcmUgb3B0aW9uYWwKL2V0Yy9la3MvYm9vdHN0cmFwLnNoIFwKICAgICBcCiAgICAtLWt1YmVsZXQtZXh0cmEtYXJncyAiLS1ub2RlLWxhYmVscyByb2xlPWFwcCx0ZWFtPWtraGRldnMiIFwKICAgICdra2hkZXZzLWNsdXN0ZXInCg==",
            "vpc_security_group_ids": null
          },
          "sensitive_attributes": [],
          "private": "bnVsbA==",
          "dependencies": [
            "data.terraform_remote_state.network",
            "module.cluster.aws_cloudwatch_log_group.this",
            "module.cluster.aws_eks_cluster.this",
            "module.cluster.data.aws_subnet.selected",
            "module.cluster.module.role__control_plane.aws_iam_instance_profile.this",
            "module.cluster.module.role__control_plane.aws_iam_role.this",
            "module.cluster.module.role__control_plane.aws_iam_role_policy.inline",
            "module.cluster.module.role__control_plane.aws_iam_role_policy_attachment.managed",
            "module.cluster.module.role__control_plane.aws_resourcegroups_group.this",
            "module.cluster.module.role__control_plane.data.aws_caller_identity.this",
            "module.cluster.module.role__control_plane.data.aws_iam_policy_document.assume_role",
            "module.cluster.module.role__control_plane.data.aws_iam_policy_document.trusted_iam_entities",
            "module.cluster.module.role__control_plane.data.aws_iam_policy_document.trusted_oidc_providers",
            "module.cluster.module.role__control_plane.data.aws_iam_policy_document.trusted_saml_providers",
            "module.cluster.module.role__control_plane.data.aws_iam_policy_document.trusted_services",
            "module.cluster.module.role__control_plane.data.aws_partition.this",
            "module.cluster.module.role__fargate_profile.aws_iam_instance_profile.this",
            "module.cluster.module.role__fargate_profile.aws_iam_role.this",
            "module.cluster.module.role__fargate_profile.aws_iam_role_policy.inline",
            "module.cluster.module.role__fargate_profile.aws_iam_role_policy_attachment.managed",
            "module.cluster.module.role__fargate_profile.aws_resourcegroups_group.this",
            "module.cluster.module.role__fargate_profile.data.aws_caller_identity.this",
            "module.cluster.module.role__fargate_profile.data.aws_iam_policy_document.assume_role",
            "module.cluster.module.role__fargate_profile.data.aws_iam_policy_document.trusted_iam_entities",
            "module.cluster.module.role__fargate_profile.data.aws_iam_policy_document.trusted_oidc_providers",
            "module.cluster.module.role__fargate_profile.data.aws_iam_policy_document.trusted_saml_providers",
            "module.cluster.module.role__fargate_profile.data.aws_iam_policy_document.trusted_services",
            "module.cluster.module.role__fargate_profile.data.aws_partition.this",
            "module.cluster.module.role__node.aws_iam_instance_profile.this",
            "module.cluster.module.role__node.aws_iam_role.this",
            "module.cluster.module.role__node.aws_iam_role_policy.inline",
            "module.cluster.module.role__node.aws_iam_role_policy_attachment.managed",
            "module.cluster.module.role__node.aws_resourcegroups_group.this",
            "module.cluster.module.role__node.data.aws_caller_identity.this",
            "module.cluster.module.role__node.data.aws_iam_policy_document.assume_role",
            "module.cluster.module.role__node.data.aws_iam_policy_document.trusted_iam_entities",
            "module.cluster.module.role__node.data.aws_iam_policy_document.trusted_oidc_providers",
            "module.cluster.module.role__node.data.aws_iam_policy_document.trusted_saml_providers",
            "module.cluster.module.role__node.data.aws_iam_policy_document.trusted_services",
            "module.cluster.module.role__node.data.aws_partition.this",
            "module.cluster.module.security_group__control_plane.aws_security_group.this",
            "module.cluster.module.security_group__node.aws_security_group.this",
            "module.cluster.module.security_group__pod.aws_security_group.this",
            "module.node_group__app.data.template_file.userdata",
            "module.security_group__node.aws_security_group.this"
          ],
          "create_before_destroy": true
        }
      ]
    },
    {
      "module": "module.node_group__app",
      "mode": "managed",
      "type": "aws_resourcegroups_group",
      "name": "this",
      "provider": "provider[\"registry.terraform.io/hashicorp/aws\"]",
      "instances": [
        {
          "index_key": 0,
          "schema_version": 0,
          "attributes": {
            "arn": "arn:aws:resource-groups:ap-northeast-2:594311320189:group/terraform-aws-container.eks-node-group.kkhdevs-cluster-app-v1.21",
            "description": "Managed by Terraform.",
            "id": "terraform-aws-container.eks-node-group.kkhdevs-cluster-app-v1.21",
            "name": "terraform-aws-container.eks-node-group.kkhdevs-cluster-app-v1.21",
            "resource_query": [
              {
                "query": "{\n  \"ResourceTypeFilters\": [\n    \"AWS::AllSupported\"\n  ],\n  \"TagFilters\": [{\"Key\":\"module.terraform.io/full-name\",\"Values\":[\"terraform-aws-container/eks-node-group\"]},{\"Key\":\"module.terraform.io/instance\",\"Values\":[\"kkhdevs-cluster-app-v1.21\"]},{\"Key\":\"module.terraform.io/name\",\"Values\":[\"eks-node-group\"]},{\"Key\":\"module.terraform.io/package\",\"Values\":[\"terraform-aws-container\"]},{\"Key\":\"module.terraform.io/version\",\"Values\":[\"0.14.0\"]}]\n}\n",
                "type": "TAG_FILTERS_1_0"
              }
            ],
            "tags": {
              "Name": "terraform-aws-container.eks-node-group.kkhdevs-cluster-app-v1.21",
              "module.terraform.io/full-name": "terraform-aws-container/eks-node-group",
              "module.terraform.io/instance": "kkhdevs-cluster-app-v1.21",
              "module.terraform.io/name": "eks-node-group",
              "module.terraform.io/package": "terraform-aws-container",
              "module.terraform.io/version": "0.14.0"
            },
            "tags_all": {
              "Name": "terraform-aws-container.eks-node-group.kkhdevs-cluster-app-v1.21",
              "module.terraform.io/full-name": "terraform-aws-container/eks-node-group",
              "module.terraform.io/instance": "kkhdevs-cluster-app-v1.21",
              "module.terraform.io/name": "eks-node-group",
              "module.terraform.io/package": "terraform-aws-container",
              "module.terraform.io/version": "0.14.0"
            }
          },
          "sensitive_attributes": [],
          "private": "bnVsbA==",
          "dependencies": [
            "data.terraform_remote_state.network",
            "module.cluster.aws_cloudwatch_log_group.this",
            "module.cluster.aws_eks_cluster.this",
            "module.cluster.data.aws_subnet.selected",
            "module.cluster.module.role__control_plane.aws_iam_instance_profile.this",
            "module.cluster.module.role__control_plane.aws_iam_role.this",
            "module.cluster.module.role__control_plane.aws_iam_role_policy.inline",
            "module.cluster.module.role__control_plane.aws_iam_role_policy_attachment.managed",
            "module.cluster.module.role__control_plane.aws_resourcegroups_group.this",
            "module.cluster.module.role__control_plane.data.aws_caller_identity.this",
            "module.cluster.module.role__control_plane.data.aws_iam_policy_document.assume_role",
            "module.cluster.module.role__control_plane.data.aws_iam_policy_document.trusted_iam_entities",
            "module.cluster.module.role__control_plane.data.aws_iam_policy_document.trusted_oidc_providers",
            "module.cluster.module.role__control_plane.data.aws_iam_policy_document.trusted_saml_providers",
            "module.cluster.module.role__control_plane.data.aws_iam_policy_document.trusted_services",
            "module.cluster.module.role__control_plane.data.aws_partition.this",
            "module.cluster.module.security_group__control_plane.aws_security_group.this"
          ]
        }
      ]
    },
    {
      "module": "module.security_group__node",
      "mode": "managed",
      "type": "aws_resourcegroups_group",
      "name": "this",
      "provider": "provider[\"registry.terraform.io/hashicorp/aws\"]",
      "instances": [
        {
          "index_key": 0,
          "schema_version": 0,
          "attributes": {
            "arn": "arn:aws:resource-groups:ap-northeast-2:594311320189:group/terraform-aws-network.security-group.kkhdevs-cluster-node-user",
            "description": "Managed by Terraform.",
            "id": "terraform-aws-network.security-group.kkhdevs-cluster-node-user",
            "name": "terraform-aws-network.security-group.kkhdevs-cluster-node-user",
            "resource_query": [
              {
                "query": "{\n  \"ResourceTypeFilters\": [\n    \"AWS::AllSupported\"\n  ],\n  \"TagFilters\": [{\"Key\":\"module.terraform.io/full-name\",\"Values\":[\"terraform-aws-network/security-group\"]},{\"Key\":\"module.terraform.io/instance\",\"Values\":[\"kkhdevs-cluster-node-user\"]},{\"Key\":\"module.terraform.io/name\",\"Values\":[\"security-group\"]},{\"Key\":\"module.terraform.io/package\",\"Values\":[\"terraform-aws-network\"]},{\"Key\":\"module.terraform.io/version\",\"Values\":[\"0.24.0\"]}]\n}\n",
                "type": "TAG_FILTERS_1_0"
              }
            ],
            "tags": {
              "Name": "terraform-aws-network.security-group.kkhdevs-cluster-node-user",
              "module.terraform.io/full-name": "terraform-aws-network/security-group",
              "module.terraform.io/instance": "kkhdevs-cluster-node-user",
              "module.terraform.io/name": "security-group",
              "module.terraform.io/package": "terraform-aws-network",
              "module.terraform.io/version": "0.24.0"
            },
            "tags_all": {
              "Name": "terraform-aws-network.security-group.kkhdevs-cluster-node-user",
              "module.terraform.io/full-name": "terraform-aws-network/security-group",
              "module.terraform.io/instance": "kkhdevs-cluster-node-user",
              "module.terraform.io/name": "security-group",
              "module.terraform.io/package": "terraform-aws-network",
              "module.terraform.io/version": "0.24.0"
            }
          },
          "sensitive_attributes": [],
          "private": "bnVsbA==",
          "dependencies": [
            "data.terraform_remote_state.network",
            "module.cluster.aws_cloudwatch_log_group.this",
            "module.cluster.aws_eks_cluster.this",
            "module.cluster.data.aws_subnet.selected",
            "module.cluster.module.role__control_plane.aws_iam_instance_profile.this",
            "module.cluster.module.role__control_plane.aws_iam_role.this",
            "module.cluster.module.role__control_plane.aws_iam_role_policy.inline",
            "module.cluster.module.role__control_plane.aws_iam_role_policy_attachment.managed",
            "module.cluster.module.role__control_plane.aws_resourcegroups_group.this",
            "module.cluster.module.role__control_plane.data.aws_caller_identity.this",
            "module.cluster.module.role__control_plane.data.aws_iam_policy_document.assume_role",
            "module.cluster.module.role__control_plane.data.aws_iam_policy_document.trusted_iam_entities",
            "module.cluster.module.role__control_plane.data.aws_iam_policy_document.trusted_oidc_providers",
            "module.cluster.module.role__control_plane.data.aws_iam_policy_document.trusted_saml_providers",
            "module.cluster.module.role__control_plane.data.aws_iam_policy_document.trusted_services",
            "module.cluster.module.role__control_plane.data.aws_partition.this",
            "module.cluster.module.security_group__control_plane.aws_security_group.this"
          ]
        }
      ]
    },
    {
      "module": "module.security_group__node",
      "mode": "managed",
      "type": "aws_security_group",
      "name": "this",
      "provider": "provider[\"registry.terraform.io/hashicorp/aws\"]",
      "instances": [
        {
          "schema_version": 1,
          "attributes": {
            "arn": "arn:aws:ec2:ap-northeast-2:594311320189:security-group/sg-0ff216f387e7bc768",
            "description": "Security group for EKS nodes.",
            "egress": [],
            "id": "sg-0ff216f387e7bc768",
            "ingress": [],
            "name": "kkhdevs-cluster-node-user",
            "name_prefix": "",
            "owner_id": "594311320189",
            "revoke_rules_on_delete": false,
            "tags": {
              "Name": "kkhdevs-cluster-node-user",
              "module.terraform.io/full-name": "terraform-aws-network/security-group",
              "module.terraform.io/instance": "kkhdevs-cluster-node-user",
              "module.terraform.io/name": "security-group",
              "module.terraform.io/package": "terraform-aws-network",
              "module.terraform.io/version": "0.24.0"
            },
            "tags_all": {
              "Name": "kkhdevs-cluster-node-user",
              "module.terraform.io/full-name": "terraform-aws-network/security-group",
              "module.terraform.io/instance": "kkhdevs-cluster-node-user",
              "module.terraform.io/name": "security-group",
              "module.terraform.io/package": "terraform-aws-network",
              "module.terraform.io/version": "0.24.0"
            },
            "timeouts": null,
            "vpc_id": "vpc-08d97d7138f25344d"
          },
          "sensitive_attributes": [],
          "private": "eyJlMmJmYjczMC1lY2FhLTExZTYtOGY4OC0zNDM2M2JjN2M0YzAiOnsiY3JlYXRlIjo2MDAwMDAwMDAwMDAsImRlbGV0ZSI6OTAwMDAwMDAwMDAwfSwic2NoZW1hX3ZlcnNpb24iOiIxIn0=",
          "dependencies": [
            "data.terraform_remote_state.network",
            "module.cluster.aws_cloudwatch_log_group.this",
            "module.cluster.aws_eks_cluster.this",
            "module.cluster.data.aws_subnet.selected",
            "module.cluster.module.role__control_plane.aws_iam_instance_profile.this",
            "module.cluster.module.role__control_plane.aws_iam_role.this",
            "module.cluster.module.role__control_plane.aws_iam_role_policy.inline",
            "module.cluster.module.role__control_plane.aws_iam_role_policy_attachment.managed",
            "module.cluster.module.role__control_plane.aws_resourcegroups_group.this",
            "module.cluster.module.role__control_plane.data.aws_caller_identity.this",
            "module.cluster.module.role__control_plane.data.aws_iam_policy_document.assume_role",
            "module.cluster.module.role__control_plane.data.aws_iam_policy_document.trusted_iam_entities",
            "module.cluster.module.role__control_plane.data.aws_iam_policy_document.trusted_oidc_providers",
            "module.cluster.module.role__control_plane.data.aws_iam_policy_document.trusted_saml_providers",
            "module.cluster.module.role__control_plane.data.aws_iam_policy_document.trusted_services",
            "module.cluster.module.role__control_plane.data.aws_partition.this",
            "module.cluster.module.security_group__control_plane.aws_security_group.this"
          ],
          "create_before_destroy": true
        }
      ]
    },
    {
      "module": "module.security_group__node",
      "mode": "managed",
      "type": "aws_security_group_rule",
      "name": "egress",
      "provider": "provider[\"registry.terraform.io/hashicorp/aws\"]",
      "instances": [
        {
          "index_key": "all/all",
          "schema_version": 2,
          "attributes": {
            "cidr_blocks": [
              "0.0.0.0/0"
            ],
            "description": "Allow nodes to communicate to the Internet.",
            "from_port": 0,
            "id": "sgrule-3071796078",
            "ipv6_cidr_blocks": null,
            "prefix_list_ids": null,
            "protocol": "-1",
            "security_group_id": "sg-0ff216f387e7bc768",
            "self": false,
            "source_security_group_id": null,
            "to_port": 0,
            "type": "egress"
          },
          "sensitive_attributes": [],
          "private": "eyJzY2hlbWFfdmVyc2lvbiI6IjIifQ==",
          "dependencies": [
            "data.terraform_remote_state.network",
            "module.cluster.aws_cloudwatch_log_group.this",
            "module.cluster.aws_eks_cluster.this",
            "module.cluster.data.aws_subnet.selected",
            "module.cluster.module.role__control_plane.aws_iam_instance_profile.this",
            "module.cluster.module.role__control_plane.aws_iam_role.this",
            "module.cluster.module.role__control_plane.aws_iam_role_policy.inline",
            "module.cluster.module.role__control_plane.aws_iam_role_policy_attachment.managed",
            "module.cluster.module.role__control_plane.aws_resourcegroups_group.this",
            "module.cluster.module.role__control_plane.data.aws_caller_identity.this",
            "module.cluster.module.role__control_plane.data.aws_iam_policy_document.assume_role",
            "module.cluster.module.role__control_plane.data.aws_iam_policy_document.trusted_iam_entities",
            "module.cluster.module.role__control_plane.data.aws_iam_policy_document.trusted_oidc_providers",
            "module.cluster.module.role__control_plane.data.aws_iam_policy_document.trusted_saml_providers",
            "module.cluster.module.role__control_plane.data.aws_iam_policy_document.trusted_services",
            "module.cluster.module.role__control_plane.data.aws_partition.this",
            "module.cluster.module.security_group__control_plane.aws_security_group.this",
            "module.security_group__node.aws_security_group.this"
          ]
        }
      ]
    },
    {
      "module": "module.security_group__node",
      "mode": "managed",
      "type": "aws_security_group_rule",
      "name": "ingress",
      "provider": "provider[\"registry.terraform.io/hashicorp/aws\"]",
      "instances": [
        {
          "index_key": "ssh/cidrs",
          "schema_version": 2,
          "attributes": {
            "cidr_blocks": [
              "10.222.0.0/16"
            ],
            "description": "Allow CIDRs to communicate with MySQL Server.",
            "from_port": 22,
            "id": "sgrule-339362428",
            "ipv6_cidr_blocks": null,
            "prefix_list_ids": null,
            "protocol": "tcp",
            "security_group_id": "sg-0ff216f387e7bc768",
            "self": false,
            "source_security_group_id": null,
            "to_port": 22,
            "type": "ingress"
          },
          "sensitive_attributes": [],
          "private": "eyJzY2hlbWFfdmVyc2lvbiI6IjIifQ==",
          "dependencies": [
            "data.terraform_remote_state.network",
            "module.cluster.aws_cloudwatch_log_group.this",
            "module.cluster.aws_eks_cluster.this",
            "module.cluster.data.aws_subnet.selected",
            "module.cluster.module.role__control_plane.aws_iam_instance_profile.this",
            "module.cluster.module.role__control_plane.aws_iam_role.this",
            "module.cluster.module.role__control_plane.aws_iam_role_policy.inline",
            "module.cluster.module.role__control_plane.aws_iam_role_policy_attachment.managed",
            "module.cluster.module.role__control_plane.aws_resourcegroups_group.this",
            "module.cluster.module.role__control_plane.data.aws_caller_identity.this",
            "module.cluster.module.role__control_plane.data.aws_iam_policy_document.assume_role",
            "module.cluster.module.role__control_plane.data.aws_iam_policy_document.trusted_iam_entities",
            "module.cluster.module.role__control_plane.data.aws_iam_policy_document.trusted_oidc_providers",
            "module.cluster.module.role__control_plane.data.aws_iam_policy_document.trusted_saml_providers",
            "module.cluster.module.role__control_plane.data.aws_iam_policy_document.trusted_services",
            "module.cluster.module.role__control_plane.data.aws_partition.this",
            "module.cluster.module.security_group__control_plane.aws_security_group.this",
            "module.security_group__node.aws_security_group.this"
          ]
        }
      ]
    }
  ]
}
