{
  "version": 4,
  "terraform_version": "1.2.2",
  "serial": 20,
  "lineage": "ca8b8426-e78c-1c86-b9c0-2ebcc4c87eab",
  "outputs": {
    "subnet_groups": {
      "value": {
        "private": {
          "arns": [
            "arn:aws:ec2:ap-northeast-2:594311320189:subnet/subnet-091f97ea101c79421",
            "arn:aws:ec2:ap-northeast-2:594311320189:subnet/subnet-0d1daf7095cc5f26e"
          ],
          "availability_zone_ids": [
            "apne2-az1",
            "apne2-az2"
          ],
          "availability_zones": [
            "ap-northeast-2a",
            "ap-northeast-2b"
          ],
          "cache_subnet_group_id": null,
          "cidr_blocks": [
            "10.222.2.0/24",
            "10.222.3.0/24"
          ],
          "dax_subnet_group_id": null,
          "db_subnet_group_arn": null,
          "db_subnet_group_id": null,
          "dms_replication_subnet_group_id": null,
          "docdb_subnet_group_arn": null,
          "docdb_subnet_group_id": null,
          "ids": [
            "subnet-091f97ea101c79421",
            "subnet-0d1daf7095cc5f26e"
          ],
          "ipv6_cidr_blocks": [],
          "name": "kkhdevs-private",
          "neptune_subnet_group_arn": null,
          "neptune_subnet_group_id": null,
          "redshift_subnet_group_arn": null,
          "redshift_subnet_group_id": null,
          "subnets": [
            {
              "arn": "arn:aws:ec2:ap-northeast-2:594311320189:subnet/subnet-091f97ea101c79421",
              "assign_ipv6_address_on_creation": false,
              "availability_zone": "ap-northeast-2a",
              "availability_zone_id": "apne2-az1",
              "cidr_block": "10.222.2.0/24",
              "customer_owned_ipv4_pool": "",
              "enable_dns64": false,
              "enable_resource_name_dns_a_record_on_launch": false,
              "enable_resource_name_dns_aaaa_record_on_launch": false,
              "id": "subnet-091f97ea101c79421",
              "ipv6_cidr_block": "",
              "ipv6_cidr_block_association_id": "",
              "ipv6_native": false,
              "map_customer_owned_ip_on_launch": false,
              "map_public_ip_on_launch": false,
              "outpost_arn": "",
              "owner_id": "594311320189",
              "private_dns_hostname_type_on_launch": "ip-name",
              "tags": {
                "Name": "kkhdevs-private-001/az1",
                "Owner": "kkhdevs",
                "Project": "Network",
                "module.terraform.io/full-name": "terraform-aws-network/subnet-group",
                "module.terraform.io/instance": "kkhdevs-private",
                "module.terraform.io/name": "subnet-group",
                "module.terraform.io/package": "terraform-aws-network",
                "module.terraform.io/version": "0.24.0"
              },
              "tags_all": {
                "Name": "kkhdevs-private-001/az1",
                "Owner": "kkhdevs",
                "Project": "Network",
                "module.terraform.io/full-name": "terraform-aws-network/subnet-group",
                "module.terraform.io/instance": "kkhdevs-private",
                "module.terraform.io/name": "subnet-group",
                "module.terraform.io/package": "terraform-aws-network",
                "module.terraform.io/version": "0.24.0"
              },
              "timeouts": null,
              "vpc_id": "vpc-08d97d7138f25344d"
            },
            {
              "arn": "arn:aws:ec2:ap-northeast-2:594311320189:subnet/subnet-0d1daf7095cc5f26e",
              "assign_ipv6_address_on_creation": false,
              "availability_zone": "ap-northeast-2b",
              "availability_zone_id": "apne2-az2",
              "cidr_block": "10.222.3.0/24",
              "customer_owned_ipv4_pool": "",
              "enable_dns64": false,
              "enable_resource_name_dns_a_record_on_launch": false,
              "enable_resource_name_dns_aaaa_record_on_launch": false,
              "id": "subnet-0d1daf7095cc5f26e",
              "ipv6_cidr_block": "",
              "ipv6_cidr_block_association_id": "",
              "ipv6_native": false,
              "map_customer_owned_ip_on_launch": false,
              "map_public_ip_on_launch": false,
              "outpost_arn": "",
              "owner_id": "594311320189",
              "private_dns_hostname_type_on_launch": "ip-name",
              "tags": {
                "Name": "kkhdevs-private-002/az2",
                "Owner": "kkhdevs",
                "Project": "Network",
                "module.terraform.io/full-name": "terraform-aws-network/subnet-group",
                "module.terraform.io/instance": "kkhdevs-private",
                "module.terraform.io/name": "subnet-group",
                "module.terraform.io/package": "terraform-aws-network",
                "module.terraform.io/version": "0.24.0"
              },
              "tags_all": {
                "Name": "kkhdevs-private-002/az2",
                "Owner": "kkhdevs",
                "Project": "Network",
                "module.terraform.io/full-name": "terraform-aws-network/subnet-group",
                "module.terraform.io/instance": "kkhdevs-private",
                "module.terraform.io/name": "subnet-group",
                "module.terraform.io/package": "terraform-aws-network",
                "module.terraform.io/version": "0.24.0"
              },
              "timeouts": null,
              "vpc_id": "vpc-08d97d7138f25344d"
            }
          ],
          "vpc_id": "vpc-08d97d7138f25344d"
        },
        "public": {
          "arns": [
            "arn:aws:ec2:ap-northeast-2:594311320189:subnet/subnet-05a73763c7b6cc1a6",
            "arn:aws:ec2:ap-northeast-2:594311320189:subnet/subnet-02613634833e85e8c"
          ],
          "availability_zone_ids": [
            "apne2-az1",
            "apne2-az2"
          ],
          "availability_zones": [
            "ap-northeast-2a",
            "ap-northeast-2b"
          ],
          "cache_subnet_group_id": null,
          "cidr_blocks": [
            "10.222.0.0/24",
            "10.222.1.0/24"
          ],
          "dax_subnet_group_id": null,
          "db_subnet_group_arn": null,
          "db_subnet_group_id": null,
          "dms_replication_subnet_group_id": null,
          "docdb_subnet_group_arn": null,
          "docdb_subnet_group_id": null,
          "ids": [
            "subnet-05a73763c7b6cc1a6",
            "subnet-02613634833e85e8c"
          ],
          "ipv6_cidr_blocks": [],
          "name": "kkhdevs-public",
          "neptune_subnet_group_arn": null,
          "neptune_subnet_group_id": null,
          "redshift_subnet_group_arn": null,
          "redshift_subnet_group_id": null,
          "subnets": [
            {
              "arn": "arn:aws:ec2:ap-northeast-2:594311320189:subnet/subnet-05a73763c7b6cc1a6",
              "assign_ipv6_address_on_creation": false,
              "availability_zone": "ap-northeast-2a",
              "availability_zone_id": "apne2-az1",
              "cidr_block": "10.222.0.0/24",
              "customer_owned_ipv4_pool": "",
              "enable_dns64": false,
              "enable_resource_name_dns_a_record_on_launch": false,
              "enable_resource_name_dns_aaaa_record_on_launch": false,
              "id": "subnet-05a73763c7b6cc1a6",
              "ipv6_cidr_block": "",
              "ipv6_cidr_block_association_id": "",
              "ipv6_native": false,
              "map_customer_owned_ip_on_launch": false,
              "map_public_ip_on_launch": true,
              "outpost_arn": "",
              "owner_id": "594311320189",
              "private_dns_hostname_type_on_launch": "ip-name",
              "tags": {
                "Name": "kkhdevs-public-001/az1",
                "Owner": "kkhdevs",
                "Project": "Network",
                "module.terraform.io/full-name": "terraform-aws-network/subnet-group",
                "module.terraform.io/instance": "kkhdevs-public",
                "module.terraform.io/name": "subnet-group",
                "module.terraform.io/package": "terraform-aws-network",
                "module.terraform.io/version": "0.24.0"
              },
              "tags_all": {
                "Name": "kkhdevs-public-001/az1",
                "Owner": "kkhdevs",
                "Project": "Network",
                "module.terraform.io/full-name": "terraform-aws-network/subnet-group",
                "module.terraform.io/instance": "kkhdevs-public",
                "module.terraform.io/name": "subnet-group",
                "module.terraform.io/package": "terraform-aws-network",
                "module.terraform.io/version": "0.24.0"
              },
              "timeouts": null,
              "vpc_id": "vpc-08d97d7138f25344d"
            },
            {
              "arn": "arn:aws:ec2:ap-northeast-2:594311320189:subnet/subnet-02613634833e85e8c",
              "assign_ipv6_address_on_creation": false,
              "availability_zone": "ap-northeast-2b",
              "availability_zone_id": "apne2-az2",
              "cidr_block": "10.222.1.0/24",
              "customer_owned_ipv4_pool": "",
              "enable_dns64": false,
              "enable_resource_name_dns_a_record_on_launch": false,
              "enable_resource_name_dns_aaaa_record_on_launch": false,
              "id": "subnet-02613634833e85e8c",
              "ipv6_cidr_block": "",
              "ipv6_cidr_block_association_id": "",
              "ipv6_native": false,
              "map_customer_owned_ip_on_launch": false,
              "map_public_ip_on_launch": true,
              "outpost_arn": "",
              "owner_id": "594311320189",
              "private_dns_hostname_type_on_launch": "ip-name",
              "tags": {
                "Name": "kkhdevs-public-002/az2",
                "Owner": "kkhdevs",
                "Project": "Network",
                "module.terraform.io/full-name": "terraform-aws-network/subnet-group",
                "module.terraform.io/instance": "kkhdevs-public",
                "module.terraform.io/name": "subnet-group",
                "module.terraform.io/package": "terraform-aws-network",
                "module.terraform.io/version": "0.24.0"
              },
              "tags_all": {
                "Name": "kkhdevs-public-002/az2",
                "Owner": "kkhdevs",
                "Project": "Network",
                "module.terraform.io/full-name": "terraform-aws-network/subnet-group",
                "module.terraform.io/instance": "kkhdevs-public",
                "module.terraform.io/name": "subnet-group",
                "module.terraform.io/package": "terraform-aws-network",
                "module.terraform.io/version": "0.24.0"
              },
              "timeouts": null,
              "vpc_id": "vpc-08d97d7138f25344d"
            }
          ],
          "vpc_id": "vpc-08d97d7138f25344d"
        }
      },
      "type": [
        "object",
        {
          "private": [
            "object",
            {
              "arns": [
                "tuple",
                [
                  "string",
                  "string"
                ]
              ],
              "availability_zone_ids": [
                "list",
                "string"
              ],
              "availability_zones": [
                "list",
                "string"
              ],
              "cache_subnet_group_id": "dynamic",
              "cidr_blocks": [
                "tuple",
                [
                  "string",
                  "string"
                ]
              ],
              "dax_subnet_group_id": "dynamic",
              "db_subnet_group_arn": "dynamic",
              "db_subnet_group_id": "dynamic",
              "dms_replication_subnet_group_id": "dynamic",
              "docdb_subnet_group_arn": "dynamic",
              "docdb_subnet_group_id": "dynamic",
              "ids": [
                "tuple",
                [
                  "string",
                  "string"
                ]
              ],
              "ipv6_cidr_blocks": [
                "list",
                "string"
              ],
              "name": "string",
              "neptune_subnet_group_arn": "dynamic",
              "neptune_subnet_group_id": "dynamic",
              "redshift_subnet_group_arn": "dynamic",
              "redshift_subnet_group_id": "dynamic",
              "subnets": [
                "tuple",
                [
                  [
                    "object",
                    {
                      "arn": "string",
                      "assign_ipv6_address_on_creation": "bool",
                      "availability_zone": "string",
                      "availability_zone_id": "string",
                      "cidr_block": "string",
                      "customer_owned_ipv4_pool": "string",
                      "enable_dns64": "bool",
                      "enable_resource_name_dns_a_record_on_launch": "bool",
                      "enable_resource_name_dns_aaaa_record_on_launch": "bool",
                      "id": "string",
                      "ipv6_cidr_block": "string",
                      "ipv6_cidr_block_association_id": "string",
                      "ipv6_native": "bool",
                      "map_customer_owned_ip_on_launch": "bool",
                      "map_public_ip_on_launch": "bool",
                      "outpost_arn": "string",
                      "owner_id": "string",
                      "private_dns_hostname_type_on_launch": "string",
                      "tags": [
                        "map",
                        "string"
                      ],
                      "tags_all": [
                        "map",
                        "string"
                      ],
                      "timeouts": [
                        "object",
                        {
                          "create": "string",
                          "delete": "string"
                        }
                      ],
                      "vpc_id": "string"
                    }
                  ],
                  [
                    "object",
                    {
                      "arn": "string",
                      "assign_ipv6_address_on_creation": "bool",
                      "availability_zone": "string",
                      "availability_zone_id": "string",
                      "cidr_block": "string",
                      "customer_owned_ipv4_pool": "string",
                      "enable_dns64": "bool",
                      "enable_resource_name_dns_a_record_on_launch": "bool",
                      "enable_resource_name_dns_aaaa_record_on_launch": "bool",
                      "id": "string",
                      "ipv6_cidr_block": "string",
                      "ipv6_cidr_block_association_id": "string",
                      "ipv6_native": "bool",
                      "map_customer_owned_ip_on_launch": "bool",
                      "map_public_ip_on_launch": "bool",
                      "outpost_arn": "string",
                      "owner_id": "string",
                      "private_dns_hostname_type_on_launch": "string",
                      "tags": [
                        "map",
                        "string"
                      ],
                      "tags_all": [
                        "map",
                        "string"
                      ],
                      "timeouts": [
                        "object",
                        {
                          "create": "string",
                          "delete": "string"
                        }
                      ],
                      "vpc_id": "string"
                    }
                  ]
                ]
              ],
              "vpc_id": "string"
            }
          ],
          "public": [
            "object",
            {
              "arns": [
                "tuple",
                [
                  "string",
                  "string"
                ]
              ],
              "availability_zone_ids": [
                "list",
                "string"
              ],
              "availability_zones": [
                "list",
                "string"
              ],
              "cache_subnet_group_id": "dynamic",
              "cidr_blocks": [
                "tuple",
                [
                  "string",
                  "string"
                ]
              ],
              "dax_subnet_group_id": "dynamic",
              "db_subnet_group_arn": "dynamic",
              "db_subnet_group_id": "dynamic",
              "dms_replication_subnet_group_id": "dynamic",
              "docdb_subnet_group_arn": "dynamic",
              "docdb_subnet_group_id": "dynamic",
              "ids": [
                "tuple",
                [
                  "string",
                  "string"
                ]
              ],
              "ipv6_cidr_blocks": [
                "list",
                "string"
              ],
              "name": "string",
              "neptune_subnet_group_arn": "dynamic",
              "neptune_subnet_group_id": "dynamic",
              "redshift_subnet_group_arn": "dynamic",
              "redshift_subnet_group_id": "dynamic",
              "subnets": [
                "tuple",
                [
                  [
                    "object",
                    {
                      "arn": "string",
                      "assign_ipv6_address_on_creation": "bool",
                      "availability_zone": "string",
                      "availability_zone_id": "string",
                      "cidr_block": "string",
                      "customer_owned_ipv4_pool": "string",
                      "enable_dns64": "bool",
                      "enable_resource_name_dns_a_record_on_launch": "bool",
                      "enable_resource_name_dns_aaaa_record_on_launch": "bool",
                      "id": "string",
                      "ipv6_cidr_block": "string",
                      "ipv6_cidr_block_association_id": "string",
                      "ipv6_native": "bool",
                      "map_customer_owned_ip_on_launch": "bool",
                      "map_public_ip_on_launch": "bool",
                      "outpost_arn": "string",
                      "owner_id": "string",
                      "private_dns_hostname_type_on_launch": "string",
                      "tags": [
                        "map",
                        "string"
                      ],
                      "tags_all": [
                        "map",
                        "string"
                      ],
                      "timeouts": [
                        "object",
                        {
                          "create": "string",
                          "delete": "string"
                        }
                      ],
                      "vpc_id": "string"
                    }
                  ],
                  [
                    "object",
                    {
                      "arn": "string",
                      "assign_ipv6_address_on_creation": "bool",
                      "availability_zone": "string",
                      "availability_zone_id": "string",
                      "cidr_block": "string",
                      "customer_owned_ipv4_pool": "string",
                      "enable_dns64": "bool",
                      "enable_resource_name_dns_a_record_on_launch": "bool",
                      "enable_resource_name_dns_aaaa_record_on_launch": "bool",
                      "id": "string",
                      "ipv6_cidr_block": "string",
                      "ipv6_cidr_block_association_id": "string",
                      "ipv6_native": "bool",
                      "map_customer_owned_ip_on_launch": "bool",
                      "map_public_ip_on_launch": "bool",
                      "outpost_arn": "string",
                      "owner_id": "string",
                      "private_dns_hostname_type_on_launch": "string",
                      "tags": [
                        "map",
                        "string"
                      ],
                      "tags_all": [
                        "map",
                        "string"
                      ],
                      "timeouts": [
                        "object",
                        {
                          "create": "string",
                          "delete": "string"
                        }
                      ],
                      "vpc_id": "string"
                    }
                  ]
                ]
              ],
              "vpc_id": "string"
            }
          ]
        }
      ]
    },
    "vpc": {
      "value": {
        "arn": "arn:aws:ec2:ap-northeast-2:594311320189:vpc/vpc-08d97d7138f25344d",
        "cidr_block": "10.222.0.0/16",
        "default_network_acl_id": "acl-01d7490dbd59aa7ba",
        "default_route_table_id": "rtb-0c3ca14637666d14c",
        "default_security_group_id": "sg-0654e297e8f6c6b8b",
        "dhcp_options_arn": null,
        "dhcp_options_enabled": false,
        "dhcp_options_id": null,
        "dns_dnssec_validation_enabled": false,
        "dns_dnssec_validation_id": null,
        "dns_hostnames_enabled": true,
        "dns_support_enabled": true,
        "egress_only_internet_gateway_enabled": false,
        "egress_only_internet_gateway_id": null,
        "id": "vpc-08d97d7138f25344d",
        "instance_tenancy": "default",
        "internet_gateway_arn": "arn:aws:ec2:ap-northeast-2:594311320189:internet-gateway/igw-0b137b31711e13fc9",
        "internet_gateway_enabled": true,
        "internet_gateway_id": "igw-0b137b31711e13fc9",
        "ipv6_association_id": "",
        "ipv6_cidr_block": "",
        "main_route_table_id": "rtb-0c3ca14637666d14c",
        "name": "kkhdevs",
        "private_hosted_zones": [],
        "secondary_cidr_blocks": [],
        "vpn_gateway_arn": null,
        "vpn_gateway_asn": null,
        "vpn_gateway_enabled": false,
        "vpn_gateway_id": null
      },
      "type": [
        "object",
        {
          "arn": "string",
          "cidr_block": "string",
          "default_network_acl_id": "string",
          "default_route_table_id": "string",
          "default_security_group_id": "string",
          "dhcp_options_arn": "dynamic",
          "dhcp_options_enabled": "bool",
          "dhcp_options_id": "dynamic",
          "dns_dnssec_validation_enabled": "bool",
          "dns_dnssec_validation_id": "dynamic",
          "dns_hostnames_enabled": "bool",
          "dns_support_enabled": "bool",
          "egress_only_internet_gateway_enabled": "bool",
          "egress_only_internet_gateway_id": "dynamic",
          "id": "string",
          "instance_tenancy": "string",
          "internet_gateway_arn": "string",
          "internet_gateway_enabled": "bool",
          "internet_gateway_id": "string",
          "ipv6_association_id": "string",
          "ipv6_cidr_block": "string",
          "main_route_table_id": "string",
          "name": "string",
          "private_hosted_zones": [
            "tuple",
            []
          ],
          "secondary_cidr_blocks": [
            "list",
            "string"
          ],
          "vpn_gateway_arn": "dynamic",
          "vpn_gateway_asn": "dynamic",
          "vpn_gateway_enabled": "bool",
          "vpn_gateway_id": "dynamic"
        }
      ]
    }
  },
  "resources": [
    {
      "module": "module.route_table__private",
      "mode": "managed",
      "type": "aws_resourcegroups_group",
      "name": "this",
      "provider": "provider[\"registry.terraform.io/hashicorp/aws\"]",
      "instances": [
        {
          "index_key": 0,
          "schema_version": 0,
          "attributes": {
            "arn": "arn:aws:resource-groups:ap-northeast-2:594311320189:group/terraform-aws-network.route-table.kkhdevs-private",
            "description": "Managed by Terraform.",
            "id": "terraform-aws-network.route-table.kkhdevs-private",
            "name": "terraform-aws-network.route-table.kkhdevs-private",
            "resource_query": [
              {
                "query": "{\n  \"ResourceTypeFilters\": [\n    \"AWS::AllSupported\"\n  ],\n  \"TagFilters\": [{\"Key\":\"module.terraform.io/full-name\",\"Values\":[\"terraform-aws-network/route-table\"]},{\"Key\":\"module.terraform.io/instance\",\"Values\":[\"kkhdevs-private\"]},{\"Key\":\"module.terraform.io/name\",\"Values\":[\"route-table\"]},{\"Key\":\"module.terraform.io/package\",\"Values\":[\"terraform-aws-network\"]},{\"Key\":\"module.terraform.io/version\",\"Values\":[\"0.24.0\"]}]\n}\n",
                "type": "TAG_FILTERS_1_0"
              }
            ],
            "tags": {
              "Name": "terraform-aws-network.route-table.kkhdevs-private",
              "Owner": "kkhdevs",
              "Project": "Network",
              "module.terraform.io/full-name": "terraform-aws-network/route-table",
              "module.terraform.io/instance": "kkhdevs-private",
              "module.terraform.io/name": "route-table",
              "module.terraform.io/package": "terraform-aws-network",
              "module.terraform.io/version": "0.24.0"
            },
            "tags_all": {
              "Name": "terraform-aws-network.route-table.kkhdevs-private",
              "Owner": "kkhdevs",
              "Project": "Network",
              "module.terraform.io/full-name": "terraform-aws-network/route-table",
              "module.terraform.io/instance": "kkhdevs-private",
              "module.terraform.io/name": "route-table",
              "module.terraform.io/package": "terraform-aws-network",
              "module.terraform.io/version": "0.24.0"
            }
          },
          "sensitive_attributes": [],
          "private": "bnVsbA=="
        }
      ]
    },
    {
      "module": "module.route_table__private",
      "mode": "managed",
      "type": "aws_route_table",
      "name": "this",
      "provider": "provider[\"registry.terraform.io/hashicorp/aws\"]",
      "instances": [
        {
          "schema_version": 0,
          "attributes": {
            "arn": "arn:aws:ec2:ap-northeast-2:594311320189:route-table/rtb-002d15d22c3d5944a",
            "id": "rtb-002d15d22c3d5944a",
            "owner_id": "594311320189",
            "propagating_vgws": [],
            "route": [],
            "tags": {
              "Name": "kkhdevs-private",
              "Owner": "kkhdevs",
              "Project": "Network",
              "module.terraform.io/full-name": "terraform-aws-network/route-table",
              "module.terraform.io/instance": "kkhdevs-private",
              "module.terraform.io/name": "route-table",
              "module.terraform.io/package": "terraform-aws-network",
              "module.terraform.io/version": "0.24.0"
            },
            "tags_all": {
              "Name": "kkhdevs-private",
              "Owner": "kkhdevs",
              "Project": "Network",
              "module.terraform.io/full-name": "terraform-aws-network/route-table",
              "module.terraform.io/instance": "kkhdevs-private",
              "module.terraform.io/name": "route-table",
              "module.terraform.io/package": "terraform-aws-network",
              "module.terraform.io/version": "0.24.0"
            },
            "timeouts": null,
            "vpc_id": "vpc-08d97d7138f25344d"
          },
          "sensitive_attributes": [],
          "private": "eyJlMmJmYjczMC1lY2FhLTExZTYtOGY4OC0zNDM2M2JjN2M0YzAiOnsiY3JlYXRlIjozMDAwMDAwMDAwMDAsImRlbGV0ZSI6MzAwMDAwMDAwMDAwLCJ1cGRhdGUiOjEyMDAwMDAwMDAwMH19",
          "dependencies": [
            "module.vpc.aws_vpc.this"
          ]
        }
      ]
    },
    {
      "module": "module.route_table__private",
      "mode": "managed",
      "type": "aws_route_table_association",
      "name": "subnets",
      "provider": "provider[\"registry.terraform.io/hashicorp/aws\"]",
      "instances": [
        {
          "index_key": 0,
          "schema_version": 0,
          "attributes": {
            "gateway_id": "",
            "id": "rtbassoc-0a44e4ebf08d33b13",
            "route_table_id": "rtb-002d15d22c3d5944a",
            "subnet_id": "subnet-091f97ea101c79421"
          },
          "sensitive_attributes": [],
          "private": "bnVsbA==",
          "dependencies": [
            "module.route_table__private.aws_route_table.this",
            "module.subnet_group.aws_subnet.this",
            "module.vpc.aws_vpc.this"
          ]
        },
        {
          "index_key": 1,
          "schema_version": 0,
          "attributes": {
            "gateway_id": "",
            "id": "rtbassoc-03fcf36e085ab8ae8",
            "route_table_id": "rtb-002d15d22c3d5944a",
            "subnet_id": "subnet-0d1daf7095cc5f26e"
          },
          "sensitive_attributes": [],
          "private": "bnVsbA==",
          "dependencies": [
            "module.route_table__private.aws_route_table.this",
            "module.subnet_group.aws_subnet.this",
            "module.vpc.aws_vpc.this"
          ]
        }
      ]
    },
    {
      "module": "module.route_table__public",
      "mode": "managed",
      "type": "aws_resourcegroups_group",
      "name": "this",
      "provider": "provider[\"registry.terraform.io/hashicorp/aws\"]",
      "instances": [
        {
          "index_key": 0,
          "schema_version": 0,
          "attributes": {
            "arn": "arn:aws:resource-groups:ap-northeast-2:594311320189:group/terraform-aws-network.route-table.kkhdevs-public",
            "description": "Managed by Terraform.",
            "id": "terraform-aws-network.route-table.kkhdevs-public",
            "name": "terraform-aws-network.route-table.kkhdevs-public",
            "resource_query": [
              {
                "query": "{\n  \"ResourceTypeFilters\": [\n    \"AWS::AllSupported\"\n  ],\n  \"TagFilters\": [{\"Key\":\"module.terraform.io/full-name\",\"Values\":[\"terraform-aws-network/route-table\"]},{\"Key\":\"module.terraform.io/instance\",\"Values\":[\"kkhdevs-public\"]},{\"Key\":\"module.terraform.io/name\",\"Values\":[\"route-table\"]},{\"Key\":\"module.terraform.io/package\",\"Values\":[\"terraform-aws-network\"]},{\"Key\":\"module.terraform.io/version\",\"Values\":[\"0.24.0\"]}]\n}\n",
                "type": "TAG_FILTERS_1_0"
              }
            ],
            "tags": {
              "Name": "terraform-aws-network.route-table.kkhdevs-public",
              "Owner": "kkhdevs",
              "Project": "Network",
              "module.terraform.io/full-name": "terraform-aws-network/route-table",
              "module.terraform.io/instance": "kkhdevs-public",
              "module.terraform.io/name": "route-table",
              "module.terraform.io/package": "terraform-aws-network",
              "module.terraform.io/version": "0.24.0"
            },
            "tags_all": {
              "Name": "terraform-aws-network.route-table.kkhdevs-public",
              "Owner": "kkhdevs",
              "Project": "Network",
              "module.terraform.io/full-name": "terraform-aws-network/route-table",
              "module.terraform.io/instance": "kkhdevs-public",
              "module.terraform.io/name": "route-table",
              "module.terraform.io/package": "terraform-aws-network",
              "module.terraform.io/version": "0.24.0"
            }
          },
          "sensitive_attributes": [],
          "private": "bnVsbA=="
        }
      ]
    },
    {
      "module": "module.route_table__public",
      "mode": "managed",
      "type": "aws_route",
      "name": "ipv4",
      "provider": "provider[\"registry.terraform.io/hashicorp/aws\"]",
      "instances": [
        {
          "index_key": "0.0.0.0/0",
          "schema_version": 0,
          "attributes": {
            "carrier_gateway_id": "",
            "destination_cidr_block": "0.0.0.0/0",
            "destination_ipv6_cidr_block": "",
            "destination_prefix_list_id": "",
            "egress_only_gateway_id": "",
            "gateway_id": "igw-0b137b31711e13fc9",
            "id": "r-rtb-0c8570275145086691080289494",
            "instance_id": "",
            "instance_owner_id": "",
            "local_gateway_id": "",
            "nat_gateway_id": "",
            "network_interface_id": "",
            "origin": "CreateRoute",
            "route_table_id": "rtb-0c857027514508669",
            "state": "active",
            "timeouts": null,
            "transit_gateway_id": "",
            "vpc_endpoint_id": "",
            "vpc_peering_connection_id": ""
          },
          "sensitive_attributes": [],
          "private": "eyJlMmJmYjczMC1lY2FhLTExZTYtOGY4OC0zNDM2M2JjN2M0YzAiOnsiY3JlYXRlIjozMDAwMDAwMDAwMDAsImRlbGV0ZSI6MzAwMDAwMDAwMDAwLCJ1cGRhdGUiOjEyMDAwMDAwMDAwMH19",
          "dependencies": [
            "module.route_table__public.aws_route_table.this",
            "module.vpc.aws_internet_gateway.this",
            "module.vpc.aws_vpc.this"
          ]
        }
      ]
    },
    {
      "module": "module.route_table__public",
      "mode": "managed",
      "type": "aws_route_table",
      "name": "this",
      "provider": "provider[\"registry.terraform.io/hashicorp/aws\"]",
      "instances": [
        {
          "schema_version": 0,
          "attributes": {
            "arn": "arn:aws:ec2:ap-northeast-2:594311320189:route-table/rtb-0c857027514508669",
            "id": "rtb-0c857027514508669",
            "owner_id": "594311320189",
            "propagating_vgws": [],
            "route": [
              {
                "carrier_gateway_id": "",
                "cidr_block": "0.0.0.0/0",
                "destination_prefix_list_id": "",
                "egress_only_gateway_id": "",
                "gateway_id": "igw-0b137b31711e13fc9",
                "instance_id": "",
                "ipv6_cidr_block": "",
                "local_gateway_id": "",
                "nat_gateway_id": "",
                "network_interface_id": "",
                "transit_gateway_id": "",
                "vpc_endpoint_id": "",
                "vpc_peering_connection_id": ""
              }
            ],
            "tags": {
              "Name": "kkhdevs-public",
              "Owner": "kkhdevs",
              "Project": "Network",
              "module.terraform.io/full-name": "terraform-aws-network/route-table",
              "module.terraform.io/instance": "kkhdevs-public",
              "module.terraform.io/name": "route-table",
              "module.terraform.io/package": "terraform-aws-network",
              "module.terraform.io/version": "0.24.0"
            },
            "tags_all": {
              "Name": "kkhdevs-public",
              "Owner": "kkhdevs",
              "Project": "Network",
              "module.terraform.io/full-name": "terraform-aws-network/route-table",
              "module.terraform.io/instance": "kkhdevs-public",
              "module.terraform.io/name": "route-table",
              "module.terraform.io/package": "terraform-aws-network",
              "module.terraform.io/version": "0.24.0"
            },
            "timeouts": null,
            "vpc_id": "vpc-08d97d7138f25344d"
          },
          "sensitive_attributes": [],
          "private": "eyJlMmJmYjczMC1lY2FhLTExZTYtOGY4OC0zNDM2M2JjN2M0YzAiOnsiY3JlYXRlIjozMDAwMDAwMDAwMDAsImRlbGV0ZSI6MzAwMDAwMDAwMDAwLCJ1cGRhdGUiOjEyMDAwMDAwMDAwMH19",
          "dependencies": [
            "module.vpc.aws_vpc.this"
          ]
        }
      ]
    },
    {
      "module": "module.route_table__public",
      "mode": "managed",
      "type": "aws_route_table_association",
      "name": "subnets",
      "provider": "provider[\"registry.terraform.io/hashicorp/aws\"]",
      "instances": [
        {
          "index_key": 0,
          "schema_version": 0,
          "attributes": {
            "gateway_id": "",
            "id": "rtbassoc-0e7ee899be07710ea",
            "route_table_id": "rtb-0c857027514508669",
            "subnet_id": "subnet-05a73763c7b6cc1a6"
          },
          "sensitive_attributes": [],
          "private": "bnVsbA==",
          "dependencies": [
            "module.route_table__public.aws_route_table.this",
            "module.subnet_group.aws_subnet.this",
            "module.vpc.aws_vpc.this"
          ]
        },
        {
          "index_key": 1,
          "schema_version": 0,
          "attributes": {
            "gateway_id": "",
            "id": "rtbassoc-0e422719dab73a3ee",
            "route_table_id": "rtb-0c857027514508669",
            "subnet_id": "subnet-02613634833e85e8c"
          },
          "sensitive_attributes": [],
          "private": "bnVsbA==",
          "dependencies": [
            "module.route_table__public.aws_route_table.this",
            "module.subnet_group.aws_subnet.this",
            "module.vpc.aws_vpc.this"
          ]
        }
      ]
    },
    {
      "module": "module.subnet_group[\"private\"]",
      "mode": "managed",
      "type": "aws_resourcegroups_group",
      "name": "this",
      "provider": "provider[\"registry.terraform.io/hashicorp/aws\"]",
      "instances": [
        {
          "index_key": 0,
          "schema_version": 0,
          "attributes": {
            "arn": "arn:aws:resource-groups:ap-northeast-2:594311320189:group/terraform-aws-network.subnet-group.kkhdevs-private",
            "description": "Managed by Terraform.",
            "id": "terraform-aws-network.subnet-group.kkhdevs-private",
            "name": "terraform-aws-network.subnet-group.kkhdevs-private",
            "resource_query": [
              {
                "query": "{\n  \"ResourceTypeFilters\": [\n    \"AWS::AllSupported\"\n  ],\n  \"TagFilters\": [{\"Key\":\"module.terraform.io/full-name\",\"Values\":[\"terraform-aws-network/subnet-group\"]},{\"Key\":\"module.terraform.io/instance\",\"Values\":[\"kkhdevs-private\"]},{\"Key\":\"module.terraform.io/name\",\"Values\":[\"subnet-group\"]},{\"Key\":\"module.terraform.io/package\",\"Values\":[\"terraform-aws-network\"]},{\"Key\":\"module.terraform.io/version\",\"Values\":[\"0.24.0\"]}]\n}\n",
                "type": "TAG_FILTERS_1_0"
              }
            ],
            "tags": {
              "Name": "terraform-aws-network.subnet-group.kkhdevs-private",
              "Owner": "kkhdevs",
              "Project": "Network",
              "module.terraform.io/full-name": "terraform-aws-network/subnet-group",
              "module.terraform.io/instance": "kkhdevs-private",
              "module.terraform.io/name": "subnet-group",
              "module.terraform.io/package": "terraform-aws-network",
              "module.terraform.io/version": "0.24.0"
            },
            "tags_all": {
              "Name": "terraform-aws-network.subnet-group.kkhdevs-private",
              "Owner": "kkhdevs",
              "Project": "Network",
              "module.terraform.io/full-name": "terraform-aws-network/subnet-group",
              "module.terraform.io/instance": "kkhdevs-private",
              "module.terraform.io/name": "subnet-group",
              "module.terraform.io/package": "terraform-aws-network",
              "module.terraform.io/version": "0.24.0"
            }
          },
          "sensitive_attributes": [],
          "private": "bnVsbA=="
        }
      ]
    },
    {
      "module": "module.subnet_group[\"private\"]",
      "mode": "managed",
      "type": "aws_subnet",
      "name": "this",
      "provider": "provider[\"registry.terraform.io/hashicorp/aws\"]",
      "instances": [
        {
          "index_key": "kkhdevs-private-001/az1",
          "schema_version": 1,
          "attributes": {
            "arn": "arn:aws:ec2:ap-northeast-2:594311320189:subnet/subnet-091f97ea101c79421",
            "assign_ipv6_address_on_creation": false,
            "availability_zone": "ap-northeast-2a",
            "availability_zone_id": "apne2-az1",
            "cidr_block": "10.222.2.0/24",
            "customer_owned_ipv4_pool": "",
            "enable_dns64": false,
            "enable_resource_name_dns_a_record_on_launch": false,
            "enable_resource_name_dns_aaaa_record_on_launch": false,
            "id": "subnet-091f97ea101c79421",
            "ipv6_cidr_block": "",
            "ipv6_cidr_block_association_id": "",
            "ipv6_native": false,
            "map_customer_owned_ip_on_launch": false,
            "map_public_ip_on_launch": false,
            "outpost_arn": "",
            "owner_id": "594311320189",
            "private_dns_hostname_type_on_launch": "ip-name",
            "tags": {
              "Name": "kkhdevs-private-001/az1",
              "Owner": "kkhdevs",
              "Project": "Network",
              "module.terraform.io/full-name": "terraform-aws-network/subnet-group",
              "module.terraform.io/instance": "kkhdevs-private",
              "module.terraform.io/name": "subnet-group",
              "module.terraform.io/package": "terraform-aws-network",
              "module.terraform.io/version": "0.24.0"
            },
            "tags_all": {
              "Name": "kkhdevs-private-001/az1",
              "Owner": "kkhdevs",
              "Project": "Network",
              "module.terraform.io/full-name": "terraform-aws-network/subnet-group",
              "module.terraform.io/instance": "kkhdevs-private",
              "module.terraform.io/name": "subnet-group",
              "module.terraform.io/package": "terraform-aws-network",
              "module.terraform.io/version": "0.24.0"
            },
            "timeouts": null,
            "vpc_id": "vpc-08d97d7138f25344d"
          },
          "sensitive_attributes": [],
          "private": "eyJlMmJmYjczMC1lY2FhLTExZTYtOGY4OC0zNDM2M2JjN2M0YzAiOnsiY3JlYXRlIjo2MDAwMDAwMDAwMDAsImRlbGV0ZSI6MTIwMDAwMDAwMDAwMH0sInNjaGVtYV92ZXJzaW9uIjoiMSJ9",
          "dependencies": [
            "module.vpc.aws_vpc.this"
          ]
        },
        {
          "index_key": "kkhdevs-private-002/az2",
          "schema_version": 1,
          "attributes": {
            "arn": "arn:aws:ec2:ap-northeast-2:594311320189:subnet/subnet-0d1daf7095cc5f26e",
            "assign_ipv6_address_on_creation": false,
            "availability_zone": "ap-northeast-2b",
            "availability_zone_id": "apne2-az2",
            "cidr_block": "10.222.3.0/24",
            "customer_owned_ipv4_pool": "",
            "enable_dns64": false,
            "enable_resource_name_dns_a_record_on_launch": false,
            "enable_resource_name_dns_aaaa_record_on_launch": false,
            "id": "subnet-0d1daf7095cc5f26e",
            "ipv6_cidr_block": "",
            "ipv6_cidr_block_association_id": "",
            "ipv6_native": false,
            "map_customer_owned_ip_on_launch": false,
            "map_public_ip_on_launch": false,
            "outpost_arn": "",
            "owner_id": "594311320189",
            "private_dns_hostname_type_on_launch": "ip-name",
            "tags": {
              "Name": "kkhdevs-private-002/az2",
              "Owner": "kkhdevs",
              "Project": "Network",
              "module.terraform.io/full-name": "terraform-aws-network/subnet-group",
              "module.terraform.io/instance": "kkhdevs-private",
              "module.terraform.io/name": "subnet-group",
              "module.terraform.io/package": "terraform-aws-network",
              "module.terraform.io/version": "0.24.0"
            },
            "tags_all": {
              "Name": "kkhdevs-private-002/az2",
              "Owner": "kkhdevs",
              "Project": "Network",
              "module.terraform.io/full-name": "terraform-aws-network/subnet-group",
              "module.terraform.io/instance": "kkhdevs-private",
              "module.terraform.io/name": "subnet-group",
              "module.terraform.io/package": "terraform-aws-network",
              "module.terraform.io/version": "0.24.0"
            },
            "timeouts": null,
            "vpc_id": "vpc-08d97d7138f25344d"
          },
          "sensitive_attributes": [],
          "private": "eyJlMmJmYjczMC1lY2FhLTExZTYtOGY4OC0zNDM2M2JjN2M0YzAiOnsiY3JlYXRlIjo2MDAwMDAwMDAwMDAsImRlbGV0ZSI6MTIwMDAwMDAwMDAwMH0sInNjaGVtYV92ZXJzaW9uIjoiMSJ9",
          "dependencies": [
            "module.vpc.aws_vpc.this"
          ]
        }
      ]
    },
    {
      "module": "module.subnet_group[\"public\"]",
      "mode": "managed",
      "type": "aws_resourcegroups_group",
      "name": "this",
      "provider": "provider[\"registry.terraform.io/hashicorp/aws\"]",
      "instances": [
        {
          "index_key": 0,
          "schema_version": 0,
          "attributes": {
            "arn": "arn:aws:resource-groups:ap-northeast-2:594311320189:group/terraform-aws-network.subnet-group.kkhdevs-public",
            "description": "Managed by Terraform.",
            "id": "terraform-aws-network.subnet-group.kkhdevs-public",
            "name": "terraform-aws-network.subnet-group.kkhdevs-public",
            "resource_query": [
              {
                "query": "{\n  \"ResourceTypeFilters\": [\n    \"AWS::AllSupported\"\n  ],\n  \"TagFilters\": [{\"Key\":\"module.terraform.io/full-name\",\"Values\":[\"terraform-aws-network/subnet-group\"]},{\"Key\":\"module.terraform.io/instance\",\"Values\":[\"kkhdevs-public\"]},{\"Key\":\"module.terraform.io/name\",\"Values\":[\"subnet-group\"]},{\"Key\":\"module.terraform.io/package\",\"Values\":[\"terraform-aws-network\"]},{\"Key\":\"module.terraform.io/version\",\"Values\":[\"0.24.0\"]}]\n}\n",
                "type": "TAG_FILTERS_1_0"
              }
            ],
            "tags": {
              "Name": "terraform-aws-network.subnet-group.kkhdevs-public",
              "Owner": "kkhdevs",
              "Project": "Network",
              "module.terraform.io/full-name": "terraform-aws-network/subnet-group",
              "module.terraform.io/instance": "kkhdevs-public",
              "module.terraform.io/name": "subnet-group",
              "module.terraform.io/package": "terraform-aws-network",
              "module.terraform.io/version": "0.24.0"
            },
            "tags_all": {
              "Name": "terraform-aws-network.subnet-group.kkhdevs-public",
              "Owner": "kkhdevs",
              "Project": "Network",
              "module.terraform.io/full-name": "terraform-aws-network/subnet-group",
              "module.terraform.io/instance": "kkhdevs-public",
              "module.terraform.io/name": "subnet-group",
              "module.terraform.io/package": "terraform-aws-network",
              "module.terraform.io/version": "0.24.0"
            }
          },
          "sensitive_attributes": [],
          "private": "bnVsbA=="
        }
      ]
    },
    {
      "module": "module.subnet_group[\"public\"]",
      "mode": "managed",
      "type": "aws_subnet",
      "name": "this",
      "provider": "provider[\"registry.terraform.io/hashicorp/aws\"]",
      "instances": [
        {
          "index_key": "kkhdevs-public-001/az1",
          "schema_version": 1,
          "attributes": {
            "arn": "arn:aws:ec2:ap-northeast-2:594311320189:subnet/subnet-05a73763c7b6cc1a6",
            "assign_ipv6_address_on_creation": false,
            "availability_zone": "ap-northeast-2a",
            "availability_zone_id": "apne2-az1",
            "cidr_block": "10.222.0.0/24",
            "customer_owned_ipv4_pool": "",
            "enable_dns64": false,
            "enable_resource_name_dns_a_record_on_launch": false,
            "enable_resource_name_dns_aaaa_record_on_launch": false,
            "id": "subnet-05a73763c7b6cc1a6",
            "ipv6_cidr_block": "",
            "ipv6_cidr_block_association_id": "",
            "ipv6_native": false,
            "map_customer_owned_ip_on_launch": false,
            "map_public_ip_on_launch": true,
            "outpost_arn": "",
            "owner_id": "594311320189",
            "private_dns_hostname_type_on_launch": "ip-name",
            "tags": {
              "Name": "kkhdevs-public-001/az1",
              "Owner": "kkhdevs",
              "Project": "Network",
              "module.terraform.io/full-name": "terraform-aws-network/subnet-group",
              "module.terraform.io/instance": "kkhdevs-public",
              "module.terraform.io/name": "subnet-group",
              "module.terraform.io/package": "terraform-aws-network",
              "module.terraform.io/version": "0.24.0"
            },
            "tags_all": {
              "Name": "kkhdevs-public-001/az1",
              "Owner": "kkhdevs",
              "Project": "Network",
              "module.terraform.io/full-name": "terraform-aws-network/subnet-group",
              "module.terraform.io/instance": "kkhdevs-public",
              "module.terraform.io/name": "subnet-group",
              "module.terraform.io/package": "terraform-aws-network",
              "module.terraform.io/version": "0.24.0"
            },
            "timeouts": null,
            "vpc_id": "vpc-08d97d7138f25344d"
          },
          "sensitive_attributes": [],
          "private": "eyJlMmJmYjczMC1lY2FhLTExZTYtOGY4OC0zNDM2M2JjN2M0YzAiOnsiY3JlYXRlIjo2MDAwMDAwMDAwMDAsImRlbGV0ZSI6MTIwMDAwMDAwMDAwMH0sInNjaGVtYV92ZXJzaW9uIjoiMSJ9",
          "dependencies": [
            "module.vpc.aws_vpc.this"
          ]
        },
        {
          "index_key": "kkhdevs-public-002/az2",
          "schema_version": 1,
          "attributes": {
            "arn": "arn:aws:ec2:ap-northeast-2:594311320189:subnet/subnet-02613634833e85e8c",
            "assign_ipv6_address_on_creation": false,
            "availability_zone": "ap-northeast-2b",
            "availability_zone_id": "apne2-az2",
            "cidr_block": "10.222.1.0/24",
            "customer_owned_ipv4_pool": "",
            "enable_dns64": false,
            "enable_resource_name_dns_a_record_on_launch": false,
            "enable_resource_name_dns_aaaa_record_on_launch": false,
            "id": "subnet-02613634833e85e8c",
            "ipv6_cidr_block": "",
            "ipv6_cidr_block_association_id": "",
            "ipv6_native": false,
            "map_customer_owned_ip_on_launch": false,
            "map_public_ip_on_launch": true,
            "outpost_arn": "",
            "owner_id": "594311320189",
            "private_dns_hostname_type_on_launch": "ip-name",
            "tags": {
              "Name": "kkhdevs-public-002/az2",
              "Owner": "kkhdevs",
              "Project": "Network",
              "module.terraform.io/full-name": "terraform-aws-network/subnet-group",
              "module.terraform.io/instance": "kkhdevs-public",
              "module.terraform.io/name": "subnet-group",
              "module.terraform.io/package": "terraform-aws-network",
              "module.terraform.io/version": "0.24.0"
            },
            "tags_all": {
              "Name": "kkhdevs-public-002/az2",
              "Owner": "kkhdevs",
              "Project": "Network",
              "module.terraform.io/full-name": "terraform-aws-network/subnet-group",
              "module.terraform.io/instance": "kkhdevs-public",
              "module.terraform.io/name": "subnet-group",
              "module.terraform.io/package": "terraform-aws-network",
              "module.terraform.io/version": "0.24.0"
            },
            "timeouts": null,
            "vpc_id": "vpc-08d97d7138f25344d"
          },
          "sensitive_attributes": [],
          "private": "eyJlMmJmYjczMC1lY2FhLTExZTYtOGY4OC0zNDM2M2JjN2M0YzAiOnsiY3JlYXRlIjo2MDAwMDAwMDAwMDAsImRlbGV0ZSI6MTIwMDAwMDAwMDAwMH0sInNjaGVtYV92ZXJzaW9uIjoiMSJ9",
          "dependencies": [
            "module.vpc.aws_vpc.this"
          ]
        }
      ]
    },
    {
      "module": "module.vpc",
      "mode": "data",
      "type": "aws_region",
      "name": "current",
      "provider": "provider[\"registry.terraform.io/hashicorp/aws\"]",
      "instances": [
        {
          "schema_version": 0,
          "attributes": {
            "description": "Asia Pacific (Seoul)",
            "endpoint": "ec2.ap-northeast-2.amazonaws.com",
            "id": "ap-northeast-2",
            "name": "ap-northeast-2"
          },
          "sensitive_attributes": []
        }
      ]
    },
    {
      "module": "module.vpc",
      "mode": "managed",
      "type": "aws_internet_gateway",
      "name": "this",
      "provider": "provider[\"registry.terraform.io/hashicorp/aws\"]",
      "instances": [
        {
          "index_key": 0,
          "schema_version": 0,
          "attributes": {
            "arn": "arn:aws:ec2:ap-northeast-2:594311320189:internet-gateway/igw-0b137b31711e13fc9",
            "id": "igw-0b137b31711e13fc9",
            "owner_id": "594311320189",
            "tags": {
              "Name": "kkhdevs",
              "Owner": "kkhdevs",
              "Project": "Network",
              "module.terraform.io/full-name": "terraform-aws-network/vpc",
              "module.terraform.io/instance": "kkhdevs",
              "module.terraform.io/name": "vpc",
              "module.terraform.io/package": "terraform-aws-network",
              "module.terraform.io/version": "0.24.0"
            },
            "tags_all": {
              "Name": "kkhdevs",
              "Owner": "kkhdevs",
              "Project": "Network",
              "module.terraform.io/full-name": "terraform-aws-network/vpc",
              "module.terraform.io/instance": "kkhdevs",
              "module.terraform.io/name": "vpc",
              "module.terraform.io/package": "terraform-aws-network",
              "module.terraform.io/version": "0.24.0"
            },
            "vpc_id": "vpc-08d97d7138f25344d"
          },
          "sensitive_attributes": [],
          "private": "bnVsbA==",
          "dependencies": [
            "module.vpc.aws_vpc.this"
          ]
        }
      ]
    },
    {
      "module": "module.vpc",
      "mode": "managed",
      "type": "aws_resourcegroups_group",
      "name": "this",
      "provider": "provider[\"registry.terraform.io/hashicorp/aws\"]",
      "instances": [
        {
          "index_key": 0,
          "schema_version": 0,
          "attributes": {
            "arn": "arn:aws:resource-groups:ap-northeast-2:594311320189:group/terraform-aws-network.vpc.kkhdevs",
            "description": "Managed by Terraform.",
            "id": "terraform-aws-network.vpc.kkhdevs",
            "name": "terraform-aws-network.vpc.kkhdevs",
            "resource_query": [
              {
                "query": "{\n  \"ResourceTypeFilters\": [\n    \"AWS::AllSupported\"\n  ],\n  \"TagFilters\": [{\"Key\":\"module.terraform.io/full-name\",\"Values\":[\"terraform-aws-network/vpc\"]},{\"Key\":\"module.terraform.io/instance\",\"Values\":[\"kkhdevs\"]},{\"Key\":\"module.terraform.io/name\",\"Values\":[\"vpc\"]},{\"Key\":\"module.terraform.io/package\",\"Values\":[\"terraform-aws-network\"]},{\"Key\":\"module.terraform.io/version\",\"Values\":[\"0.24.0\"]}]\n}\n",
                "type": "TAG_FILTERS_1_0"
              }
            ],
            "tags": {
              "Name": "terraform-aws-network.vpc.kkhdevs",
              "Owner": "kkhdevs",
              "Project": "Network",
              "module.terraform.io/full-name": "terraform-aws-network/vpc",
              "module.terraform.io/instance": "kkhdevs",
              "module.terraform.io/name": "vpc",
              "module.terraform.io/package": "terraform-aws-network",
              "module.terraform.io/version": "0.24.0"
            },
            "tags_all": {
              "Name": "terraform-aws-network.vpc.kkhdevs",
              "Owner": "kkhdevs",
              "Project": "Network",
              "module.terraform.io/full-name": "terraform-aws-network/vpc",
              "module.terraform.io/instance": "kkhdevs",
              "module.terraform.io/name": "vpc",
              "module.terraform.io/package": "terraform-aws-network",
              "module.terraform.io/version": "0.24.0"
            }
          },
          "sensitive_attributes": [],
          "private": "bnVsbA=="
        }
      ]
    },
    {
      "module": "module.vpc",
      "mode": "managed",
      "type": "aws_vpc",
      "name": "this",
      "provider": "provider[\"registry.terraform.io/hashicorp/aws\"]",
      "instances": [
        {
          "schema_version": 1,
          "attributes": {
            "arn": "arn:aws:ec2:ap-northeast-2:594311320189:vpc/vpc-08d97d7138f25344d",
            "assign_generated_ipv6_cidr_block": false,
            "cidr_block": "10.222.0.0/16",
            "default_network_acl_id": "acl-01d7490dbd59aa7ba",
            "default_route_table_id": "rtb-0c3ca14637666d14c",
            "default_security_group_id": "sg-0654e297e8f6c6b8b",
            "dhcp_options_id": "dopt-04d009bd2da6a28f8",
            "enable_classiclink": false,
            "enable_classiclink_dns_support": false,
            "enable_dns_hostnames": true,
            "enable_dns_support": true,
            "id": "vpc-08d97d7138f25344d",
            "instance_tenancy": "default",
            "ipv4_ipam_pool_id": null,
            "ipv4_netmask_length": null,
            "ipv6_association_id": "",
            "ipv6_cidr_block": "",
            "ipv6_cidr_block_network_border_group": "",
            "ipv6_ipam_pool_id": "",
            "ipv6_netmask_length": 0,
            "main_route_table_id": "rtb-0c3ca14637666d14c",
            "owner_id": "594311320189",
            "tags": {
              "Name": "kkhdevs",
              "Owner": "kkhdevs",
              "Project": "Network",
              "module.terraform.io/full-name": "terraform-aws-network/vpc",
              "module.terraform.io/instance": "kkhdevs",
              "module.terraform.io/name": "vpc",
              "module.terraform.io/package": "terraform-aws-network",
              "module.terraform.io/version": "0.24.0"
            },
            "tags_all": {
              "Name": "kkhdevs",
              "Owner": "kkhdevs",
              "Project": "Network",
              "module.terraform.io/full-name": "terraform-aws-network/vpc",
              "module.terraform.io/instance": "kkhdevs",
              "module.terraform.io/name": "vpc",
              "module.terraform.io/package": "terraform-aws-network",
              "module.terraform.io/version": "0.24.0"
            }
          },
          "sensitive_attributes": [],
          "private": "eyJzY2hlbWFfdmVyc2lvbiI6IjEifQ=="
        }
      ]
    }
  ]
}
